
Microsoft Visual Studio Solution File, Format Version 11.00
# Visual Studio 2010
Project("{FAE04EC0-301F-11D3-BF4B-00C04F79EFBC}") = "FreemiumUtilities.Infrastructure", "FreemiumUtilities.Infrastructure\FreemiumUtilities.Infrastructure.csproj", "{A98D8752-DCD1-4EDF-B0B5-3E90351050AF}"
EndProject
Project("{FAE04EC0-301F-11D3-BF4B-00C04F79EFBC}") = "FreemiumUtilities.StartupManager", "FreemiumUtilities.StartupManager\FreemiumUtilities.StartupManager.csproj", "{375A58EF-E2A8-41A1-94DD-4FE644219FD1}"
EndProject
Project("{FAE04EC0-301F-11D3-BF4B-00C04F79EFBC}") = "FreemiumUtilities.TempCleaner", "FreemiumUtilities.TempCleaner\FreemiumUtilities.TempCleaner.csproj", "{E4885A39-64CE-4952-AFD5-0C72240AB27C}"
EndProject
Project("{FAE04EC0-301F-11D3-BF4B-00C04F79EFBC}") = "FreemiumUtilities.RegCleaner", "FreemiumUtilities.RegCleaner\FreemiumUtilities.RegCleaner.csproj", "{5CAA16A7-B9D5-41D1-AD1F-4DA4704176A2}"
EndProject
Project("{FAE04EC0-301F-11D3-BF4B-00C04F79EFBC}") = "Knots.CleanUp.DiskCleaner", "Knots\Clean Up And Manage\Disk Cleaner\Knots.CleanUp.DiskCleaner.csproj", "{C0E8BAA1-FD36-493A-AB3B-6C4C42A2E066}"
EndProject
Project("{FAE04EC0-301F-11D3-BF4B-00C04F79EFBC}") = "Knots.Performance.StartupManager", "Knots\Improve Performance\Startup Manager\Knots.Performance.StartupManager.csproj", "{D70269D0-DC20-43D5-86D1-A87894523337}"
EndProject
Project("{FAE04EC0-301F-11D3-BF4B-00C04F79EFBC}") = "Knots.Performance.RegistryCleaner", "Knots\Improve Performance\Registry Cleaner\Knots.Performance.RegistryCleaner.csproj", "{E9C048F5-8E21-4721-9B55-E6FF332B6C51}"
EndProject
Project("{FAE04EC0-301F-11D3-BF4B-00C04F79EFBC}") = "FreemiumUtil", "FreemiumUtil\FreemiumUtil.csproj", "{BAE70997-B37E-4FC6-A605-17967A89B7F9}"
EndProject
Project("{FAE04EC0-301F-11D3-BF4B-00C04F79EFBC}") = "Knots.Performance.RegistryCompactor", "Knots\Improve Performance\Registry Compactor\Knots.Performance.RegistryCompactor.csproj", "{3292A9F4-72EE-4BA9-B1B5-81F5928EE327}"
EndProject
Project("{FAE04EC0-301F-11D3-BF4B-00C04F79EFBC}") = "Knots.Performance.RegistryCleanerCore", "Knots\Improve Performance\Registry Cleaner Core\Knots.Performance.RegistryCleanerCore.csproj", "{FF431EF5-47E4-43A2-B7A9-FF0939C688E5}"
EndProject
Project("{FAE04EC0-301F-11D3-BF4B-00C04F79EFBC}") = "FreeGamingBooster", "FreeGamingBooster\FreeGamingBooster.csproj", "{0D9542F5-0E0D-4F7E-BB6C-6803DAC2D838}"
EndProject
Project("{FAE04EC0-301F-11D3-BF4B-00C04F79EFBC}") = "Knots.SystemInformation", "Knots\System Information\Knots.SystemInformation.csproj", "{D21BFE21-20EB-48B8-BA66-9B7F639DFF95}"
EndProject
Project("{FAE04EC0-301F-11D3-BF4B-00C04F79EFBC}") = "Knots.Performance.ProcessManager", "Knots\Improve Performance\Process Manager\Knots.Performance.ProcessManager.csproj", "{8C4BCD19-B00A-4C79-84F5-E474E7204FB7}"
EndProject
Project("{FAE04EC0-301F-11D3-BF4B-00C04F79EFBC}") = "Knots.Performance.WindowsStandardTools", "Knots\Improve Performance\Windows Standard Tools\Knots.Performance.WindowsStandardTools.csproj", "{DD71F98A-B510-4A5E-A77A-377CB0DE840F}"
EndProject
Project("{FAE04EC0-301F-11D3-BF4B-00C04F79EFBC}") = "Knots.Performance.MemoryOptimizer", "Knots\Improve Performance\Memory Optimizer\Knots.Performance.MemoryOptimizer.csproj", "{DCCEEBA8-B0DE-4401-A8EC-54178C505B68}"
EndProject
Project("{FAE04EC0-301F-11D3-BF4B-00C04F79EFBC}") = "1ClickMessageSender", "1ClickMessageSender\1ClickMessageSender.csproj", "{0E5F0D45-A3AE-4732-AB75-93DE36A9C4C7}"
EndProject
Global
	GlobalSection(SolutionConfigurationPlatforms) = preSolution
		Debug|Any CPU = Debug|Any CPU
		Debug|Mixed Platforms = Debug|Mixed Platforms
		Debug|x64 = Debug|x64
		Debug|x86 = Debug|x86
		GamingBoosterDebug|Any CPU = GamingBoosterDebug|Any CPU
		GamingBoosterDebug|Mixed Platforms = GamingBoosterDebug|Mixed Platforms
		GamingBoosterDebug|x64 = GamingBoosterDebug|x64
		GamingBoosterDebug|x86 = GamingBoosterDebug|x86
		GamingBoosterRelease|Any CPU = GamingBoosterRelease|Any CPU
		GamingBoosterRelease|Mixed Platforms = GamingBoosterRelease|Mixed Platforms
		GamingBoosterRelease|x64 = GamingBoosterRelease|x64
		GamingBoosterRelease|x86 = GamingBoosterRelease|x86
		PCCleanerDebug|Any CPU = PCCleanerDebug|Any CPU
		PCCleanerDebug|Mixed Platforms = PCCleanerDebug|Mixed Platforms
		PCCleanerDebug|x64 = PCCleanerDebug|x64
		PCCleanerDebug|x86 = PCCleanerDebug|x86
		PCCleanerRelease|Any CPU = PCCleanerRelease|Any CPU
		PCCleanerRelease|Mixed Platforms = PCCleanerRelease|Mixed Platforms
		PCCleanerRelease|x64 = PCCleanerRelease|x64
		PCCleanerRelease|x86 = PCCleanerRelease|x86
		Release|Any CPU = Release|Any CPU
		Release|Mixed Platforms = Release|Mixed Platforms
		Release|x64 = Release|x64
		Release|x86 = Release|x86
	EndGlobalSection
	GlobalSection(ProjectConfigurationPlatforms) = postSolution
		{A98D8752-DCD1-4EDF-B0B5-3E90351050AF}.Debug|Any CPU.ActiveCfg = Debug|Any CPU
		{A98D8752-DCD1-4EDF-B0B5-3E90351050AF}.Debug|Any CPU.Build.0 = Debug|Any CPU
		{A98D8752-DCD1-4EDF-B0B5-3E90351050AF}.Debug|Mixed Platforms.ActiveCfg = Debug|Any CPU
		{A98D8752-DCD1-4EDF-B0B5-3E90351050AF}.Debug|Mixed Platforms.Build.0 = Debug|Any CPU
		{A98D8752-DCD1-4EDF-B0B5-3E90351050AF}.Debug|x64.ActiveCfg = Debug|Any CPU
		{A98D8752-DCD1-4EDF-B0B5-3E90351050AF}.Debug|x86.ActiveCfg = Debug|Any CPU
		{A98D8752-DCD1-4EDF-B0B5-3E90351050AF}.GamingBoosterDebug|Any CPU.ActiveCfg = GamingBoosterDebug|Any CPU
		{A98D8752-DCD1-4EDF-B0B5-3E90351050AF}.GamingBoosterDebug|Any CPU.Build.0 = GamingBoosterDebug|Any CPU
		{A98D8752-DCD1-4EDF-B0B5-3E90351050AF}.GamingBoosterDebug|Mixed Platforms.ActiveCfg = GamingBoosterDebug|Any CPU
		{A98D8752-DCD1-4EDF-B0B5-3E90351050AF}.GamingBoosterDebug|Mixed Platforms.Build.0 = GamingBoosterDebug|Any CPU
		{A98D8752-DCD1-4EDF-B0B5-3E90351050AF}.GamingBoosterDebug|x64.ActiveCfg = GamingBoosterDebug|Any CPU
		{A98D8752-DCD1-4EDF-B0B5-3E90351050AF}.GamingBoosterDebug|x86.ActiveCfg = GamingBoosterDebug|Any CPU
		{A98D8752-DCD1-4EDF-B0B5-3E90351050AF}.GamingBoosterRelease|Any CPU.ActiveCfg = GamingBoosterRelease|Any CPU
		{A98D8752-DCD1-4EDF-B0B5-3E90351050AF}.GamingBoosterRelease|Any CPU.Build.0 = GamingBoosterRelease|Any CPU
		{A98D8752-DCD1-4EDF-B0B5-3E90351050AF}.GamingBoosterRelease|Mixed Platforms.ActiveCfg = GamingBoosterRelease|Any CPU
		{A98D8752-DCD1-4EDF-B0B5-3E90351050AF}.GamingBoosterRelease|Mixed Platforms.Build.0 = GamingBoosterRelease|Any CPU
		{A98D8752-DCD1-4EDF-B0B5-3E90351050AF}.GamingBoosterRelease|x64.ActiveCfg = GamingBoosterRelease|Any CPU
		{A98D8752-DCD1-4EDF-B0B5-3E90351050AF}.GamingBoosterRelease|x86.ActiveCfg = GamingBoosterRelease|Any CPU
		{A98D8752-DCD1-4EDF-B0B5-3E90351050AF}.PCCleanerDebug|Any CPU.ActiveCfg = PCCleanerDebug|Any CPU
		{A98D8752-DCD1-4EDF-B0B5-3E90351050AF}.PCCleanerDebug|Any CPU.Build.0 = PCCleanerDebug|Any CPU
		{A98D8752-DCD1-4EDF-B0B5-3E90351050AF}.PCCleanerDebug|Mixed Platforms.ActiveCfg = PCCleanerDebug|Any CPU
		{A98D8752-DCD1-4EDF-B0B5-3E90351050AF}.PCCleanerDebug|Mixed Platforms.Build.0 = PCCleanerDebug|Any CPU
		{A98D8752-DCD1-4EDF-B0B5-3E90351050AF}.PCCleanerDebug|x64.ActiveCfg = PCCleanerDebug|Any CPU
		{A98D8752-DCD1-4EDF-B0B5-3E90351050AF}.PCCleanerDebug|x86.ActiveCfg = PCCleanerDebug|Any CPU
		{A98D8752-DCD1-4EDF-B0B5-3E90351050AF}.PCCleanerRelease|Any CPU.ActiveCfg = PCCleanerRelease|Any CPU
		{A98D8752-DCD1-4EDF-B0B5-3E90351050AF}.PCCleanerRelease|Any CPU.Build.0 = PCCleanerRelease|Any CPU
		{A98D8752-DCD1-4EDF-B0B5-3E90351050AF}.PCCleanerRelease|Mixed Platforms.ActiveCfg = PCCleanerRelease|Any CPU
		{A98D8752-DCD1-4EDF-B0B5-3E90351050AF}.PCCleanerRelease|Mixed Platforms.Build.0 = PCCleanerRelease|Any CPU
		{A98D8752-DCD1-4EDF-B0B5-3E90351050AF}.PCCleanerRelease|x64.ActiveCfg = PCCleanerRelease|Any CPU
		{A98D8752-DCD1-4EDF-B0B5-3E90351050AF}.PCCleanerRelease|x86.ActiveCfg = PCCleanerRelease|Any CPU
		{A98D8752-DCD1-4EDF-B0B5-3E90351050AF}.Release|Any CPU.ActiveCfg = Release|Any CPU
		{A98D8752-DCD1-4EDF-B0B5-3E90351050AF}.Release|Any CPU.Build.0 = Release|Any CPU
		{A98D8752-DCD1-4EDF-B0B5-3E90351050AF}.Release|Mixed Platforms.ActiveCfg = Release|Any CPU
		{A98D8752-DCD1-4EDF-B0B5-3E90351050AF}.Release|Mixed Platforms.Build.0 = Release|Any CPU
		{A98D8752-DCD1-4EDF-B0B5-3E90351050AF}.Release|x64.ActiveCfg = Release|Any CPU
		{A98D8752-DCD1-4EDF-B0B5-3E90351050AF}.Release|x86.ActiveCfg = Release|Any CPU
		{375A58EF-E2A8-41A1-94DD-4FE644219FD1}.Debug|Any CPU.ActiveCfg = Debug|Any CPU
		{375A58EF-E2A8-41A1-94DD-4FE644219FD1}.Debug|Any CPU.Build.0 = Debug|Any CPU
		{375A58EF-E2A8-41A1-94DD-4FE644219FD1}.Debug|Mixed Platforms.ActiveCfg = Debug|Any CPU
		{375A58EF-E2A8-41A1-94DD-4FE644219FD1}.Debug|Mixed Platforms.Build.0 = Debug|Any CPU
		{375A58EF-E2A8-41A1-94DD-4FE644219FD1}.Debug|x64.ActiveCfg = Debug|Any CPU
		{375A58EF-E2A8-41A1-94DD-4FE644219FD1}.Debug|x86.ActiveCfg = Debug|Any CPU
		{375A58EF-E2A8-41A1-94DD-4FE644219FD1}.GamingBoosterDebug|Any CPU.ActiveCfg = GamingBoosterDebug|Any CPU
		{375A58EF-E2A8-41A1-94DD-4FE644219FD1}.GamingBoosterDebug|Any CPU.Build.0 = GamingBoosterDebug|Any CPU
		{375A58EF-E2A8-41A1-94DD-4FE644219FD1}.GamingBoosterDebug|Mixed Platforms.ActiveCfg = GamingBoosterDebug|Any CPU
		{375A58EF-E2A8-41A1-94DD-4FE644219FD1}.GamingBoosterDebug|Mixed Platforms.Build.0 = GamingBoosterDebug|Any CPU
		{375A58EF-E2A8-41A1-94DD-4FE644219FD1}.GamingBoosterDebug|x64.ActiveCfg = GamingBoosterDebug|Any CPU
		{375A58EF-E2A8-41A1-94DD-4FE644219FD1}.GamingBoosterDebug|x86.ActiveCfg = GamingBoosterDebug|Any CPU
		{375A58EF-E2A8-41A1-94DD-4FE644219FD1}.GamingBoosterRelease|Any CPU.ActiveCfg = GamingBoosterRelease|Any CPU
		{375A58EF-E2A8-41A1-94DD-4FE644219FD1}.GamingBoosterRelease|Any CPU.Build.0 = GamingBoosterRelease|Any CPU
		{375A58EF-E2A8-41A1-94DD-4FE644219FD1}.GamingBoosterRelease|Mixed Platforms.ActiveCfg = GamingBoosterRelease|Any CPU
		{375A58EF-E2A8-41A1-94DD-4FE644219FD1}.GamingBoosterRelease|Mixed Platforms.Build.0 = GamingBoosterRelease|Any CPU
		{375A58EF-E2A8-41A1-94DD-4FE644219FD1}.GamingBoosterRelease|x64.ActiveCfg = GamingBoosterRelease|Any CPU
		{375A58EF-E2A8-41A1-94DD-4FE644219FD1}.GamingBoosterRelease|x86.ActiveCfg = GamingBoosterRelease|Any CPU
		{375A58EF-E2A8-41A1-94DD-4FE644219FD1}.PCCleanerDebug|Any CPU.ActiveCfg = PCCleanerDebug|Any CPU
		{375A58EF-E2A8-41A1-94DD-4FE644219FD1}.PCCleanerDebug|Any CPU.Build.0 = PCCleanerDebug|Any CPU
		{375A58EF-E2A8-41A1-94DD-4FE644219FD1}.PCCleanerDebug|Mixed Platforms.ActiveCfg = PCCleanerDebug|Any CPU
		{375A58EF-E2A8-41A1-94DD-4FE644219FD1}.PCCleanerDebug|Mixed Platforms.Build.0 = PCCleanerDebug|Any CPU
		{375A58EF-E2A8-41A1-94DD-4FE644219FD1}.PCCleanerDebug|x64.ActiveCfg = PCCleanerDebug|Any CPU
		{375A58EF-E2A8-41A1-94DD-4FE644219FD1}.PCCleanerDebug|x86.ActiveCfg = PCCleanerDebug|Any CPU
		{375A58EF-E2A8-41A1-94DD-4FE644219FD1}.PCCleanerRelease|Any CPU.ActiveCfg = PCCleanerRelease|Any CPU
		{375A58EF-E2A8-41A1-94DD-4FE644219FD1}.PCCleanerRelease|Any CPU.Build.0 = PCCleanerRelease|Any CPU
		{375A58EF-E2A8-41A1-94DD-4FE644219FD1}.PCCleanerRelease|Mixed Platforms.ActiveCfg = PCCleanerRelease|Any CPU
		{375A58EF-E2A8-41A1-94DD-4FE644219FD1}.PCCleanerRelease|Mixed Platforms.Build.0 = PCCleanerRelease|Any CPU
		{375A58EF-E2A8-41A1-94DD-4FE644219FD1}.PCCleanerRelease|x64.ActiveCfg = PCCleanerRelease|Any CPU
		{375A58EF-E2A8-41A1-94DD-4FE644219FD1}.PCCleanerRelease|x86.ActiveCfg = PCCleanerRelease|Any CPU
		{375A58EF-E2A8-41A1-94DD-4FE644219FD1}.Release|Any CPU.ActiveCfg = Release|Any CPU
		{375A58EF-E2A8-41A1-94DD-4FE644219FD1}.Release|Any CPU.Build.0 = Release|Any CPU
		{375A58EF-E2A8-41A1-94DD-4FE644219FD1}.Release|Mixed Platforms.ActiveCfg = Release|Any CPU
		{375A58EF-E2A8-41A1-94DD-4FE644219FD1}.Release|Mixed Platforms.Build.0 = Release|Any CPU
		{375A58EF-E2A8-41A1-94DD-4FE644219FD1}.Release|x64.ActiveCfg = Release|Any CPU
		{375A58EF-E2A8-41A1-94DD-4FE644219FD1}.Release|x86.ActiveCfg = Release|Any CPU
		{E4885A39-64CE-4952-AFD5-0C72240AB27C}.Debug|Any CPU.ActiveCfg = Debug|Any CPU
		{E4885A39-64CE-4952-AFD5-0C72240AB27C}.Debug|Any CPU.Build.0 = Debug|Any CPU
		{E4885A39-64CE-4952-AFD5-0C72240AB27C}.Debug|Mixed Platforms.ActiveCfg = Debug|Any CPU
		{E4885A39-64CE-4952-AFD5-0C72240AB27C}.Debug|Mixed Platforms.Build.0 = Debug|Any CPU
		{E4885A39-64CE-4952-AFD5-0C72240AB27C}.Debug|x64.ActiveCfg = Debug|Any CPU
		{E4885A39-64CE-4952-AFD5-0C72240AB27C}.Debug|x86.ActiveCfg = Debug|Any CPU
		{E4885A39-64CE-4952-AFD5-0C72240AB27C}.GamingBoosterDebug|Any CPU.ActiveCfg = GamingBoosterDebug|Any CPU
		{E4885A39-64CE-4952-AFD5-0C72240AB27C}.GamingBoosterDebug|Any CPU.Build.0 = GamingBoosterDebug|Any CPU
		{E4885A39-64CE-4952-AFD5-0C72240AB27C}.GamingBoosterDebug|Mixed Platforms.ActiveCfg = GamingBoosterDebug|Any CPU
		{E4885A39-64CE-4952-AFD5-0C72240AB27C}.GamingBoosterDebug|Mixed Platforms.Build.0 = GamingBoosterDebug|Any CPU
		{E4885A39-64CE-4952-AFD5-0C72240AB27C}.GamingBoosterDebug|x64.ActiveCfg = GamingBoosterDebug|Any CPU
		{E4885A39-64CE-4952-AFD5-0C72240AB27C}.GamingBoosterDebug|x86.ActiveCfg = GamingBoosterDebug|Any CPU
		{E4885A39-64CE-4952-AFD5-0C72240AB27C}.GamingBoosterRelease|Any CPU.ActiveCfg = GamingBoosterRelease|Any CPU
		{E4885A39-64CE-4952-AFD5-0C72240AB27C}.GamingBoosterRelease|Any CPU.Build.0 = GamingBoosterRelease|Any CPU
		{E4885A39-64CE-4952-AFD5-0C72240AB27C}.GamingBoosterRelease|Mixed Platforms.ActiveCfg = GamingBoosterRelease|Any CPU
		{E4885A39-64CE-4952-AFD5-0C72240AB27C}.GamingBoosterRelease|Mixed Platforms.Build.0 = GamingBoosterRelease|Any CPU
		{E4885A39-64CE-4952-AFD5-0C72240AB27C}.GamingBoosterRelease|x64.ActiveCfg = GamingBoosterRelease|Any CPU
		{E4885A39-64CE-4952-AFD5-0C72240AB27C}.GamingBoosterRelease|x86.ActiveCfg = GamingBoosterRelease|Any CPU
		{E4885A39-64CE-4952-AFD5-0C72240AB27C}.PCCleanerDebug|Any CPU.ActiveCfg = PCCleanerDebug|Any CPU
		{E4885A39-64CE-4952-AFD5-0C72240AB27C}.PCCleanerDebug|Any CPU.Build.0 = PCCleanerDebug|Any CPU
		{E4885A39-64CE-4952-AFD5-0C72240AB27C}.PCCleanerDebug|Mixed Platforms.ActiveCfg = PCCleanerDebug|Any CPU
		{E4885A39-64CE-4952-AFD5-0C72240AB27C}.PCCleanerDebug|Mixed Platforms.Build.0 = PCCleanerDebug|Any CPU
		{E4885A39-64CE-4952-AFD5-0C72240AB27C}.PCCleanerDebug|x64.ActiveCfg = PCCleanerDebug|Any CPU
		{E4885A39-64CE-4952-AFD5-0C72240AB27C}.PCCleanerDebug|x86.ActiveCfg = PCCleanerDebug|Any CPU
		{E4885A39-64CE-4952-AFD5-0C72240AB27C}.PCCleanerRelease|Any CPU.ActiveCfg = PCCleanerRelease|Any CPU
		{E4885A39-64CE-4952-AFD5-0C72240AB27C}.PCCleanerRelease|Any CPU.Build.0 = PCCleanerRelease|Any CPU
		{E4885A39-64CE-4952-AFD5-0C72240AB27C}.PCCleanerRelease|Mixed Platforms.ActiveCfg = PCCleanerRelease|Any CPU
		{E4885A39-64CE-4952-AFD5-0C72240AB27C}.PCCleanerRelease|Mixed Platforms.Build.0 = PCCleanerRelease|Any CPU
		{E4885A39-64CE-4952-AFD5-0C72240AB27C}.PCCleanerRelease|x64.ActiveCfg = PCCleanerRelease|Any CPU
		{E4885A39-64CE-4952-AFD5-0C72240AB27C}.PCCleanerRelease|x86.ActiveCfg = PCCleanerRelease|Any CPU
		{E4885A39-64CE-4952-AFD5-0C72240AB27C}.Release|Any CPU.ActiveCfg = Release|Any CPU
		{E4885A39-64CE-4952-AFD5-0C72240AB27C}.Release|Any CPU.Build.0 = Release|Any CPU
		{E4885A39-64CE-4952-AFD5-0C72240AB27C}.Release|Mixed Platforms.ActiveCfg = Release|Any CPU
		{E4885A39-64CE-4952-AFD5-0C72240AB27C}.Release|Mixed Platforms.Build.0 = Release|Any CPU
		{E4885A39-64CE-4952-AFD5-0C72240AB27C}.Release|x64.ActiveCfg = Release|Any CPU
		{E4885A39-64CE-4952-AFD5-0C72240AB27C}.Release|x86.ActiveCfg = Release|Any CPU
		{5CAA16A7-B9D5-41D1-AD1F-4DA4704176A2}.Debug|Any CPU.ActiveCfg = Debug|Any CPU
		{5CAA16A7-B9D5-41D1-AD1F-4DA4704176A2}.Debug|Any CPU.Build.0 = Debug|Any CPU
		{5CAA16A7-B9D5-41D1-AD1F-4DA4704176A2}.Debug|Mixed Platforms.ActiveCfg = Debug|Any CPU
		{5CAA16A7-B9D5-41D1-AD1F-4DA4704176A2}.Debug|Mixed Platforms.Build.0 = Debug|Any CPU
		{5CAA16A7-B9D5-41D1-AD1F-4DA4704176A2}.Debug|x64.ActiveCfg = Debug|Any CPU
		{5CAA16A7-B9D5-41D1-AD1F-4DA4704176A2}.Debug|x86.ActiveCfg = Debug|Any CPU
		{5CAA16A7-B9D5-41D1-AD1F-4DA4704176A2}.GamingBoosterDebug|Any CPU.ActiveCfg = GamingBoosterDebug|Any CPU
		{5CAA16A7-B9D5-41D1-AD1F-4DA4704176A2}.GamingBoosterDebug|Any CPU.Build.0 = GamingBoosterDebug|Any CPU
		{5CAA16A7-B9D5-41D1-AD1F-4DA4704176A2}.GamingBoosterDebug|Mixed Platforms.ActiveCfg = GamingBoosterDebug|Any CPU
		{5CAA16A7-B9D5-41D1-AD1F-4DA4704176A2}.GamingBoosterDebug|Mixed Platforms.Build.0 = GamingBoosterDebug|Any CPU
		{5CAA16A7-B9D5-41D1-AD1F-4DA4704176A2}.GamingBoosterDebug|x64.ActiveCfg = GamingBoosterDebug|Any CPU
		{5CAA16A7-B9D5-41D1-AD1F-4DA4704176A2}.GamingBoosterDebug|x86.ActiveCfg = GamingBoosterDebug|Any CPU
		{5CAA16A7-B9D5-41D1-AD1F-4DA4704176A2}.GamingBoosterRelease|Any CPU.ActiveCfg = GamingBoosterRelease|Any CPU
		{5CAA16A7-B9D5-41D1-AD1F-4DA4704176A2}.GamingBoosterRelease|Any CPU.Build.0 = GamingBoosterRelease|Any CPU
		{5CAA16A7-B9D5-41D1-AD1F-4DA4704176A2}.GamingBoosterRelease|Mixed Platforms.ActiveCfg = GamingBoosterRelease|Any CPU
		{5CAA16A7-B9D5-41D1-AD1F-4DA4704176A2}.GamingBoosterRelease|Mixed Platforms.Build.0 = GamingBoosterRelease|Any CPU
		{5CAA16A7-B9D5-41D1-AD1F-4DA4704176A2}.GamingBoosterRelease|x64.ActiveCfg = GamingBoosterRelease|Any CPU
		{5CAA16A7-B9D5-41D1-AD1F-4DA4704176A2}.GamingBoosterRelease|x86.ActiveCfg = GamingBoosterRelease|Any CPU
		{5CAA16A7-B9D5-41D1-AD1F-4DA4704176A2}.PCCleanerDebug|Any CPU.ActiveCfg = PCCleanerDebug|Any CPU
		{5CAA16A7-B9D5-41D1-AD1F-4DA4704176A2}.PCCleanerDebug|Any CPU.Build.0 = PCCleanerDebug|Any CPU
		{5CAA16A7-B9D5-41D1-AD1F-4DA4704176A2}.PCCleanerDebug|Mixed Platforms.ActiveCfg = PCCleanerDebug|Any CPU
		{5CAA16A7-B9D5-41D1-AD1F-4DA4704176A2}.PCCleanerDebug|Mixed Platforms.Build.0 = PCCleanerDebug|Any CPU
		{5CAA16A7-B9D5-41D1-AD1F-4DA4704176A2}.PCCleanerDebug|x64.ActiveCfg = PCCleanerDebug|Any CPU
		{5CAA16A7-B9D5-41D1-AD1F-4DA4704176A2}.PCCleanerDebug|x86.ActiveCfg = PCCleanerDebug|Any CPU
		{5CAA16A7-B9D5-41D1-AD1F-4DA4704176A2}.PCCleanerRelease|Any CPU.ActiveCfg = PCCleanerRelease|Any CPU
		{5CAA16A7-B9D5-41D1-AD1F-4DA4704176A2}.PCCleanerRelease|Any CPU.Build.0 = PCCleanerRelease|Any CPU
		{5CAA16A7-B9D5-41D1-AD1F-4DA4704176A2}.PCCleanerRelease|Mixed Platforms.ActiveCfg = PCCleanerRelease|Any CPU
		{5CAA16A7-B9D5-41D1-AD1F-4DA4704176A2}.PCCleanerRelease|Mixed Platforms.Build.0 = PCCleanerRelease|Any CPU
		{5CAA16A7-B9D5-41D1-AD1F-4DA4704176A2}.PCCleanerRelease|x64.ActiveCfg = PCCleanerRelease|Any CPU
		{5CAA16A7-B9D5-41D1-AD1F-4DA4704176A2}.PCCleanerRelease|x86.ActiveCfg = PCCleanerRelease|Any CPU
		{5CAA16A7-B9D5-41D1-AD1F-4DA4704176A2}.Release|Any CPU.ActiveCfg = Release|Any CPU
		{5CAA16A7-B9D5-41D1-AD1F-4DA4704176A2}.Release|Any CPU.Build.0 = Release|Any CPU
		{5CAA16A7-B9D5-41D1-AD1F-4DA4704176A2}.Release|Mixed Platforms.ActiveCfg = Release|Any CPU
		{5CAA16A7-B9D5-41D1-AD1F-4DA4704176A2}.Release|Mixed Platforms.Build.0 = Release|Any CPU
		{5CAA16A7-B9D5-41D1-AD1F-4DA4704176A2}.Release|x64.ActiveCfg = Release|Any CPU
		{5CAA16A7-B9D5-41D1-AD1F-4DA4704176A2}.Release|x86.ActiveCfg = Release|Any CPU
		{C0E8BAA1-FD36-493A-AB3B-6C4C42A2E066}.Debug|Any CPU.ActiveCfg = Debug|Any CPU
		{C0E8BAA1-FD36-493A-AB3B-6C4C42A2E066}.Debug|Any CPU.Build.0 = Debug|Any CPU
		{C0E8BAA1-FD36-493A-AB3B-6C4C42A2E066}.Debug|Mixed Platforms.ActiveCfg = Debug|Any CPU
		{C0E8BAA1-FD36-493A-AB3B-6C4C42A2E066}.Debug|Mixed Platforms.Build.0 = Debug|Any CPU
		{C0E8BAA1-FD36-493A-AB3B-6C4C42A2E066}.Debug|x64.ActiveCfg = Debug|x86
		{C0E8BAA1-FD36-493A-AB3B-6C4C42A2E066}.Debug|x86.ActiveCfg = Debug|x86
		{C0E8BAA1-FD36-493A-AB3B-6C4C42A2E066}.Debug|x86.Build.0 = Debug|x86
		{C0E8BAA1-FD36-493A-AB3B-6C4C42A2E066}.GamingBoosterDebug|Any CPU.ActiveCfg = GamingBoosterDebug|Any CPU
		{C0E8BAA1-FD36-493A-AB3B-6C4C42A2E066}.GamingBoosterDebug|Any CPU.Build.0 = GamingBoosterDebug|Any CPU
		{C0E8BAA1-FD36-493A-AB3B-6C4C42A2E066}.GamingBoosterDebug|Mixed Platforms.ActiveCfg = GamingBoosterDebug|Any CPU
		{C0E8BAA1-FD36-493A-AB3B-6C4C42A2E066}.GamingBoosterDebug|Mixed Platforms.Build.0 = GamingBoosterDebug|Any CPU
		{C0E8BAA1-FD36-493A-AB3B-6C4C42A2E066}.GamingBoosterDebug|x64.ActiveCfg = GamingBoosterDebug|x86
		{C0E8BAA1-FD36-493A-AB3B-6C4C42A2E066}.GamingBoosterDebug|x86.ActiveCfg = GamingBoosterDebug|x86
		{C0E8BAA1-FD36-493A-AB3B-6C4C42A2E066}.GamingBoosterDebug|x86.Build.0 = GamingBoosterDebug|x86
		{C0E8BAA1-FD36-493A-AB3B-6C4C42A2E066}.GamingBoosterRelease|Any CPU.ActiveCfg = GamingBoosterRelease|Any CPU
		{C0E8BAA1-FD36-493A-AB3B-6C4C42A2E066}.GamingBoosterRelease|Any CPU.Build.0 = GamingBoosterRelease|Any CPU
		{C0E8BAA1-FD36-493A-AB3B-6C4C42A2E066}.GamingBoosterRelease|Mixed Platforms.ActiveCfg = GamingBoosterRelease|Any CPU
		{C0E8BAA1-FD36-493A-AB3B-6C4C42A2E066}.GamingBoosterRelease|Mixed Platforms.Build.0 = GamingBoosterRelease|Any CPU
		{C0E8BAA1-FD36-493A-AB3B-6C4C42A2E066}.GamingBoosterRelease|x64.ActiveCfg = GamingBoosterRelease|x86
		{C0E8BAA1-FD36-493A-AB3B-6C4C42A2E066}.GamingBoosterRelease|x86.ActiveCfg = GamingBoosterRelease|x86
		{C0E8BAA1-FD36-493A-AB3B-6C4C42A2E066}.GamingBoosterRelease|x86.Build.0 = GamingBoosterRelease|x86
		{C0E8BAA1-FD36-493A-AB3B-6C4C42A2E066}.PCCleanerDebug|Any CPU.ActiveCfg = PCCleanerDebug|Any CPU
		{C0E8BAA1-FD36-493A-AB3B-6C4C42A2E066}.PCCleanerDebug|Any CPU.Build.0 = PCCleanerDebug|Any CPU
		{C0E8BAA1-FD36-493A-AB3B-6C4C42A2E066}.PCCleanerDebug|Mixed Platforms.ActiveCfg = PCCleanerDebug|Any CPU
		{C0E8BAA1-FD36-493A-AB3B-6C4C42A2E066}.PCCleanerDebug|Mixed Platforms.Build.0 = PCCleanerDebug|Any CPU
		{C0E8BAA1-FD36-493A-AB3B-6C4C42A2E066}.PCCleanerDebug|x64.ActiveCfg = PCCleanerDebug|x86
		{C0E8BAA1-FD36-493A-AB3B-6C4C42A2E066}.PCCleanerDebug|x86.ActiveCfg = PCCleanerDebug|x86
		{C0E8BAA1-FD36-493A-AB3B-6C4C42A2E066}.PCCleanerDebug|x86.Build.0 = PCCleanerDebug|x86
		{C0E8BAA1-FD36-493A-AB3B-6C4C42A2E066}.PCCleanerRelease|Any CPU.ActiveCfg = PCCleanerRelease|Any CPU
		{C0E8BAA1-FD36-493A-AB3B-6C4C42A2E066}.PCCleanerRelease|Any CPU.Build.0 = PCCleanerRelease|Any CPU
		{C0E8BAA1-FD36-493A-AB3B-6C4C42A2E066}.PCCleanerRelease|Mixed Platforms.ActiveCfg = PCCleanerRelease|Any CPU
		{C0E8BAA1-FD36-493A-AB3B-6C4C42A2E066}.PCCleanerRelease|Mixed Platforms.Build.0 = PCCleanerRelease|Any CPU
		{C0E8BAA1-FD36-493A-AB3B-6C4C42A2E066}.PCCleanerRelease|x64.ActiveCfg = PCCleanerRelease|x86
		{C0E8BAA1-FD36-493A-AB3B-6C4C42A2E066}.PCCleanerRelease|x86.ActiveCfg = PCCleanerRelease|x86
		{C0E8BAA1-FD36-493A-AB3B-6C4C42A2E066}.PCCleanerRelease|x86.Build.0 = PCCleanerRelease|x86
		{C0E8BAA1-FD36-493A-AB3B-6C4C42A2E066}.Release|Any CPU.ActiveCfg = Release|Any CPU
		{C0E8BAA1-FD36-493A-AB3B-6C4C42A2E066}.Release|Any CPU.Build.0 = Release|Any CPU
		{C0E8BAA1-FD36-493A-AB3B-6C4C42A2E066}.Release|Mixed Platforms.ActiveCfg = Release|Any CPU
		{C0E8BAA1-FD36-493A-AB3B-6C4C42A2E066}.Release|Mixed Platforms.Build.0 = Release|Any CPU
		{C0E8BAA1-FD36-493A-AB3B-6C4C42A2E066}.Release|x64.ActiveCfg = Release|x86
		{C0E8BAA1-FD36-493A-AB3B-6C4C42A2E066}.Release|x86.ActiveCfg = Release|x86
		{C0E8BAA1-FD36-493A-AB3B-6C4C42A2E066}.Release|x86.Build.0 = Release|x86
		{D70269D0-DC20-43D5-86D1-A87894523337}.Debug|Any CPU.ActiveCfg = Debug|Any CPU
		{D70269D0-DC20-43D5-86D1-A87894523337}.Debug|Any CPU.Build.0 = Debug|Any CPU
		{D70269D0-DC20-43D5-86D1-A87894523337}.Debug|Mixed Platforms.ActiveCfg = Debug|Any CPU
		{D70269D0-DC20-43D5-86D1-A87894523337}.Debug|Mixed Platforms.Build.0 = Debug|Any CPU
		{D70269D0-DC20-43D5-86D1-A87894523337}.Debug|x64.ActiveCfg = Debug|Any CPU
		{D70269D0-DC20-43D5-86D1-A87894523337}.Debug|x86.ActiveCfg = Debug|Any CPU
		{D70269D0-DC20-43D5-86D1-A87894523337}.GamingBoosterDebug|Any CPU.ActiveCfg = GamingBoosterDebug|Any CPU
		{D70269D0-DC20-43D5-86D1-A87894523337}.GamingBoosterDebug|Any CPU.Build.0 = GamingBoosterDebug|Any CPU
		{D70269D0-DC20-43D5-86D1-A87894523337}.GamingBoosterDebug|Mixed Platforms.ActiveCfg = GamingBoosterDebug|Any CPU
		{D70269D0-DC20-43D5-86D1-A87894523337}.GamingBoosterDebug|Mixed Platforms.Build.0 = GamingBoosterDebug|Any CPU
		{D70269D0-DC20-43D5-86D1-A87894523337}.GamingBoosterDebug|x64.ActiveCfg = GamingBoosterDebug|Any CPU
		{D70269D0-DC20-43D5-86D1-A87894523337}.GamingBoosterDebug|x86.ActiveCfg = GamingBoosterDebug|Any CPU
		{D70269D0-DC20-43D5-86D1-A87894523337}.GamingBoosterRelease|Any CPU.ActiveCfg = GamingBoosterRelease|Any CPU
		{D70269D0-DC20-43D5-86D1-A87894523337}.GamingBoosterRelease|Any CPU.Build.0 = GamingBoosterRelease|Any CPU
		{D70269D0-DC20-43D5-86D1-A87894523337}.GamingBoosterRelease|Mixed Platforms.ActiveCfg = GamingBoosterRelease|Any CPU
		{D70269D0-DC20-43D5-86D1-A87894523337}.GamingBoosterRelease|Mixed Platforms.Build.0 = GamingBoosterRelease|Any CPU
		{D70269D0-DC20-43D5-86D1-A87894523337}.GamingBoosterRelease|x64.ActiveCfg = GamingBoosterRelease|Any CPU
		{D70269D0-DC20-43D5-86D1-A87894523337}.GamingBoosterRelease|x86.ActiveCfg = GamingBoosterRelease|Any CPU
		{D70269D0-DC20-43D5-86D1-A87894523337}.PCCleanerDebug|Any CPU.ActiveCfg = PCCleanerDebug|Any CPU
		{D70269D0-DC20-43D5-86D1-A87894523337}.PCCleanerDebug|Any CPU.Build.0 = PCCleanerDebug|Any CPU
		{D70269D0-DC20-43D5-86D1-A87894523337}.PCCleanerDebug|Mixed Platforms.ActiveCfg = PCCleanerDebug|Any CPU
		{D70269D0-DC20-43D5-86D1-A87894523337}.PCCleanerDebug|Mixed Platforms.Build.0 = PCCleanerDebug|Any CPU
		{D70269D0-DC20-43D5-86D1-A87894523337}.PCCleanerDebug|x64.ActiveCfg = PCCleanerDebug|Any CPU
		{D70269D0-DC20-43D5-86D1-A87894523337}.PCCleanerDebug|x86.ActiveCfg = PCCleanerDebug|Any CPU
		{D70269D0-DC20-43D5-86D1-A87894523337}.PCCleanerRelease|Any CPU.ActiveCfg = PCCleanerRelease|Any CPU
		{D70269D0-DC20-43D5-86D1-A87894523337}.PCCleanerRelease|Any CPU.Build.0 = PCCleanerRelease|Any CPU
		{D70269D0-DC20-43D5-86D1-A87894523337}.PCCleanerRelease|Mixed Platforms.ActiveCfg = PCCleanerRelease|Any CPU
		{D70269D0-DC20-43D5-86D1-A87894523337}.PCCleanerRelease|Mixed Platforms.Build.0 = PCCleanerRelease|Any CPU
		{D70269D0-DC20-43D5-86D1-A87894523337}.PCCleanerRelease|x64.ActiveCfg = PCCleanerRelease|Any CPU
		{D70269D0-DC20-43D5-86D1-A87894523337}.PCCleanerRelease|x86.ActiveCfg = PCCleanerRelease|Any CPU
		{D70269D0-DC20-43D5-86D1-A87894523337}.Release|Any CPU.ActiveCfg = Release|Any CPU
		{D70269D0-DC20-43D5-86D1-A87894523337}.Release|Any CPU.Build.0 = Release|Any CPU
		{D70269D0-DC20-43D5-86D1-A87894523337}.Release|Mixed Platforms.ActiveCfg = Release|Any CPU
		{D70269D0-DC20-43D5-86D1-A87894523337}.Release|Mixed Platforms.Build.0 = Release|Any CPU
		{D70269D0-DC20-43D5-86D1-A87894523337}.Release|x64.ActiveCfg = Release|Any CPU
		{D70269D0-DC20-43D5-86D1-A87894523337}.Release|x86.ActiveCfg = Release|Any CPU
		{E9C048F5-8E21-4721-9B55-E6FF332B6C51}.Debug|Any CPU.ActiveCfg = Debug|Any CPU
		{E9C048F5-8E21-4721-9B55-E6FF332B6C51}.Debug|Any CPU.Build.0 = Debug|Any CPU
		{E9C048F5-8E21-4721-9B55-E6FF332B6C51}.Debug|Mixed Platforms.ActiveCfg = Debug|Any CPU
		{E9C048F5-8E21-4721-9B55-E6FF332B6C51}.Debug|Mixed Platforms.Build.0 = Debug|Any CPU
		{E9C048F5-8E21-4721-9B55-E6FF332B6C51}.Debug|x64.ActiveCfg = Debug|x86
		{E9C048F5-8E21-4721-9B55-E6FF332B6C51}.Debug|x86.ActiveCfg = Debug|x86
		{E9C048F5-8E21-4721-9B55-E6FF332B6C51}.Debug|x86.Build.0 = Debug|x86
		{E9C048F5-8E21-4721-9B55-E6FF332B6C51}.GamingBoosterDebug|Any CPU.ActiveCfg = GamingBoosterDebug|x86
		{E9C048F5-8E21-4721-9B55-E6FF332B6C51}.GamingBoosterDebug|Any CPU.Build.0 = GamingBoosterDebug|x86
		{E9C048F5-8E21-4721-9B55-E6FF332B6C51}.GamingBoosterDebug|Mixed Platforms.ActiveCfg = GamingBoosterDebug|Any CPU
		{E9C048F5-8E21-4721-9B55-E6FF332B6C51}.GamingBoosterDebug|Mixed Platforms.Build.0 = GamingBoosterDebug|Any CPU
		{E9C048F5-8E21-4721-9B55-E6FF332B6C51}.GamingBoosterDebug|x64.ActiveCfg = GamingBoosterDebug|x86
		{E9C048F5-8E21-4721-9B55-E6FF332B6C51}.GamingBoosterDebug|x86.ActiveCfg = GamingBoosterDebug|x86
		{E9C048F5-8E21-4721-9B55-E6FF332B6C51}.GamingBoosterDebug|x86.Build.0 = GamingBoosterDebug|x86
		{E9C048F5-8E21-4721-9B55-E6FF332B6C51}.GamingBoosterRelease|Any CPU.ActiveCfg = GamingBoosterRelease|x86
		{E9C048F5-8E21-4721-9B55-E6FF332B6C51}.GamingBoosterRelease|Any CPU.Build.0 = GamingBoosterRelease|x86
		{E9C048F5-8E21-4721-9B55-E6FF332B6C51}.GamingBoosterRelease|Mixed Platforms.ActiveCfg = GamingBoosterRelease|Any CPU
		{E9C048F5-8E21-4721-9B55-E6FF332B6C51}.GamingBoosterRelease|Mixed Platforms.Build.0 = GamingBoosterRelease|Any CPU
		{E9C048F5-8E21-4721-9B55-E6FF332B6C51}.GamingBoosterRelease|x64.ActiveCfg = GamingBoosterRelease|x86
		{E9C048F5-8E21-4721-9B55-E6FF332B6C51}.GamingBoosterRelease|x86.ActiveCfg = GamingBoosterRelease|x86
		{E9C048F5-8E21-4721-9B55-E6FF332B6C51}.GamingBoosterRelease|x86.Build.0 = GamingBoosterRelease|x86
		{E9C048F5-8E21-4721-9B55-E6FF332B6C51}.PCCleanerDebug|Any CPU.ActiveCfg = PCCleanerDebug|Any CPU
		{E9C048F5-8E21-4721-9B55-E6FF332B6C51}.PCCleanerDebug|Any CPU.Build.0 = PCCleanerDebug|Any CPU
		{E9C048F5-8E21-4721-9B55-E6FF332B6C51}.PCCleanerDebug|Mixed Platforms.ActiveCfg = PCCleanerDebug|Any CPU
		{E9C048F5-8E21-4721-9B55-E6FF332B6C51}.PCCleanerDebug|Mixed Platforms.Build.0 = PCCleanerDebug|Any CPU
		{E9C048F5-8E21-4721-9B55-E6FF332B6C51}.PCCleanerDebug|x64.ActiveCfg = PCCleanerDebug|x86
		{E9C048F5-8E21-4721-9B55-E6FF332B6C51}.PCCleanerDebug|x86.ActiveCfg = PCCleanerDebug|x86
		{E9C048F5-8E21-4721-9B55-E6FF332B6C51}.PCCleanerDebug|x86.Build.0 = PCCleanerDebug|x86
		{E9C048F5-8E21-4721-9B55-E6FF332B6C51}.PCCleanerRelease|Any CPU.ActiveCfg = PCCleanerRelease|Any CPU
		{E9C048F5-8E21-4721-9B55-E6FF332B6C51}.PCCleanerRelease|Any CPU.Build.0 = PCCleanerRelease|Any CPU
		{E9C048F5-8E21-4721-9B55-E6FF332B6C51}.PCCleanerRelease|Mixed Platforms.ActiveCfg = PCCleanerRelease|Any CPU
		{E9C048F5-8E21-4721-9B55-E6FF332B6C51}.PCCleanerRelease|Mixed Platforms.Build.0 = PCCleanerRelease|Any CPU
		{E9C048F5-8E21-4721-9B55-E6FF332B6C51}.PCCleanerRelease|x64.ActiveCfg = PCCleanerRelease|x86
		{E9C048F5-8E21-4721-9B55-E6FF332B6C51}.PCCleanerRelease|x86.ActiveCfg = PCCleanerRelease|x86
		{E9C048F5-8E21-4721-9B55-E6FF332B6C51}.PCCleanerRelease|x86.Build.0 = PCCleanerRelease|x86
		{E9C048F5-8E21-4721-9B55-E6FF332B6C51}.Release|Any CPU.ActiveCfg = Release|Any CPU
		{E9C048F5-8E21-4721-9B55-E6FF332B6C51}.Release|Any CPU.Build.0 = Release|Any CPU
		{E9C048F5-8E21-4721-9B55-E6FF332B6C51}.Release|Mixed Platforms.ActiveCfg = Release|Any CPU
		{E9C048F5-8E21-4721-9B55-E6FF332B6C51}.Release|Mixed Platforms.Build.0 = Release|Any CPU
		{E9C048F5-8E21-4721-9B55-E6FF332B6C51}.Release|x64.ActiveCfg = Release|x86
		{E9C048F5-8E21-4721-9B55-E6FF332B6C51}.Release|x86.ActiveCfg = Release|x86
		{E9C048F5-8E21-4721-9B55-E6FF332B6C51}.Release|x86.Build.0 = Release|x86
		{BAE70997-B37E-4FC6-A605-17967A89B7F9}.Debug|Any CPU.ActiveCfg = Debug|Any CPU
		{BAE70997-B37E-4FC6-A605-17967A89B7F9}.Debug|Any CPU.Build.0 = Debug|Any CPU
		{BAE70997-B37E-4FC6-A605-17967A89B7F9}.Debug|Mixed Platforms.ActiveCfg = Debug|x86
		{BAE70997-B37E-4FC6-A605-17967A89B7F9}.Debug|Mixed Platforms.Build.0 = Debug|x86
		{BAE70997-B37E-4FC6-A605-17967A89B7F9}.Debug|x64.ActiveCfg = Debug|x64
		{BAE70997-B37E-4FC6-A605-17967A89B7F9}.Debug|x64.Build.0 = Debug|x64
		{BAE70997-B37E-4FC6-A605-17967A89B7F9}.Debug|x86.ActiveCfg = Debug|x86
		{BAE70997-B37E-4FC6-A605-17967A89B7F9}.Debug|x86.Build.0 = Debug|x86
		{BAE70997-B37E-4FC6-A605-17967A89B7F9}.GamingBoosterDebug|Any CPU.ActiveCfg = GamingBoosterDebug|Any CPU
		{BAE70997-B37E-4FC6-A605-17967A89B7F9}.GamingBoosterDebug|Any CPU.Build.0 = GamingBoosterDebug|Any CPU
		{BAE70997-B37E-4FC6-A605-17967A89B7F9}.GamingBoosterDebug|Mixed Platforms.ActiveCfg = GamingBoosterDebug|x86
		{BAE70997-B37E-4FC6-A605-17967A89B7F9}.GamingBoosterDebug|Mixed Platforms.Build.0 = GamingBoosterDebug|x86
		{BAE70997-B37E-4FC6-A605-17967A89B7F9}.GamingBoosterDebug|x64.ActiveCfg = GamingBoosterDebug|x64
		{BAE70997-B37E-4FC6-A605-17967A89B7F9}.GamingBoosterDebug|x64.Build.0 = GamingBoosterDebug|x64
		{BAE70997-B37E-4FC6-A605-17967A89B7F9}.GamingBoosterDebug|x86.ActiveCfg = GamingBoosterDebug|x86
		{BAE70997-B37E-4FC6-A605-17967A89B7F9}.GamingBoosterDebug|x86.Build.0 = GamingBoosterDebug|x86
		{BAE70997-B37E-4FC6-A605-17967A89B7F9}.GamingBoosterRelease|Any CPU.ActiveCfg = GamingBoosterRelease|Any CPU
		{BAE70997-B37E-4FC6-A605-17967A89B7F9}.GamingBoosterRelease|Any CPU.Build.0 = GamingBoosterRelease|Any CPU
		{BAE70997-B37E-4FC6-A605-17967A89B7F9}.GamingBoosterRelease|Mixed Platforms.ActiveCfg = GamingBoosterRelease|x86
		{BAE70997-B37E-4FC6-A605-17967A89B7F9}.GamingBoosterRelease|Mixed Platforms.Build.0 = GamingBoosterRelease|x86
		{BAE70997-B37E-4FC6-A605-17967A89B7F9}.GamingBoosterRelease|x64.ActiveCfg = GamingBoosterRelease|x64
		{BAE70997-B37E-4FC6-A605-17967A89B7F9}.GamingBoosterRelease|x64.Build.0 = GamingBoosterRelease|x64
		{BAE70997-B37E-4FC6-A605-17967A89B7F9}.GamingBoosterRelease|x86.ActiveCfg = GamingBoosterRelease|x86
		{BAE70997-B37E-4FC6-A605-17967A89B7F9}.GamingBoosterRelease|x86.Build.0 = GamingBoosterRelease|x86
		{BAE70997-B37E-4FC6-A605-17967A89B7F9}.PCCleanerDebug|Any CPU.ActiveCfg = PCCleanerDebug|Any CPU
		{BAE70997-B37E-4FC6-A605-17967A89B7F9}.PCCleanerDebug|Any CPU.Build.0 = PCCleanerDebug|Any CPU
		{BAE70997-B37E-4FC6-A605-17967A89B7F9}.PCCleanerDebug|Mixed Platforms.ActiveCfg = PCCleanerDebug|x86
		{BAE70997-B37E-4FC6-A605-17967A89B7F9}.PCCleanerDebug|Mixed Platforms.Build.0 = PCCleanerDebug|x86
		{BAE70997-B37E-4FC6-A605-17967A89B7F9}.PCCleanerDebug|x64.ActiveCfg = PCCleanerDebug|x64
		{BAE70997-B37E-4FC6-A605-17967A89B7F9}.PCCleanerDebug|x64.Build.0 = PCCleanerDebug|x64
		{BAE70997-B37E-4FC6-A605-17967A89B7F9}.PCCleanerDebug|x86.ActiveCfg = PCCleanerDebug|x86
		{BAE70997-B37E-4FC6-A605-17967A89B7F9}.PCCleanerDebug|x86.Build.0 = PCCleanerDebug|x86
		{BAE70997-B37E-4FC6-A605-17967A89B7F9}.PCCleanerRelease|Any CPU.ActiveCfg = PCCleanerRelease|Any CPU
		{BAE70997-B37E-4FC6-A605-17967A89B7F9}.PCCleanerRelease|Any CPU.Build.0 = PCCleanerRelease|Any CPU
		{BAE70997-B37E-4FC6-A605-17967A89B7F9}.PCCleanerRelease|Mixed Platforms.ActiveCfg = PCCleanerRelease|x86
		{BAE70997-B37E-4FC6-A605-17967A89B7F9}.PCCleanerRelease|Mixed Platforms.Build.0 = PCCleanerRelease|x86
		{BAE70997-B37E-4FC6-A605-17967A89B7F9}.PCCleanerRelease|x64.ActiveCfg = PCCleanerRelease|x64
		{BAE70997-B37E-4FC6-A605-17967A89B7F9}.PCCleanerRelease|x64.Build.0 = PCCleanerRelease|x64
		{BAE70997-B37E-4FC6-A605-17967A89B7F9}.PCCleanerRelease|x86.ActiveCfg = PCCleanerRelease|x86
		{BAE70997-B37E-4FC6-A605-17967A89B7F9}.PCCleanerRelease|x86.Build.0 = PCCleanerRelease|x86
		{BAE70997-B37E-4FC6-A605-17967A89B7F9}.Release|Any CPU.ActiveCfg = Release|Any CPU
		{BAE70997-B37E-4FC6-A605-17967A89B7F9}.Release|Any CPU.Build.0 = Release|Any CPU
		{BAE70997-B37E-4FC6-A605-17967A89B7F9}.Release|Mixed Platforms.ActiveCfg = Release|x86
		{BAE70997-B37E-4FC6-A605-17967A89B7F9}.Release|Mixed Platforms.Build.0 = Release|x86
		{BAE70997-B37E-4FC6-A605-17967A89B7F9}.Release|x64.ActiveCfg = Release|x64
		{BAE70997-B37E-4FC6-A605-17967A89B7F9}.Release|x64.Build.0 = Release|x64
		{BAE70997-B37E-4FC6-A605-17967A89B7F9}.Release|x86.ActiveCfg = Release|x86
		{BAE70997-B37E-4FC6-A605-17967A89B7F9}.Release|x86.Build.0 = Release|x86
		{3292A9F4-72EE-4BA9-B1B5-81F5928EE327}.Debug|Any CPU.ActiveCfg = Debug|Any CPU
		{3292A9F4-72EE-4BA9-B1B5-81F5928EE327}.Debug|Any CPU.Build.0 = Debug|Any CPU
		{3292A9F4-72EE-4BA9-B1B5-81F5928EE327}.Debug|Mixed Platforms.ActiveCfg = Debug|Any CPU
		{3292A9F4-72EE-4BA9-B1B5-81F5928EE327}.Debug|Mixed Platforms.Build.0 = Debug|Any CPU
		{3292A9F4-72EE-4BA9-B1B5-81F5928EE327}.Debug|x64.ActiveCfg = Debug|x86
		{3292A9F4-72EE-4BA9-B1B5-81F5928EE327}.Debug|x86.ActiveCfg = Debug|x86
		{3292A9F4-72EE-4BA9-B1B5-81F5928EE327}.Debug|x86.Build.0 = Debug|x86
		{3292A9F4-72EE-4BA9-B1B5-81F5928EE327}.GamingBoosterDebug|Any CPU.ActiveCfg = GamingBoosterDebug|Any CPU
		{3292A9F4-72EE-4BA9-B1B5-81F5928EE327}.GamingBoosterDebug|Any CPU.Build.0 = GamingBoosterDebug|Any CPU
		{3292A9F4-72EE-4BA9-B1B5-81F5928EE327}.GamingBoosterDebug|Mixed Platforms.ActiveCfg = GamingBoosterDebug|Any CPU
		{3292A9F4-72EE-4BA9-B1B5-81F5928EE327}.GamingBoosterDebug|Mixed Platforms.Build.0 = GamingBoosterDebug|Any CPU
		{3292A9F4-72EE-4BA9-B1B5-81F5928EE327}.GamingBoosterDebug|x64.ActiveCfg = GamingBoosterDebug|x86
		{3292A9F4-72EE-4BA9-B1B5-81F5928EE327}.GamingBoosterDebug|x86.ActiveCfg = GamingBoosterDebug|x86
		{3292A9F4-72EE-4BA9-B1B5-81F5928EE327}.GamingBoosterDebug|x86.Build.0 = GamingBoosterDebug|x86
		{3292A9F4-72EE-4BA9-B1B5-81F5928EE327}.GamingBoosterRelease|Any CPU.ActiveCfg = GamingBoosterRelease|Any CPU
		{3292A9F4-72EE-4BA9-B1B5-81F5928EE327}.GamingBoosterRelease|Any CPU.Build.0 = GamingBoosterRelease|Any CPU
		{3292A9F4-72EE-4BA9-B1B5-81F5928EE327}.GamingBoosterRelease|Mixed Platforms.ActiveCfg = GamingBoosterRelease|Any CPU
		{3292A9F4-72EE-4BA9-B1B5-81F5928EE327}.GamingBoosterRelease|Mixed Platforms.Build.0 = GamingBoosterRelease|Any CPU
		{3292A9F4-72EE-4BA9-B1B5-81F5928EE327}.GamingBoosterRelease|x64.ActiveCfg = GamingBoosterRelease|x86
		{3292A9F4-72EE-4BA9-B1B5-81F5928EE327}.GamingBoosterRelease|x86.ActiveCfg = GamingBoosterRelease|x86
		{3292A9F4-72EE-4BA9-B1B5-81F5928EE327}.GamingBoosterRelease|x86.Build.0 = GamingBoosterRelease|x86
		{3292A9F4-72EE-4BA9-B1B5-81F5928EE327}.PCCleanerDebug|Any CPU.ActiveCfg = PCCleanerDebug|Any CPU
		{3292A9F4-72EE-4BA9-B1B5-81F5928EE327}.PCCleanerDebug|Any CPU.Build.0 = PCCleanerDebug|Any CPU
		{3292A9F4-72EE-4BA9-B1B5-81F5928EE327}.PCCleanerDebug|Mixed Platforms.ActiveCfg = PCCleanerDebug|Any CPU
		{3292A9F4-72EE-4BA9-B1B5-81F5928EE327}.PCCleanerDebug|Mixed Platforms.Build.0 = PCCleanerDebug|Any CPU
		{3292A9F4-72EE-4BA9-B1B5-81F5928EE327}.PCCleanerDebug|x64.ActiveCfg = PCCleanerDebug|x86
		{3292A9F4-72EE-4BA9-B1B5-81F5928EE327}.PCCleanerDebug|x86.ActiveCfg = PCCleanerDebug|x86
		{3292A9F4-72EE-4BA9-B1B5-81F5928EE327}.PCCleanerDebug|x86.Build.0 = PCCleanerDebug|x86
		{3292A9F4-72EE-4BA9-B1B5-81F5928EE327}.PCCleanerRelease|Any CPU.ActiveCfg = PCCleanerRelease|Any CPU
		{3292A9F4-72EE-4BA9-B1B5-81F5928EE327}.PCCleanerRelease|Any CPU.Build.0 = PCCleanerRelease|Any CPU
		{3292A9F4-72EE-4BA9-B1B5-81F5928EE327}.PCCleanerRelease|Mixed Platforms.ActiveCfg = PCCleanerRelease|Any CPU
		{3292A9F4-72EE-4BA9-B1B5-81F5928EE327}.PCCleanerRelease|Mixed Platforms.Build.0 = PCCleanerRelease|Any CPU
		{3292A9F4-72EE-4BA9-B1B5-81F5928EE327}.PCCleanerRelease|x64.ActiveCfg = PCCleanerRelease|x86
		{3292A9F4-72EE-4BA9-B1B5-81F5928EE327}.PCCleanerRelease|x86.ActiveCfg = PCCleanerRelease|x86
		{3292A9F4-72EE-4BA9-B1B5-81F5928EE327}.PCCleanerRelease|x86.Build.0 = PCCleanerRelease|x86
		{3292A9F4-72EE-4BA9-B1B5-81F5928EE327}.Release|Any CPU.ActiveCfg = Release|Any CPU
		{3292A9F4-72EE-4BA9-B1B5-81F5928EE327}.Release|Any CPU.Build.0 = Release|Any CPU
		{3292A9F4-72EE-4BA9-B1B5-81F5928EE327}.Release|Mixed Platforms.ActiveCfg = Release|Any CPU
		{3292A9F4-72EE-4BA9-B1B5-81F5928EE327}.Release|Mixed Platforms.Build.0 = Release|Any CPU
		{3292A9F4-72EE-4BA9-B1B5-81F5928EE327}.Release|x64.ActiveCfg = Release|x86
		{3292A9F4-72EE-4BA9-B1B5-81F5928EE327}.Release|x86.ActiveCfg = Release|x86
		{3292A9F4-72EE-4BA9-B1B5-81F5928EE327}.Release|x86.Build.0 = Release|x86
		{FF431EF5-47E4-43A2-B7A9-FF0939C688E5}.Debug|Any CPU.ActiveCfg = Debug|Any CPU
		{FF431EF5-47E4-43A2-B7A9-FF0939C688E5}.Debug|Any CPU.Build.0 = Debug|Any CPU
		{FF431EF5-47E4-43A2-B7A9-FF0939C688E5}.Debug|Mixed Platforms.ActiveCfg = Debug|x86
		{FF431EF5-47E4-43A2-B7A9-FF0939C688E5}.Debug|Mixed Platforms.Build.0 = Debug|x86
		{FF431EF5-47E4-43A2-B7A9-FF0939C688E5}.Debug|x64.ActiveCfg = Debug|x86
		{FF431EF5-47E4-43A2-B7A9-FF0939C688E5}.Debug|x86.ActiveCfg = Debug|x86
		{FF431EF5-47E4-43A2-B7A9-FF0939C688E5}.Debug|x86.Build.0 = Debug|x86
		{FF431EF5-47E4-43A2-B7A9-FF0939C688E5}.GamingBoosterDebug|Any CPU.ActiveCfg = GamingBoosterDebug|Any CPU
		{FF431EF5-47E4-43A2-B7A9-FF0939C688E5}.GamingBoosterDebug|Any CPU.Build.0 = GamingBoosterDebug|Any CPU
		{FF431EF5-47E4-43A2-B7A9-FF0939C688E5}.GamingBoosterDebug|Mixed Platforms.ActiveCfg = GamingBoosterDebug|Any CPU
		{FF431EF5-47E4-43A2-B7A9-FF0939C688E5}.GamingBoosterDebug|Mixed Platforms.Build.0 = GamingBoosterDebug|Any CPU
		{FF431EF5-47E4-43A2-B7A9-FF0939C688E5}.GamingBoosterDebug|x64.ActiveCfg = GamingBoosterDebug|Any CPU
		{FF431EF5-47E4-43A2-B7A9-FF0939C688E5}.GamingBoosterDebug|x86.ActiveCfg = GamingBoosterDebug|Any CPU
		{FF431EF5-47E4-43A2-B7A9-FF0939C688E5}.GamingBoosterRelease|Any CPU.ActiveCfg = GamingBoosterRelease|Any CPU
		{FF431EF5-47E4-43A2-B7A9-FF0939C688E5}.GamingBoosterRelease|Any CPU.Build.0 = GamingBoosterRelease|Any CPU
		{FF431EF5-47E4-43A2-B7A9-FF0939C688E5}.GamingBoosterRelease|Mixed Platforms.ActiveCfg = GamingBoosterRelease|Any CPU
		{FF431EF5-47E4-43A2-B7A9-FF0939C688E5}.GamingBoosterRelease|Mixed Platforms.Build.0 = GamingBoosterRelease|Any CPU
		{FF431EF5-47E4-43A2-B7A9-FF0939C688E5}.GamingBoosterRelease|x64.ActiveCfg = GamingBoosterRelease|Any CPU
		{FF431EF5-47E4-43A2-B7A9-FF0939C688E5}.GamingBoosterRelease|x86.ActiveCfg = GamingBoosterRelease|Any CPU
		{FF431EF5-47E4-43A2-B7A9-FF0939C688E5}.PCCleanerDebug|Any CPU.ActiveCfg = PCCleanerDebug|Any CPU
		{FF431EF5-47E4-43A2-B7A9-FF0939C688E5}.PCCleanerDebug|Any CPU.Build.0 = PCCleanerDebug|Any CPU
		{FF431EF5-47E4-43A2-B7A9-FF0939C688E5}.PCCleanerDebug|Mixed Platforms.ActiveCfg = PCCleanerDebug|x86
		{FF431EF5-47E4-43A2-B7A9-FF0939C688E5}.PCCleanerDebug|Mixed Platforms.Build.0 = PCCleanerDebug|x86
		{FF431EF5-47E4-43A2-B7A9-FF0939C688E5}.PCCleanerDebug|x64.ActiveCfg = PCCleanerDebug|x86
		{FF431EF5-47E4-43A2-B7A9-FF0939C688E5}.PCCleanerDebug|x86.ActiveCfg = PCCleanerDebug|x86
		{FF431EF5-47E4-43A2-B7A9-FF0939C688E5}.PCCleanerDebug|x86.Build.0 = PCCleanerDebug|x86
		{FF431EF5-47E4-43A2-B7A9-FF0939C688E5}.PCCleanerRelease|Any CPU.ActiveCfg = PCCleanerRelease|Any CPU
		{FF431EF5-47E4-43A2-B7A9-FF0939C688E5}.PCCleanerRelease|Any CPU.Build.0 = PCCleanerRelease|Any CPU
		{FF431EF5-47E4-43A2-B7A9-FF0939C688E5}.PCCleanerRelease|Mixed Platforms.ActiveCfg = PCCleanerRelease|x86
		{FF431EF5-47E4-43A2-B7A9-FF0939C688E5}.PCCleanerRelease|Mixed Platforms.Build.0 = PCCleanerRelease|x86
		{FF431EF5-47E4-43A2-B7A9-FF0939C688E5}.PCCleanerRelease|x64.ActiveCfg = PCCleanerRelease|x86
		{FF431EF5-47E4-43A2-B7A9-FF0939C688E5}.PCCleanerRelease|x86.ActiveCfg = PCCleanerRelease|x86
		{FF431EF5-47E4-43A2-B7A9-FF0939C688E5}.PCCleanerRelease|x86.Build.0 = PCCleanerRelease|x86
		{FF431EF5-47E4-43A2-B7A9-FF0939C688E5}.Release|Any CPU.ActiveCfg = Release|Any CPU
		{FF431EF5-47E4-43A2-B7A9-FF0939C688E5}.Release|Any CPU.Build.0 = Release|Any CPU
		{FF431EF5-47E4-43A2-B7A9-FF0939C688E5}.Release|Mixed Platforms.ActiveCfg = Release|x86
		{FF431EF5-47E4-43A2-B7A9-FF0939C688E5}.Release|Mixed Platforms.Build.0 = Release|x86
		{FF431EF5-47E4-43A2-B7A9-FF0939C688E5}.Release|x64.ActiveCfg = Release|x86
		{FF431EF5-47E4-43A2-B7A9-FF0939C688E5}.Release|x86.ActiveCfg = Release|x86
		{FF431EF5-47E4-43A2-B7A9-FF0939C688E5}.Release|x86.Build.0 = Release|x86
		{0D9542F5-0E0D-4F7E-BB6C-6803DAC2D838}.Debug|Any CPU.ActiveCfg = Debug|Any CPU
		{0D9542F5-0E0D-4F7E-BB6C-6803DAC2D838}.Debug|Any CPU.Build.0 = Debug|Any CPU
		{0D9542F5-0E0D-4F7E-BB6C-6803DAC2D838}.Debug|Mixed Platforms.ActiveCfg = Debug|Any CPU
		{0D9542F5-0E0D-4F7E-BB6C-6803DAC2D838}.Debug|Mixed Platforms.Build.0 = Debug|Any CPU
		{0D9542F5-0E0D-4F7E-BB6C-6803DAC2D838}.Debug|x64.ActiveCfg = Debug|x86
		{0D9542F5-0E0D-4F7E-BB6C-6803DAC2D838}.Debug|x86.ActiveCfg = Debug|x86
		{0D9542F5-0E0D-4F7E-BB6C-6803DAC2D838}.Debug|x86.Build.0 = Debug|x86
		{0D9542F5-0E0D-4F7E-BB6C-6803DAC2D838}.GamingBoosterDebug|Any CPU.ActiveCfg = GamingBoosterDebug|x86
		{0D9542F5-0E0D-4F7E-BB6C-6803DAC2D838}.GamingBoosterDebug|Any CPU.Build.0 = GamingBoosterDebug|x86
		{0D9542F5-0E0D-4F7E-BB6C-6803DAC2D838}.GamingBoosterDebug|Mixed Platforms.ActiveCfg = GamingBoosterDebug|Any CPU
		{0D9542F5-0E0D-4F7E-BB6C-6803DAC2D838}.GamingBoosterDebug|Mixed Platforms.Build.0 = GamingBoosterDebug|Any CPU
		{0D9542F5-0E0D-4F7E-BB6C-6803DAC2D838}.GamingBoosterDebug|x64.ActiveCfg = GamingBoosterDebug|x86
		{0D9542F5-0E0D-4F7E-BB6C-6803DAC2D838}.GamingBoosterDebug|x86.ActiveCfg = GamingBoosterDebug|x86
		{0D9542F5-0E0D-4F7E-BB6C-6803DAC2D838}.GamingBoosterDebug|x86.Build.0 = GamingBoosterDebug|x86
		{0D9542F5-0E0D-4F7E-BB6C-6803DAC2D838}.GamingBoosterRelease|Any CPU.ActiveCfg = GamingBoosterRelease|x86
		{0D9542F5-0E0D-4F7E-BB6C-6803DAC2D838}.GamingBoosterRelease|Any CPU.Build.0 = GamingBoosterRelease|x86
		{0D9542F5-0E0D-4F7E-BB6C-6803DAC2D838}.GamingBoosterRelease|Mixed Platforms.ActiveCfg = GamingBoosterRelease|Any CPU
		{0D9542F5-0E0D-4F7E-BB6C-6803DAC2D838}.GamingBoosterRelease|Mixed Platforms.Build.0 = GamingBoosterRelease|Any CPU
		{0D9542F5-0E0D-4F7E-BB6C-6803DAC2D838}.GamingBoosterRelease|x64.ActiveCfg = GamingBoosterRelease|x86
		{0D9542F5-0E0D-4F7E-BB6C-6803DAC2D838}.GamingBoosterRelease|x86.ActiveCfg = GamingBoosterRelease|x86
		{0D9542F5-0E0D-4F7E-BB6C-6803DAC2D838}.GamingBoosterRelease|x86.Build.0 = GamingBoosterRelease|x86
		{0D9542F5-0E0D-4F7E-BB6C-6803DAC2D838}.PCCleanerDebug|Any CPU.ActiveCfg = Debug|Any CPU
		{0D9542F5-0E0D-4F7E-BB6C-6803DAC2D838}.PCCleanerDebug|Any CPU.Build.0 = Debug|Any CPU
		{0D9542F5-0E0D-4F7E-BB6C-6803DAC2D838}.PCCleanerDebug|Mixed Platforms.ActiveCfg = Debug|Any CPU
		{0D9542F5-0E0D-4F7E-BB6C-6803DAC2D838}.PCCleanerDebug|Mixed Platforms.Build.0 = Debug|Any CPU
		{0D9542F5-0E0D-4F7E-BB6C-6803DAC2D838}.PCCleanerDebug|x64.ActiveCfg = Debug|Any CPU
		{0D9542F5-0E0D-4F7E-BB6C-6803DAC2D838}.PCCleanerDebug|x86.ActiveCfg = Debug|x86
		{0D9542F5-0E0D-4F7E-BB6C-6803DAC2D838}.PCCleanerDebug|x86.Build.0 = Debug|x86
		{0D9542F5-0E0D-4F7E-BB6C-6803DAC2D838}.PCCleanerRelease|Any CPU.ActiveCfg = Release|Any CPU
		{0D9542F5-0E0D-4F7E-BB6C-6803DAC2D838}.PCCleanerRelease|Any CPU.Build.0 = Release|Any CPU
		{0D9542F5-0E0D-4F7E-BB6C-6803DAC2D838}.PCCleanerRelease|Mixed Platforms.ActiveCfg = Release|Any CPU
		{0D9542F5-0E0D-4F7E-BB6C-6803DAC2D838}.PCCleanerRelease|Mixed Platforms.Build.0 = Release|Any CPU
		{0D9542F5-0E0D-4F7E-BB6C-6803DAC2D838}.PCCleanerRelease|x64.ActiveCfg = Release|Any CPU
		{0D9542F5-0E0D-4F7E-BB6C-6803DAC2D838}.PCCleanerRelease|x86.ActiveCfg = Release|x86
		{0D9542F5-0E0D-4F7E-BB6C-6803DAC2D838}.PCCleanerRelease|x86.Build.0 = Release|x86
		{0D9542F5-0E0D-4F7E-BB6C-6803DAC2D838}.Release|Any CPU.ActiveCfg = Release|Any CPU
		{0D9542F5-0E0D-4F7E-BB6C-6803DAC2D838}.Release|Any CPU.Build.0 = Release|Any CPU
		{0D9542F5-0E0D-4F7E-BB6C-6803DAC2D838}.Release|Mixed Platforms.ActiveCfg = Release|Any CPU
		{0D9542F5-0E0D-4F7E-BB6C-6803DAC2D838}.Release|Mixed Platforms.Build.0 = Release|Any CPU
		{0D9542F5-0E0D-4F7E-BB6C-6803DAC2D838}.Release|x64.ActiveCfg = Release|x86
		{0D9542F5-0E0D-4F7E-BB6C-6803DAC2D838}.Release|x86.ActiveCfg = Release|x86
		{0D9542F5-0E0D-4F7E-BB6C-6803DAC2D838}.Release|x86.Build.0 = Release|x86
		{D21BFE21-20EB-48B8-BA66-9B7F639DFF95}.Debug|Any CPU.ActiveCfg = Debug|Any CPU
		{D21BFE21-20EB-48B8-BA66-9B7F639DFF95}.Debug|Any CPU.Build.0 = Debug|Any CPU
		{D21BFE21-20EB-48B8-BA66-9B7F639DFF95}.Debug|Mixed Platforms.ActiveCfg = Debug|x86
		{D21BFE21-20EB-48B8-BA66-9B7F639DFF95}.Debug|Mixed Platforms.Build.0 = Debug|x86
		{D21BFE21-20EB-48B8-BA66-9B7F639DFF95}.Debug|x64.ActiveCfg = Debug|x86
		{D21BFE21-20EB-48B8-BA66-9B7F639DFF95}.Debug|x86.ActiveCfg = Debug|x86
		{D21BFE21-20EB-48B8-BA66-9B7F639DFF95}.Debug|x86.Build.0 = Debug|x86
		{D21BFE21-20EB-48B8-BA66-9B7F639DFF95}.GamingBoosterDebug|Any CPU.ActiveCfg = GamingBoosterDebug|Any CPU
		{D21BFE21-20EB-48B8-BA66-9B7F639DFF95}.GamingBoosterDebug|Any CPU.Build.0 = GamingBoosterDebug|Any CPU
		{D21BFE21-20EB-48B8-BA66-9B7F639DFF95}.GamingBoosterDebug|Mixed Platforms.ActiveCfg = Debug|x86
		{D21BFE21-20EB-48B8-BA66-9B7F639DFF95}.GamingBoosterDebug|Mixed Platforms.Build.0 = Debug|x86
		{D21BFE21-20EB-48B8-BA66-9B7F639DFF95}.GamingBoosterDebug|x64.ActiveCfg = Debug|x86
		{D21BFE21-20EB-48B8-BA66-9B7F639DFF95}.GamingBoosterDebug|x86.ActiveCfg = Debug|x86
		{D21BFE21-20EB-48B8-BA66-9B7F639DFF95}.GamingBoosterDebug|x86.Build.0 = Debug|x86
		{D21BFE21-20EB-48B8-BA66-9B7F639DFF95}.GamingBoosterRelease|Any CPU.ActiveCfg = GamingBoosterRelease|Any CPU
		{D21BFE21-20EB-48B8-BA66-9B7F639DFF95}.GamingBoosterRelease|Any CPU.Build.0 = GamingBoosterRelease|Any CPU
		{D21BFE21-20EB-48B8-BA66-9B7F639DFF95}.GamingBoosterRelease|Mixed Platforms.ActiveCfg = Release|x86
		{D21BFE21-20EB-48B8-BA66-9B7F639DFF95}.GamingBoosterRelease|Mixed Platforms.Build.0 = Release|x86
		{D21BFE21-20EB-48B8-BA66-9B7F639DFF95}.GamingBoosterRelease|x64.ActiveCfg = Release|x86
		{D21BFE21-20EB-48B8-BA66-9B7F639DFF95}.GamingBoosterRelease|x86.ActiveCfg = Release|x86
		{D21BFE21-20EB-48B8-BA66-9B7F639DFF95}.GamingBoosterRelease|x86.Build.0 = Release|x86
		{D21BFE21-20EB-48B8-BA66-9B7F639DFF95}.PCCleanerDebug|Any CPU.ActiveCfg = PCCleanerDebug|Any CPU
		{D21BFE21-20EB-48B8-BA66-9B7F639DFF95}.PCCleanerDebug|Any CPU.Build.0 = PCCleanerDebug|Any CPU
		{D21BFE21-20EB-48B8-BA66-9B7F639DFF95}.PCCleanerDebug|Mixed Platforms.ActiveCfg = PCCleanerDebug|x86
		{D21BFE21-20EB-48B8-BA66-9B7F639DFF95}.PCCleanerDebug|Mixed Platforms.Build.0 = PCCleanerDebug|x86
		{D21BFE21-20EB-48B8-BA66-9B7F639DFF95}.PCCleanerDebug|x64.ActiveCfg = PCCleanerDebug|x86
		{D21BFE21-20EB-48B8-BA66-9B7F639DFF95}.PCCleanerDebug|x86.ActiveCfg = PCCleanerDebug|x86
		{D21BFE21-20EB-48B8-BA66-9B7F639DFF95}.PCCleanerDebug|x86.Build.0 = PCCleanerDebug|x86
		{D21BFE21-20EB-48B8-BA66-9B7F639DFF95}.PCCleanerRelease|Any CPU.ActiveCfg = PCCleanerRelease|Any CPU
		{D21BFE21-20EB-48B8-BA66-9B7F639DFF95}.PCCleanerRelease|Any CPU.Build.0 = PCCleanerRelease|Any CPU
		{D21BFE21-20EB-48B8-BA66-9B7F639DFF95}.PCCleanerRelease|Mixed Platforms.ActiveCfg = PCCleanerRelease|x86
		{D21BFE21-20EB-48B8-BA66-9B7F639DFF95}.PCCleanerRelease|Mixed Platforms.Build.0 = PCCleanerRelease|x86
		{D21BFE21-20EB-48B8-BA66-9B7F639DFF95}.PCCleanerRelease|x64.ActiveCfg = PCCleanerRelease|x86
		{D21BFE21-20EB-48B8-BA66-9B7F639DFF95}.PCCleanerRelease|x86.ActiveCfg = PCCleanerRelease|x86
		{D21BFE21-20EB-48B8-BA66-9B7F639DFF95}.PCCleanerRelease|x86.Build.0 = PCCleanerRelease|x86
		{D21BFE21-20EB-48B8-BA66-9B7F639DFF95}.Release|Any CPU.ActiveCfg = Release|Any CPU
		{D21BFE21-20EB-48B8-BA66-9B7F639DFF95}.Release|Any CPU.Build.0 = Release|Any CPU
		{D21BFE21-20EB-48B8-BA66-9B7F639DFF95}.Release|Mixed Platforms.ActiveCfg = Release|x86
		{D21BFE21-20EB-48B8-BA66-9B7F639DFF95}.Release|Mixed Platforms.Build.0 = Release|x86
		{D21BFE21-20EB-48B8-BA66-9B7F639DFF95}.Release|x64.ActiveCfg = Release|x86
		{D21BFE21-20EB-48B8-BA66-9B7F639DFF95}.Release|x86.ActiveCfg = Release|x86
		{D21BFE21-20EB-48B8-BA66-9B7F639DFF95}.Release|x86.Build.0 = Release|x86
		{8C4BCD19-B00A-4C79-84F5-E474E7204FB7}.Debug|Any CPU.ActiveCfg = Debug|Any CPU
		{8C4BCD19-B00A-4C79-84F5-E474E7204FB7}.Debug|Any CPU.Build.0 = Debug|Any CPU
		{8C4BCD19-B00A-4C79-84F5-E474E7204FB7}.Debug|Mixed Platforms.ActiveCfg = Debug|Any CPU
		{8C4BCD19-B00A-4C79-84F5-E474E7204FB7}.Debug|Mixed Platforms.Build.0 = Debug|Any CPU
		{8C4BCD19-B00A-4C79-84F5-E474E7204FB7}.Debug|x64.ActiveCfg = Debug|x64
		{8C4BCD19-B00A-4C79-84F5-E474E7204FB7}.Debug|x64.Build.0 = Debug|x64
		{8C4BCD19-B00A-4C79-84F5-E474E7204FB7}.Debug|x86.ActiveCfg = Debug|x86
		{8C4BCD19-B00A-4C79-84F5-E474E7204FB7}.Debug|x86.Build.0 = Debug|x86
		{8C4BCD19-B00A-4C79-84F5-E474E7204FB7}.GamingBoosterDebug|Any CPU.ActiveCfg = GamingBoosterDebug|Any CPU
		{8C4BCD19-B00A-4C79-84F5-E474E7204FB7}.GamingBoosterDebug|Any CPU.Build.0 = GamingBoosterDebug|Any CPU
		{8C4BCD19-B00A-4C79-84F5-E474E7204FB7}.GamingBoosterDebug|Mixed Platforms.ActiveCfg = GamingBoosterDebug|x64
		{8C4BCD19-B00A-4C79-84F5-E474E7204FB7}.GamingBoosterDebug|Mixed Platforms.Build.0 = GamingBoosterDebug|x64
		{8C4BCD19-B00A-4C79-84F5-E474E7204FB7}.GamingBoosterDebug|x64.ActiveCfg = GamingBoosterDebug|x64
		{8C4BCD19-B00A-4C79-84F5-E474E7204FB7}.GamingBoosterDebug|x64.Build.0 = GamingBoosterDebug|x64
		{8C4BCD19-B00A-4C79-84F5-E474E7204FB7}.GamingBoosterDebug|x86.ActiveCfg = GamingBoosterDebug|x86
		{8C4BCD19-B00A-4C79-84F5-E474E7204FB7}.GamingBoosterDebug|x86.Build.0 = GamingBoosterDebug|x86
		{8C4BCD19-B00A-4C79-84F5-E474E7204FB7}.GamingBoosterRelease|Any CPU.ActiveCfg = GamingBoosterRelease|Any CPU
		{8C4BCD19-B00A-4C79-84F5-E474E7204FB7}.GamingBoosterRelease|Any CPU.Build.0 = GamingBoosterRelease|Any CPU
		{8C4BCD19-B00A-4C79-84F5-E474E7204FB7}.GamingBoosterRelease|Mixed Platforms.ActiveCfg = GamingBoosterRelease|x64
		{8C4BCD19-B00A-4C79-84F5-E474E7204FB7}.GamingBoosterRelease|Mixed Platforms.Build.0 = GamingBoosterRelease|x64
		{8C4BCD19-B00A-4C79-84F5-E474E7204FB7}.GamingBoosterRelease|x64.ActiveCfg = GamingBoosterRelease|x64
		{8C4BCD19-B00A-4C79-84F5-E474E7204FB7}.GamingBoosterRelease|x64.Build.0 = GamingBoosterRelease|x64
		{8C4BCD19-B00A-4C79-84F5-E474E7204FB7}.GamingBoosterRelease|x86.ActiveCfg = GamingBoosterRelease|x86
		{8C4BCD19-B00A-4C79-84F5-E474E7204FB7}.GamingBoosterRelease|x86.Build.0 = GamingBoosterRelease|x86
		{8C4BCD19-B00A-4C79-84F5-E474E7204FB7}.PCCleanerDebug|Any CPU.ActiveCfg = PCCleanerDebug|Any CPU
		{8C4BCD19-B00A-4C79-84F5-E474E7204FB7}.PCCleanerDebug|Any CPU.Build.0 = PCCleanerDebug|Any CPU
		{8C4BCD19-B00A-4C79-84F5-E474E7204FB7}.PCCleanerDebug|Mixed Platforms.ActiveCfg = PCCleanerDebug|Any CPU
		{8C4BCD19-B00A-4C79-84F5-E474E7204FB7}.PCCleanerDebug|Mixed Platforms.Build.0 = PCCleanerDebug|Any CPU
		{8C4BCD19-B00A-4C79-84F5-E474E7204FB7}.PCCleanerDebug|x64.ActiveCfg = PCCleanerDebug|x64
		{8C4BCD19-B00A-4C79-84F5-E474E7204FB7}.PCCleanerDebug|x64.Build.0 = PCCleanerDebug|x64
		{8C4BCD19-B00A-4C79-84F5-E474E7204FB7}.PCCleanerDebug|x86.ActiveCfg = PCCleanerDebug|x86
		{8C4BCD19-B00A-4C79-84F5-E474E7204FB7}.PCCleanerDebug|x86.Build.0 = PCCleanerDebug|x86
		{8C4BCD19-B00A-4C79-84F5-E474E7204FB7}.PCCleanerRelease|Any CPU.ActiveCfg = PCCleanerRelease|Any CPU
		{8C4BCD19-B00A-4C79-84F5-E474E7204FB7}.PCCleanerRelease|Any CPU.Build.0 = PCCleanerRelease|Any CPU
		{8C4BCD19-B00A-4C79-84F5-E474E7204FB7}.PCCleanerRelease|Mixed Platforms.ActiveCfg = PCCleanerRelease|Any CPU
		{8C4BCD19-B00A-4C79-84F5-E474E7204FB7}.PCCleanerRelease|Mixed Platforms.Build.0 = PCCleanerRelease|Any CPU
		{8C4BCD19-B00A-4C79-84F5-E474E7204FB7}.PCCleanerRelease|x64.ActiveCfg = PCCleanerRelease|x64
		{8C4BCD19-B00A-4C79-84F5-E474E7204FB7}.PCCleanerRelease|x64.Build.0 = PCCleanerRelease|x64
		{8C4BCD19-B00A-4C79-84F5-E474E7204FB7}.PCCleanerRelease|x86.ActiveCfg = PCCleanerRelease|x86
		{8C4BCD19-B00A-4C79-84F5-E474E7204FB7}.PCCleanerRelease|x86.Build.0 = PCCleanerRelease|x86
		{8C4BCD19-B00A-4C79-84F5-E474E7204FB7}.Release|Any CPU.ActiveCfg = Release|Any CPU
		{8C4BCD19-B00A-4C79-84F5-E474E7204FB7}.Release|Any CPU.Build.0 = Release|Any CPU
		{8C4BCD19-B00A-4C79-84F5-E474E7204FB7}.Release|Mixed Platforms.ActiveCfg = Release|Any CPU
		{8C4BCD19-B00A-4C79-84F5-E474E7204FB7}.Release|Mixed Platforms.Build.0 = Release|Any CPU
		{8C4BCD19-B00A-4C79-84F5-E474E7204FB7}.Release|x64.ActiveCfg = Release|x64
		{8C4BCD19-B00A-4C79-84F5-E474E7204FB7}.Release|x64.Build.0 = Release|x64
		{8C4BCD19-B00A-4C79-84F5-E474E7204FB7}.Release|x86.ActiveCfg = Release|x86
		{8C4BCD19-B00A-4C79-84F5-E474E7204FB7}.Release|x86.Build.0 = Release|x86
		{DD71F98A-B510-4A5E-A77A-377CB0DE840F}.Debug|Any CPU.ActiveCfg = Debug|Any CPU
		{DD71F98A-B510-4A5E-A77A-377CB0DE840F}.Debug|Any CPU.Build.0 = Debug|Any CPU
		{DD71F98A-B510-4A5E-A77A-377CB0DE840F}.Debug|Mixed Platforms.ActiveCfg = Debug|x86
		{DD71F98A-B510-4A5E-A77A-377CB0DE840F}.Debug|Mixed Platforms.Build.0 = Debug|x86
		{DD71F98A-B510-4A5E-A77A-377CB0DE840F}.Debug|x64.ActiveCfg = Debug|x86
		{DD71F98A-B510-4A5E-A77A-377CB0DE840F}.Debug|x86.ActiveCfg = Debug|x86
		{DD71F98A-B510-4A5E-A77A-377CB0DE840F}.Debug|x86.Build.0 = Debug|x86
		{DD71F98A-B510-4A5E-A77A-377CB0DE840F}.GamingBoosterDebug|Any CPU.ActiveCfg = GamingBoosterDebug|Any CPU
		{DD71F98A-B510-4A5E-A77A-377CB0DE840F}.GamingBoosterDebug|Any CPU.Build.0 = GamingBoosterDebug|Any CPU
		{DD71F98A-B510-4A5E-A77A-377CB0DE840F}.GamingBoosterDebug|Mixed Platforms.ActiveCfg = GamingBoosterDebug|Any CPU
		{DD71F98A-B510-4A5E-A77A-377CB0DE840F}.GamingBoosterDebug|Mixed Platforms.Build.0 = GamingBoosterDebug|Any CPU
		{DD71F98A-B510-4A5E-A77A-377CB0DE840F}.GamingBoosterDebug|x64.ActiveCfg = GamingBoosterDebug|Any CPU
		{DD71F98A-B510-4A5E-A77A-377CB0DE840F}.GamingBoosterDebug|x86.ActiveCfg = GamingBoosterDebug|Any CPU
		{DD71F98A-B510-4A5E-A77A-377CB0DE840F}.GamingBoosterRelease|Any CPU.ActiveCfg = GamingBoosterRelease|Any CPU
		{DD71F98A-B510-4A5E-A77A-377CB0DE840F}.GamingBoosterRelease|Any CPU.Build.0 = GamingBoosterRelease|Any CPU
		{DD71F98A-B510-4A5E-A77A-377CB0DE840F}.GamingBoosterRelease|Mixed Platforms.ActiveCfg = GamingBoosterRelease|Any CPU
		{DD71F98A-B510-4A5E-A77A-377CB0DE840F}.GamingBoosterRelease|Mixed Platforms.Build.0 = GamingBoosterRelease|Any CPU
		{DD71F98A-B510-4A5E-A77A-377CB0DE840F}.GamingBoosterRelease|x64.ActiveCfg = GamingBoosterRelease|Any CPU
		{DD71F98A-B510-4A5E-A77A-377CB0DE840F}.GamingBoosterRelease|x86.ActiveCfg = GamingBoosterRelease|Any CPU
		{DD71F98A-B510-4A5E-A77A-377CB0DE840F}.PCCleanerDebug|Any CPU.ActiveCfg = PCCleanerDebug|Any CPU
		{DD71F98A-B510-4A5E-A77A-377CB0DE840F}.PCCleanerDebug|Any CPU.Build.0 = PCCleanerDebug|Any CPU
		{DD71F98A-B510-4A5E-A77A-377CB0DE840F}.PCCleanerDebug|Mixed Platforms.ActiveCfg = PCCleanerDebug|x86
		{DD71F98A-B510-4A5E-A77A-377CB0DE840F}.PCCleanerDebug|Mixed Platforms.Build.0 = PCCleanerDebug|x86
		{DD71F98A-B510-4A5E-A77A-377CB0DE840F}.PCCleanerDebug|x64.ActiveCfg = PCCleanerDebug|x86
		{DD71F98A-B510-4A5E-A77A-377CB0DE840F}.PCCleanerDebug|x86.ActiveCfg = PCCleanerDebug|x86
		{DD71F98A-B510-4A5E-A77A-377CB0DE840F}.PCCleanerDebug|x86.Build.0 = PCCleanerDebug|x86
		{DD71F98A-B510-4A5E-A77A-377CB0DE840F}.PCCleanerRelease|Any CPU.ActiveCfg = PCCleanerRelease|Any CPU
		{DD71F98A-B510-4A5E-A77A-377CB0DE840F}.PCCleanerRelease|Any CPU.Build.0 = PCCleanerRelease|Any CPU
		{DD71F98A-B510-4A5E-A77A-377CB0DE840F}.PCCleanerRelease|Mixed Platforms.ActiveCfg = PCCleanerRelease|x86
		{DD71F98A-B510-4A5E-A77A-377CB0DE840F}.PCCleanerRelease|Mixed Platforms.Build.0 = PCCleanerRelease|x86
		{DD71F98A-B510-4A5E-A77A-377CB0DE840F}.PCCleanerRelease|x64.ActiveCfg = PCCleanerRelease|x86
		{DD71F98A-B510-4A5E-A77A-377CB0DE840F}.PCCleanerRelease|x86.ActiveCfg = PCCleanerRelease|x86
		{DD71F98A-B510-4A5E-A77A-377CB0DE840F}.PCCleanerRelease|x86.Build.0 = PCCleanerRelease|x86
		{DD71F98A-B510-4A5E-A77A-377CB0DE840F}.Release|Any CPU.ActiveCfg = Release|Any CPU
		{DD71F98A-B510-4A5E-A77A-377CB0DE840F}.Release|Any CPU.Build.0 = Release|Any CPU
		{DD71F98A-B510-4A5E-A77A-377CB0DE840F}.Release|Mixed Platforms.ActiveCfg = Release|x86
		{DD71F98A-B510-4A5E-A77A-377CB0DE840F}.Release|Mixed Platforms.Build.0 = Release|x86
		{DD71F98A-B510-4A5E-A77A-377CB0DE840F}.Release|x64.ActiveCfg = Release|x86
		{DD71F98A-B510-4A5E-A77A-377CB0DE840F}.Release|x86.ActiveCfg = Release|x86
		{DD71F98A-B510-4A5E-A77A-377CB0DE840F}.Release|x86.Build.0 = Release|x86
		{DCCEEBA8-B0DE-4401-A8EC-54178C505B68}.Debug|Any CPU.ActiveCfg = Debug|Any CPU
		{DCCEEBA8-B0DE-4401-A8EC-54178C505B68}.Debug|Any CPU.Build.0 = Debug|Any CPU
		{DCCEEBA8-B0DE-4401-A8EC-54178C505B68}.Debug|Mixed Platforms.ActiveCfg = Debug|Any CPU
		{DCCEEBA8-B0DE-4401-A8EC-54178C505B68}.Debug|Mixed Platforms.Build.0 = Debug|Any CPU
		{DCCEEBA8-B0DE-4401-A8EC-54178C505B68}.Debug|x64.ActiveCfg = Debug|Any CPU
		{DCCEEBA8-B0DE-4401-A8EC-54178C505B68}.Debug|x86.ActiveCfg = Debug|Any CPU
		{DCCEEBA8-B0DE-4401-A8EC-54178C505B68}.GamingBoosterDebug|Any CPU.ActiveCfg = GamingBoosterDebug|Any CPU
		{DCCEEBA8-B0DE-4401-A8EC-54178C505B68}.GamingBoosterDebug|Any CPU.Build.0 = GamingBoosterDebug|Any CPU
		{DCCEEBA8-B0DE-4401-A8EC-54178C505B68}.GamingBoosterDebug|Mixed Platforms.ActiveCfg = GamingBoosterDebug|Any CPU
		{DCCEEBA8-B0DE-4401-A8EC-54178C505B68}.GamingBoosterDebug|Mixed Platforms.Build.0 = GamingBoosterDebug|Any CPU
		{DCCEEBA8-B0DE-4401-A8EC-54178C505B68}.GamingBoosterDebug|x64.ActiveCfg = GamingBoosterDebug|Any CPU
		{DCCEEBA8-B0DE-4401-A8EC-54178C505B68}.GamingBoosterDebug|x86.ActiveCfg = GamingBoosterDebug|Any CPU
		{DCCEEBA8-B0DE-4401-A8EC-54178C505B68}.GamingBoosterRelease|Any CPU.ActiveCfg = GamingBoosterRelease|Any CPU
		{DCCEEBA8-B0DE-4401-A8EC-54178C505B68}.GamingBoosterRelease|Any CPU.Build.0 = GamingBoosterRelease|Any CPU
		{DCCEEBA8-B0DE-4401-A8EC-54178C505B68}.GamingBoosterRelease|Mixed Platforms.ActiveCfg = GamingBoosterRelease|Any CPU
		{DCCEEBA8-B0DE-4401-A8EC-54178C505B68}.GamingBoosterRelease|Mixed Platforms.Build.0 = GamingBoosterRelease|Any CPU
		{DCCEEBA8-B0DE-4401-A8EC-54178C505B68}.GamingBoosterRelease|x64.ActiveCfg = GamingBoosterRelease|Any CPU
		{DCCEEBA8-B0DE-4401-A8EC-54178C505B68}.GamingBoosterRelease|x86.ActiveCfg = GamingBoosterRelease|Any CPU
		{DCCEEBA8-B0DE-4401-A8EC-54178C505B68}.PCCleanerDebug|Any CPU.ActiveCfg = PCCleanerDebug|Any CPU
		{DCCEEBA8-B0DE-4401-A8EC-54178C505B68}.PCCleanerDebug|Any CPU.Build.0 = PCCleanerDebug|Any CPU
		{DCCEEBA8-B0DE-4401-A8EC-54178C505B68}.PCCleanerDebug|Mixed Platforms.ActiveCfg = PCCleanerDebug|Any CPU
		{DCCEEBA8-B0DE-4401-A8EC-54178C505B68}.PCCleanerDebug|Mixed Platforms.Build.0 = PCCleanerDebug|Any CPU
		{DCCEEBA8-B0DE-4401-A8EC-54178C505B68}.PCCleanerDebug|x64.ActiveCfg = PCCleanerDebug|Any CPU
		{DCCEEBA8-B0DE-4401-A8EC-54178C505B68}.PCCleanerDebug|x86.ActiveCfg = PCCleanerDebug|Any CPU
		{DCCEEBA8-B0DE-4401-A8EC-54178C505B68}.PCCleanerRelease|Any CPU.ActiveCfg = PCCleanerRelease|Any CPU
		{DCCEEBA8-B0DE-4401-A8EC-54178C505B68}.PCCleanerRelease|Any CPU.Build.0 = PCCleanerRelease|Any CPU
		{DCCEEBA8-B0DE-4401-A8EC-54178C505B68}.PCCleanerRelease|Mixed Platforms.ActiveCfg = PCCleanerRelease|Any CPU
		{DCCEEBA8-B0DE-4401-A8EC-54178C505B68}.PCCleanerRelease|Mixed Platforms.Build.0 = PCCleanerRelease|Any CPU
		{DCCEEBA8-B0DE-4401-A8EC-54178C505B68}.PCCleanerRelease|x64.ActiveCfg = PCCleanerRelease|Any CPU
		{DCCEEBA8-B0DE-4401-A8EC-54178C505B68}.PCCleanerRelease|x86.ActiveCfg = PCCleanerRelease|Any CPU
		{DCCEEBA8-B0DE-4401-A8EC-54178C505B68}.Release|Any CPU.ActiveCfg = Release|Any CPU
		{DCCEEBA8-B0DE-4401-A8EC-54178C505B68}.Release|Any CPU.Build.0 = Release|Any CPU
		{DCCEEBA8-B0DE-4401-A8EC-54178C505B68}.Release|Mixed Platforms.ActiveCfg = Release|Any CPU
		{DCCEEBA8-B0DE-4401-A8EC-54178C505B68}.Release|Mixed Platforms.Build.0 = Release|Any CPU
		{DCCEEBA8-B0DE-4401-A8EC-54178C505B68}.Release|x64.ActiveCfg = Release|Any CPU
		{DCCEEBA8-B0DE-4401-A8EC-54178C505B68}.Release|x86.ActiveCfg = Release|Any CPU
		{0E5F0D45-A3AE-4732-AB75-93DE36A9C4C7}.Debug|Any CPU.ActiveCfg = Debug|Any CPU
		{0E5F0D45-A3AE-4732-AB75-93DE36A9C4C7}.Debug|Any CPU.Build.0 = Debug|Any CPU
		{0E5F0D45-A3AE-4732-AB75-93DE36A9C4C7}.Debug|Mixed Platforms.ActiveCfg = Debug|Any CPU
		{0E5F0D45-A3AE-4732-AB75-93DE36A9C4C7}.Debug|Mixed Platforms.Build.0 = Debug|Any CPU
		{0E5F0D45-A3AE-4732-AB75-93DE36A9C4C7}.Debug|x64.ActiveCfg = Debug|Any CPU
		{0E5F0D45-A3AE-4732-AB75-93DE36A9C4C7}.Debug|x86.ActiveCfg = Debug|Any CPU
		{0E5F0D45-A3AE-4732-AB75-93DE36A9C4C7}.GamingBoosterDebug|Any CPU.ActiveCfg = GamingBoosterDebug|Any CPU
		{0E5F0D45-A3AE-4732-AB75-93DE36A9C4C7}.GamingBoosterDebug|Any CPU.Build.0 = GamingBoosterDebug|Any CPU
		{0E5F0D45-A3AE-4732-AB75-93DE36A9C4C7}.GamingBoosterDebug|Mixed Platforms.ActiveCfg = Debug|Any CPU
		{0E5F0D45-A3AE-4732-AB75-93DE36A9C4C7}.GamingBoosterDebug|Mixed Platforms.Build.0 = Debug|Any CPU
		{0E5F0D45-A3AE-4732-AB75-93DE36A9C4C7}.GamingBoosterDebug|x64.ActiveCfg = Debug|Any CPU
		{0E5F0D45-A3AE-4732-AB75-93DE36A9C4C7}.GamingBoosterDebug|x86.ActiveCfg = Debug|Any CPU
		{0E5F0D45-A3AE-4732-AB75-93DE36A9C4C7}.GamingBoosterRelease|Any CPU.ActiveCfg = GamingBoosterRelease|Any CPU
		{0E5F0D45-A3AE-4732-AB75-93DE36A9C4C7}.GamingBoosterRelease|Any CPU.Build.0 = GamingBoosterRelease|Any CPU
		{0E5F0D45-A3AE-4732-AB75-93DE36A9C4C7}.GamingBoosterRelease|Mixed Platforms.ActiveCfg = Release|Any CPU
		{0E5F0D45-A3AE-4732-AB75-93DE36A9C4C7}.GamingBoosterRelease|Mixed Platforms.Build.0 = Release|Any CPU
		{0E5F0D45-A3AE-4732-AB75-93DE36A9C4C7}.GamingBoosterRelease|x64.ActiveCfg = Release|Any CPU
		{0E5F0D45-A3AE-4732-AB75-93DE36A9C4C7}.GamingBoosterRelease|x86.ActiveCfg = Release|Any CPU
		{0E5F0D45-A3AE-4732-AB75-93DE36A9C4C7}.PCCleanerDebug|Any CPU.ActiveCfg = PCCleanerDebug|Any CPU
		{0E5F0D45-A3AE-4732-AB75-93DE36A9C4C7}.PCCleanerDebug|Any CPU.Build.0 = PCCleanerDebug|Any CPU
		{0E5F0D45-A3AE-4732-AB75-93DE36A9C4C7}.PCCleanerDebug|Mixed Platforms.ActiveCfg = PCCleanerDebug|Any CPU
		{0E5F0D45-A3AE-4732-AB75-93DE36A9C4C7}.PCCleanerDebug|Mixed Platforms.Build.0 = PCCleanerDebug|Any CPU
		{0E5F0D45-A3AE-4732-AB75-93DE36A9C4C7}.PCCleanerDebug|x64.ActiveCfg = PCCleanerDebug|Any CPU
		{0E5F0D45-A3AE-4732-AB75-93DE36A9C4C7}.PCCleanerDebug|x86.ActiveCfg = PCCleanerDebug|Any CPU
		{0E5F0D45-A3AE-4732-AB75-93DE36A9C4C7}.PCCleanerRelease|Any CPU.ActiveCfg = PCCleanerRelease|Any CPU
		{0E5F0D45-A3AE-4732-AB75-93DE36A9C4C7}.PCCleanerRelease|Any CPU.Build.0 = PCCleanerRelease|Any CPU
		{0E5F0D45-A3AE-4732-AB75-93DE36A9C4C7}.PCCleanerRelease|Mixed Platforms.ActiveCfg = PCCleanerRelease|Any CPU
		{0E5F0D45-A3AE-4732-AB75-93DE36A9C4C7}.PCCleanerRelease|Mixed Platforms.Build.0 = PCCleanerRelease|Any CPU
		{0E5F0D45-A3AE-4732-AB75-93DE36A9C4C7}.PCCleanerRelease|x64.ActiveCfg = PCCleanerRelease|Any CPU
		{0E5F0D45-A3AE-4732-AB75-93DE36A9C4C7}.PCCleanerRelease|x86.ActiveCfg = PCCleanerRelease|Any CPU
		{0E5F0D45-A3AE-4732-AB75-93DE36A9C4C7}.Release|Any CPU.ActiveCfg = Release|Any CPU
		{0E5F0D45-A3AE-4732-AB75-93DE36A9C4C7}.Release|Any CPU.Build.0 = Release|Any CPU
		{0E5F0D45-A3AE-4732-AB75-93DE36A9C4C7}.Release|Mixed Platforms.ActiveCfg = Release|Any CPU
		{0E5F0D45-A3AE-4732-AB75-93DE36A9C4C7}.Release|Mixed Platforms.Build.0 = Release|Any CPU
		{0E5F0D45-A3AE-4732-AB75-93DE36A9C4C7}.Release|x64.ActiveCfg = Release|Any CPU
		{0E5F0D45-A3AE-4732-AB75-93DE36A9C4C7}.Release|x86.ActiveCfg = Release|Any CPU
	EndGlobalSection
	GlobalSection(SolutionProperties) = preSolution
		HideSolutionNode = FALSE
	EndGlobalSection
	GlobalSection(SubversionScc) = preSolution
		Svn-Managed = True
		Manager = AnkhSVN - Subversion Support for Visual Studio
	EndGlobalSection
EndGlobal
