
Microsoft Visual Studio Solution File, Format Version 11.00
# Visual Studio 2010
Project("{FAE04EC0-301F-11D3-BF4B-00C04F79EFBC}") = "FreeToolbarRemover", "FreeToolbarRemover\FreeToolbarRemover.csproj", "{0D9542F5-0E0D-4F7E-BB6C-6803DAC2D838}"
EndProject
Project("{FAE04EC0-301F-11D3-BF4B-00C04F79EFBC}") = "Knots.SystemInformation", "Knots\System Information\Knots.SystemInformation.csproj", "{D21BFE21-20EB-48B8-BA66-9B7F639DFF95}"
EndProject
Project("{FAE04EC0-301F-11D3-BF4B-00C04F79EFBC}") = "FreemiumUtilities.IEToolbarRemover", "FreemiumUtilities.IEToolbarRemover\FreemiumUtilities.IEToolbarRemover.csproj", "{F6B127C7-763E-4FBB-B5E0-BDA4A6A1B8B0}"
EndProject
Project("{FAE04EC0-301F-11D3-BF4B-00C04F79EFBC}") = "FreemiumUtilities.MozillaToolbarRemover", "FreemiumUtilities.MozillaToolbarRemover\FreemiumUtilities.MozillaToolbarRemover.csproj", "{AE26C37C-32AE-4C7B-AE5D-73AA5C0959CF}"
EndProject
Project("{FAE04EC0-301F-11D3-BF4B-00C04F79EFBC}") = "FreemiumUtilities.ChromeToolbarRemover", "FreemiumUtilities.ChromeToolbarRemover\FreemiumUtilities.ChromeToolbarRemover.csproj", "{15495697-FAB3-42CE-B6FF-C250DDCBAD2B}"
EndProject
Project("{FAE04EC0-301F-11D3-BF4B-00C04F79EFBC}") = "FreemiumUtilities.Spyware", "FreemiumUtilities.Spyware\FreemiumUtilities.Spyware.csproj", "{DFFF70FD-037A-49A2-911D-CF0226D27921}"
EndProject
Project("{FAE04EC0-301F-11D3-BF4B-00C04F79EFBC}") = "Knots.Security.BrowserAssistant", "Knots\Security And Privacy\BrowserAssistant\Knots.Security.BrowserAssistant.csproj", "{946408FB-7747-4485-935E-41F193994532}"
EndProject
Project("{FAE04EC0-301F-11D3-BF4B-00C04F79EFBC}") = "FreemiumUtil", "FreemiumUtil\FreemiumUtil.csproj", "{BAE70997-B37E-4FC6-A605-17967A89B7F9}"
EndProject
Project("{FAE04EC0-301F-11D3-BF4B-00C04F79EFBC}") = "FreemiumUtilities.Infrastructure", "FreemiumUtilities.Infrastructure\FreemiumUtilities.Infrastructure.csproj", "{A98D8752-DCD1-4EDF-B0B5-3E90351050AF}"
EndProject
Global
	GlobalSection(SolutionConfigurationPlatforms) = preSolution
		Debug|Any CPU = Debug|Any CPU
		Debug|Mixed Platforms = Debug|Mixed Platforms
		Debug|x64 = Debug|x64
		Debug|x86 = Debug|x86
		GamingBoosterDebug|Any CPU = GamingBoosterDebug|Any CPU
		GamingBoosterDebug|Mixed Platforms = GamingBoosterDebug|Mixed Platforms
		GamingBoosterDebug|x64 = GamingBoosterDebug|x64
		GamingBoosterDebug|x86 = GamingBoosterDebug|x86
		GamingBoosterRelease|Any CPU = GamingBoosterRelease|Any CPU
		GamingBoosterRelease|Mixed Platforms = GamingBoosterRelease|Mixed Platforms
		GamingBoosterRelease|x64 = GamingBoosterRelease|x64
		GamingBoosterRelease|x86 = GamingBoosterRelease|x86
		PCCleanerDebug|Any CPU = PCCleanerDebug|Any CPU
		PCCleanerDebug|Mixed Platforms = PCCleanerDebug|Mixed Platforms
		PCCleanerDebug|x64 = PCCleanerDebug|x64
		PCCleanerDebug|x86 = PCCleanerDebug|x86
		PCCleanerRelease|Any CPU = PCCleanerRelease|Any CPU
		PCCleanerRelease|Mixed Platforms = PCCleanerRelease|Mixed Platforms
		PCCleanerRelease|x64 = PCCleanerRelease|x64
		PCCleanerRelease|x86 = PCCleanerRelease|x86
		Release|Any CPU = Release|Any CPU
		Release|Mixed Platforms = Release|Mixed Platforms
		Release|x64 = Release|x64
		Release|x86 = Release|x86
		ToolBarRemoverDebug|Any CPU = ToolBarRemoverDebug|Any CPU
		ToolBarRemoverDebug|Mixed Platforms = ToolBarRemoverDebug|Mixed Platforms
		ToolBarRemoverDebug|x64 = ToolBarRemoverDebug|x64
		ToolBarRemoverDebug|x86 = ToolBarRemoverDebug|x86
		ToolBarRemoverRelease|Any CPU = ToolBarRemoverRelease|Any CPU
		ToolBarRemoverRelease|Mixed Platforms = ToolBarRemoverRelease|Mixed Platforms
		ToolBarRemoverRelease|x64 = ToolBarRemoverRelease|x64
		ToolBarRemoverRelease|x86 = ToolBarRemoverRelease|x86
	EndGlobalSection
	GlobalSection(ProjectConfigurationPlatforms) = postSolution
		{0D9542F5-0E0D-4F7E-BB6C-6803DAC2D838}.Debug|Any CPU.ActiveCfg = Debug|Any CPU
		{0D9542F5-0E0D-4F7E-BB6C-6803DAC2D838}.Debug|Any CPU.Build.0 = Debug|Any CPU
		{0D9542F5-0E0D-4F7E-BB6C-6803DAC2D838}.Debug|Mixed Platforms.ActiveCfg = Debug|Any CPU
		{0D9542F5-0E0D-4F7E-BB6C-6803DAC2D838}.Debug|Mixed Platforms.Build.0 = Debug|Any CPU
		{0D9542F5-0E0D-4F7E-BB6C-6803DAC2D838}.Debug|x64.ActiveCfg = Debug|x86
		{0D9542F5-0E0D-4F7E-BB6C-6803DAC2D838}.Debug|x86.ActiveCfg = Debug|x86
		{0D9542F5-0E0D-4F7E-BB6C-6803DAC2D838}.Debug|x86.Build.0 = Debug|x86
		{0D9542F5-0E0D-4F7E-BB6C-6803DAC2D838}.GamingBoosterDebug|Any CPU.ActiveCfg = Debug|Any CPU
		{0D9542F5-0E0D-4F7E-BB6C-6803DAC2D838}.GamingBoosterDebug|Any CPU.Build.0 = Debug|Any CPU
		{0D9542F5-0E0D-4F7E-BB6C-6803DAC2D838}.GamingBoosterDebug|Mixed Platforms.ActiveCfg = Debug|Any CPU
		{0D9542F5-0E0D-4F7E-BB6C-6803DAC2D838}.GamingBoosterDebug|Mixed Platforms.Build.0 = Debug|Any CPU
		{0D9542F5-0E0D-4F7E-BB6C-6803DAC2D838}.GamingBoosterDebug|x64.ActiveCfg = Debug|Any CPU
		{0D9542F5-0E0D-4F7E-BB6C-6803DAC2D838}.GamingBoosterDebug|x86.ActiveCfg = Debug|x86
		{0D9542F5-0E0D-4F7E-BB6C-6803DAC2D838}.GamingBoosterDebug|x86.Build.0 = Debug|x86
		{0D9542F5-0E0D-4F7E-BB6C-6803DAC2D838}.GamingBoosterRelease|Any CPU.ActiveCfg = Release|Any CPU
		{0D9542F5-0E0D-4F7E-BB6C-6803DAC2D838}.GamingBoosterRelease|Any CPU.Build.0 = Release|Any CPU
		{0D9542F5-0E0D-4F7E-BB6C-6803DAC2D838}.GamingBoosterRelease|Mixed Platforms.ActiveCfg = Release|Any CPU
		{0D9542F5-0E0D-4F7E-BB6C-6803DAC2D838}.GamingBoosterRelease|Mixed Platforms.Build.0 = Release|Any CPU
		{0D9542F5-0E0D-4F7E-BB6C-6803DAC2D838}.GamingBoosterRelease|x64.ActiveCfg = Release|Any CPU
		{0D9542F5-0E0D-4F7E-BB6C-6803DAC2D838}.GamingBoosterRelease|x86.ActiveCfg = Release|x86
		{0D9542F5-0E0D-4F7E-BB6C-6803DAC2D838}.GamingBoosterRelease|x86.Build.0 = Release|x86
		{0D9542F5-0E0D-4F7E-BB6C-6803DAC2D838}.PCCleanerDebug|Any CPU.ActiveCfg = Debug|Any CPU
		{0D9542F5-0E0D-4F7E-BB6C-6803DAC2D838}.PCCleanerDebug|Any CPU.Build.0 = Debug|Any CPU
		{0D9542F5-0E0D-4F7E-BB6C-6803DAC2D838}.PCCleanerDebug|Mixed Platforms.ActiveCfg = Debug|Any CPU
		{0D9542F5-0E0D-4F7E-BB6C-6803DAC2D838}.PCCleanerDebug|Mixed Platforms.Build.0 = Debug|Any CPU
		{0D9542F5-0E0D-4F7E-BB6C-6803DAC2D838}.PCCleanerDebug|x64.ActiveCfg = Debug|Any CPU
		{0D9542F5-0E0D-4F7E-BB6C-6803DAC2D838}.PCCleanerDebug|x86.ActiveCfg = Debug|x86
		{0D9542F5-0E0D-4F7E-BB6C-6803DAC2D838}.PCCleanerDebug|x86.Build.0 = Debug|x86
		{0D9542F5-0E0D-4F7E-BB6C-6803DAC2D838}.PCCleanerRelease|Any CPU.ActiveCfg = Release|Any CPU
		{0D9542F5-0E0D-4F7E-BB6C-6803DAC2D838}.PCCleanerRelease|Any CPU.Build.0 = Release|Any CPU
		{0D9542F5-0E0D-4F7E-BB6C-6803DAC2D838}.PCCleanerRelease|Mixed Platforms.ActiveCfg = Release|Any CPU
		{0D9542F5-0E0D-4F7E-BB6C-6803DAC2D838}.PCCleanerRelease|Mixed Platforms.Build.0 = Release|Any CPU
		{0D9542F5-0E0D-4F7E-BB6C-6803DAC2D838}.PCCleanerRelease|x64.ActiveCfg = Release|Any CPU
		{0D9542F5-0E0D-4F7E-BB6C-6803DAC2D838}.PCCleanerRelease|x86.ActiveCfg = Release|x86
		{0D9542F5-0E0D-4F7E-BB6C-6803DAC2D838}.PCCleanerRelease|x86.Build.0 = Release|x86
		{0D9542F5-0E0D-4F7E-BB6C-6803DAC2D838}.Release|Any CPU.ActiveCfg = Release|Any CPU
		{0D9542F5-0E0D-4F7E-BB6C-6803DAC2D838}.Release|Any CPU.Build.0 = Release|Any CPU
		{0D9542F5-0E0D-4F7E-BB6C-6803DAC2D838}.Release|Mixed Platforms.ActiveCfg = Release|Any CPU
		{0D9542F5-0E0D-4F7E-BB6C-6803DAC2D838}.Release|Mixed Platforms.Build.0 = Release|Any CPU
		{0D9542F5-0E0D-4F7E-BB6C-6803DAC2D838}.Release|x64.ActiveCfg = Release|x86
		{0D9542F5-0E0D-4F7E-BB6C-6803DAC2D838}.Release|x86.ActiveCfg = Release|x86
		{0D9542F5-0E0D-4F7E-BB6C-6803DAC2D838}.Release|x86.Build.0 = Release|x86
		{0D9542F5-0E0D-4F7E-BB6C-6803DAC2D838}.ToolBarRemoverDebug|Any CPU.ActiveCfg = ToolBarRemoverDebug|x86
		{0D9542F5-0E0D-4F7E-BB6C-6803DAC2D838}.ToolBarRemoverDebug|Any CPU.Build.0 = ToolBarRemoverDebug|x86
		{0D9542F5-0E0D-4F7E-BB6C-6803DAC2D838}.ToolBarRemoverDebug|Mixed Platforms.ActiveCfg = ToolBarRemoverDebug|Any CPU
		{0D9542F5-0E0D-4F7E-BB6C-6803DAC2D838}.ToolBarRemoverDebug|Mixed Platforms.Build.0 = ToolBarRemoverDebug|Any CPU
		{0D9542F5-0E0D-4F7E-BB6C-6803DAC2D838}.ToolBarRemoverDebug|x64.ActiveCfg = ToolBarRemoverDebug|x86
		{0D9542F5-0E0D-4F7E-BB6C-6803DAC2D838}.ToolBarRemoverDebug|x86.ActiveCfg = ToolBarRemoverDebug|x86
		{0D9542F5-0E0D-4F7E-BB6C-6803DAC2D838}.ToolBarRemoverDebug|x86.Build.0 = ToolBarRemoverDebug|x86
		{0D9542F5-0E0D-4F7E-BB6C-6803DAC2D838}.ToolBarRemoverRelease|Any CPU.ActiveCfg = ToolBarRemoverRelease|x86
		{0D9542F5-0E0D-4F7E-BB6C-6803DAC2D838}.ToolBarRemoverRelease|Any CPU.Build.0 = ToolBarRemoverRelease|x86
		{0D9542F5-0E0D-4F7E-BB6C-6803DAC2D838}.ToolBarRemoverRelease|Mixed Platforms.ActiveCfg = ToolBarRemoverRelease|Any CPU
		{0D9542F5-0E0D-4F7E-BB6C-6803DAC2D838}.ToolBarRemoverRelease|Mixed Platforms.Build.0 = ToolBarRemoverRelease|Any CPU
		{0D9542F5-0E0D-4F7E-BB6C-6803DAC2D838}.ToolBarRemoverRelease|x64.ActiveCfg = ToolBarRemoverRelease|x86
		{0D9542F5-0E0D-4F7E-BB6C-6803DAC2D838}.ToolBarRemoverRelease|x86.ActiveCfg = ToolBarRemoverRelease|x86
		{0D9542F5-0E0D-4F7E-BB6C-6803DAC2D838}.ToolBarRemoverRelease|x86.Build.0 = ToolBarRemoverRelease|x86
		{D21BFE21-20EB-48B8-BA66-9B7F639DFF95}.Debug|Any CPU.ActiveCfg = Debug|Any CPU
		{D21BFE21-20EB-48B8-BA66-9B7F639DFF95}.Debug|Any CPU.Build.0 = Debug|Any CPU
		{D21BFE21-20EB-48B8-BA66-9B7F639DFF95}.Debug|Mixed Platforms.ActiveCfg = Debug|x86
		{D21BFE21-20EB-48B8-BA66-9B7F639DFF95}.Debug|Mixed Platforms.Build.0 = Debug|x86
		{D21BFE21-20EB-48B8-BA66-9B7F639DFF95}.Debug|x64.ActiveCfg = Debug|x86
		{D21BFE21-20EB-48B8-BA66-9B7F639DFF95}.Debug|x86.ActiveCfg = Debug|x86
		{D21BFE21-20EB-48B8-BA66-9B7F639DFF95}.Debug|x86.Build.0 = Debug|x86
		{D21BFE21-20EB-48B8-BA66-9B7F639DFF95}.GamingBoosterDebug|Any CPU.ActiveCfg = GamingBoosterDebug|Any CPU
		{D21BFE21-20EB-48B8-BA66-9B7F639DFF95}.GamingBoosterDebug|Any CPU.Build.0 = GamingBoosterDebug|Any CPU
		{D21BFE21-20EB-48B8-BA66-9B7F639DFF95}.GamingBoosterDebug|Mixed Platforms.ActiveCfg = GamingBoosterDebug|x86
		{D21BFE21-20EB-48B8-BA66-9B7F639DFF95}.GamingBoosterDebug|Mixed Platforms.Build.0 = GamingBoosterDebug|x86
		{D21BFE21-20EB-48B8-BA66-9B7F639DFF95}.GamingBoosterDebug|x64.ActiveCfg = GamingBoosterDebug|x86
		{D21BFE21-20EB-48B8-BA66-9B7F639DFF95}.GamingBoosterDebug|x86.ActiveCfg = GamingBoosterDebug|x86
		{D21BFE21-20EB-48B8-BA66-9B7F639DFF95}.GamingBoosterDebug|x86.Build.0 = GamingBoosterDebug|x86
		{D21BFE21-20EB-48B8-BA66-9B7F639DFF95}.GamingBoosterRelease|Any CPU.ActiveCfg = GamingBoosterRelease|Any CPU
		{D21BFE21-20EB-48B8-BA66-9B7F639DFF95}.GamingBoosterRelease|Any CPU.Build.0 = GamingBoosterRelease|Any CPU
		{D21BFE21-20EB-48B8-BA66-9B7F639DFF95}.GamingBoosterRelease|Mixed Platforms.ActiveCfg = GamingBoosterRelease|x86
		{D21BFE21-20EB-48B8-BA66-9B7F639DFF95}.GamingBoosterRelease|Mixed Platforms.Build.0 = GamingBoosterRelease|x86
		{D21BFE21-20EB-48B8-BA66-9B7F639DFF95}.GamingBoosterRelease|x64.ActiveCfg = GamingBoosterRelease|x86
		{D21BFE21-20EB-48B8-BA66-9B7F639DFF95}.GamingBoosterRelease|x86.ActiveCfg = GamingBoosterRelease|x86
		{D21BFE21-20EB-48B8-BA66-9B7F639DFF95}.GamingBoosterRelease|x86.Build.0 = GamingBoosterRelease|x86
		{D21BFE21-20EB-48B8-BA66-9B7F639DFF95}.PCCleanerDebug|Any CPU.ActiveCfg = PCCleanerDebug|Any CPU
		{D21BFE21-20EB-48B8-BA66-9B7F639DFF95}.PCCleanerDebug|Any CPU.Build.0 = PCCleanerDebug|Any CPU
		{D21BFE21-20EB-48B8-BA66-9B7F639DFF95}.PCCleanerDebug|Mixed Platforms.ActiveCfg = PCCleanerDebug|x86
		{D21BFE21-20EB-48B8-BA66-9B7F639DFF95}.PCCleanerDebug|Mixed Platforms.Build.0 = PCCleanerDebug|x86
		{D21BFE21-20EB-48B8-BA66-9B7F639DFF95}.PCCleanerDebug|x64.ActiveCfg = PCCleanerDebug|x86
		{D21BFE21-20EB-48B8-BA66-9B7F639DFF95}.PCCleanerDebug|x86.ActiveCfg = PCCleanerDebug|x86
		{D21BFE21-20EB-48B8-BA66-9B7F639DFF95}.PCCleanerDebug|x86.Build.0 = PCCleanerDebug|x86
		{D21BFE21-20EB-48B8-BA66-9B7F639DFF95}.PCCleanerRelease|Any CPU.ActiveCfg = PCCleanerRelease|Any CPU
		{D21BFE21-20EB-48B8-BA66-9B7F639DFF95}.PCCleanerRelease|Any CPU.Build.0 = PCCleanerRelease|Any CPU
		{D21BFE21-20EB-48B8-BA66-9B7F639DFF95}.PCCleanerRelease|Mixed Platforms.ActiveCfg = PCCleanerRelease|x86
		{D21BFE21-20EB-48B8-BA66-9B7F639DFF95}.PCCleanerRelease|Mixed Platforms.Build.0 = PCCleanerRelease|x86
		{D21BFE21-20EB-48B8-BA66-9B7F639DFF95}.PCCleanerRelease|x64.ActiveCfg = PCCleanerRelease|x86
		{D21BFE21-20EB-48B8-BA66-9B7F639DFF95}.PCCleanerRelease|x86.ActiveCfg = PCCleanerRelease|x86
		{D21BFE21-20EB-48B8-BA66-9B7F639DFF95}.PCCleanerRelease|x86.Build.0 = PCCleanerRelease|x86
		{D21BFE21-20EB-48B8-BA66-9B7F639DFF95}.Release|Any CPU.ActiveCfg = Release|Any CPU
		{D21BFE21-20EB-48B8-BA66-9B7F639DFF95}.Release|Any CPU.Build.0 = Release|Any CPU
		{D21BFE21-20EB-48B8-BA66-9B7F639DFF95}.Release|Mixed Platforms.ActiveCfg = Release|x86
		{D21BFE21-20EB-48B8-BA66-9B7F639DFF95}.Release|Mixed Platforms.Build.0 = Release|x86
		{D21BFE21-20EB-48B8-BA66-9B7F639DFF95}.Release|x64.ActiveCfg = Release|x86
		{D21BFE21-20EB-48B8-BA66-9B7F639DFF95}.Release|x86.ActiveCfg = Release|x86
		{D21BFE21-20EB-48B8-BA66-9B7F639DFF95}.Release|x86.Build.0 = Release|x86
		{D21BFE21-20EB-48B8-BA66-9B7F639DFF95}.ToolBarRemoverDebug|Any CPU.ActiveCfg = ToolBarRemoverDebug|Any CPU
		{D21BFE21-20EB-48B8-BA66-9B7F639DFF95}.ToolBarRemoverDebug|Any CPU.Build.0 = ToolBarRemoverDebug|Any CPU
		{D21BFE21-20EB-48B8-BA66-9B7F639DFF95}.ToolBarRemoverDebug|Mixed Platforms.ActiveCfg = Debug|x86
		{D21BFE21-20EB-48B8-BA66-9B7F639DFF95}.ToolBarRemoverDebug|Mixed Platforms.Build.0 = Debug|x86
		{D21BFE21-20EB-48B8-BA66-9B7F639DFF95}.ToolBarRemoverDebug|x64.ActiveCfg = Debug|x86
		{D21BFE21-20EB-48B8-BA66-9B7F639DFF95}.ToolBarRemoverDebug|x86.ActiveCfg = Debug|x86
		{D21BFE21-20EB-48B8-BA66-9B7F639DFF95}.ToolBarRemoverDebug|x86.Build.0 = Debug|x86
		{D21BFE21-20EB-48B8-BA66-9B7F639DFF95}.ToolBarRemoverRelease|Any CPU.ActiveCfg = Release|Any CPU
		{D21BFE21-20EB-48B8-BA66-9B7F639DFF95}.ToolBarRemoverRelease|Any CPU.Build.0 = Release|Any CPU
		{D21BFE21-20EB-48B8-BA66-9B7F639DFF95}.ToolBarRemoverRelease|Mixed Platforms.ActiveCfg = Release|x86
		{D21BFE21-20EB-48B8-BA66-9B7F639DFF95}.ToolBarRemoverRelease|Mixed Platforms.Build.0 = Release|x86
		{D21BFE21-20EB-48B8-BA66-9B7F639DFF95}.ToolBarRemoverRelease|x64.ActiveCfg = Release|x86
		{D21BFE21-20EB-48B8-BA66-9B7F639DFF95}.ToolBarRemoverRelease|x86.ActiveCfg = Release|x86
		{D21BFE21-20EB-48B8-BA66-9B7F639DFF95}.ToolBarRemoverRelease|x86.Build.0 = Release|x86
		{F6B127C7-763E-4FBB-B5E0-BDA4A6A1B8B0}.Debug|Any CPU.ActiveCfg = Debug|Any CPU
		{F6B127C7-763E-4FBB-B5E0-BDA4A6A1B8B0}.Debug|Any CPU.Build.0 = Debug|Any CPU
		{F6B127C7-763E-4FBB-B5E0-BDA4A6A1B8B0}.Debug|Mixed Platforms.ActiveCfg = Debug|Any CPU
		{F6B127C7-763E-4FBB-B5E0-BDA4A6A1B8B0}.Debug|Mixed Platforms.Build.0 = Debug|Any CPU
		{F6B127C7-763E-4FBB-B5E0-BDA4A6A1B8B0}.Debug|x64.ActiveCfg = Debug|Any CPU
		{F6B127C7-763E-4FBB-B5E0-BDA4A6A1B8B0}.Debug|x86.ActiveCfg = Debug|Any CPU
		{F6B127C7-763E-4FBB-B5E0-BDA4A6A1B8B0}.GamingBoosterDebug|Any CPU.ActiveCfg = Debug|Any CPU
		{F6B127C7-763E-4FBB-B5E0-BDA4A6A1B8B0}.GamingBoosterDebug|Any CPU.Build.0 = Debug|Any CPU
		{F6B127C7-763E-4FBB-B5E0-BDA4A6A1B8B0}.GamingBoosterDebug|Mixed Platforms.ActiveCfg = Debug|Any CPU
		{F6B127C7-763E-4FBB-B5E0-BDA4A6A1B8B0}.GamingBoosterDebug|Mixed Platforms.Build.0 = Debug|Any CPU
		{F6B127C7-763E-4FBB-B5E0-BDA4A6A1B8B0}.GamingBoosterDebug|x64.ActiveCfg = Debug|Any CPU
		{F6B127C7-763E-4FBB-B5E0-BDA4A6A1B8B0}.GamingBoosterDebug|x86.ActiveCfg = Debug|Any CPU
		{F6B127C7-763E-4FBB-B5E0-BDA4A6A1B8B0}.GamingBoosterRelease|Any CPU.ActiveCfg = Release|Any CPU
		{F6B127C7-763E-4FBB-B5E0-BDA4A6A1B8B0}.GamingBoosterRelease|Any CPU.Build.0 = Release|Any CPU
		{F6B127C7-763E-4FBB-B5E0-BDA4A6A1B8B0}.GamingBoosterRelease|Mixed Platforms.ActiveCfg = Release|Any CPU
		{F6B127C7-763E-4FBB-B5E0-BDA4A6A1B8B0}.GamingBoosterRelease|Mixed Platforms.Build.0 = Release|Any CPU
		{F6B127C7-763E-4FBB-B5E0-BDA4A6A1B8B0}.GamingBoosterRelease|x64.ActiveCfg = Release|Any CPU
		{F6B127C7-763E-4FBB-B5E0-BDA4A6A1B8B0}.GamingBoosterRelease|x86.ActiveCfg = Release|Any CPU
		{F6B127C7-763E-4FBB-B5E0-BDA4A6A1B8B0}.PCCleanerDebug|Any CPU.ActiveCfg = Debug|Any CPU
		{F6B127C7-763E-4FBB-B5E0-BDA4A6A1B8B0}.PCCleanerDebug|Any CPU.Build.0 = Debug|Any CPU
		{F6B127C7-763E-4FBB-B5E0-BDA4A6A1B8B0}.PCCleanerDebug|Mixed Platforms.ActiveCfg = Debug|Any CPU
		{F6B127C7-763E-4FBB-B5E0-BDA4A6A1B8B0}.PCCleanerDebug|Mixed Platforms.Build.0 = Debug|Any CPU
		{F6B127C7-763E-4FBB-B5E0-BDA4A6A1B8B0}.PCCleanerDebug|x64.ActiveCfg = Debug|Any CPU
		{F6B127C7-763E-4FBB-B5E0-BDA4A6A1B8B0}.PCCleanerDebug|x86.ActiveCfg = Debug|Any CPU
		{F6B127C7-763E-4FBB-B5E0-BDA4A6A1B8B0}.PCCleanerRelease|Any CPU.ActiveCfg = Release|Any CPU
		{F6B127C7-763E-4FBB-B5E0-BDA4A6A1B8B0}.PCCleanerRelease|Any CPU.Build.0 = Release|Any CPU
		{F6B127C7-763E-4FBB-B5E0-BDA4A6A1B8B0}.PCCleanerRelease|Mixed Platforms.ActiveCfg = Release|Any CPU
		{F6B127C7-763E-4FBB-B5E0-BDA4A6A1B8B0}.PCCleanerRelease|Mixed Platforms.Build.0 = Release|Any CPU
		{F6B127C7-763E-4FBB-B5E0-BDA4A6A1B8B0}.PCCleanerRelease|x64.ActiveCfg = Release|Any CPU
		{F6B127C7-763E-4FBB-B5E0-BDA4A6A1B8B0}.PCCleanerRelease|x86.ActiveCfg = Release|Any CPU
		{F6B127C7-763E-4FBB-B5E0-BDA4A6A1B8B0}.Release|Any CPU.ActiveCfg = Release|Any CPU
		{F6B127C7-763E-4FBB-B5E0-BDA4A6A1B8B0}.Release|Any CPU.Build.0 = Release|Any CPU
		{F6B127C7-763E-4FBB-B5E0-BDA4A6A1B8B0}.Release|Mixed Platforms.ActiveCfg = Release|Any CPU
		{F6B127C7-763E-4FBB-B5E0-BDA4A6A1B8B0}.Release|Mixed Platforms.Build.0 = Release|Any CPU
		{F6B127C7-763E-4FBB-B5E0-BDA4A6A1B8B0}.Release|x64.ActiveCfg = Release|Any CPU
		{F6B127C7-763E-4FBB-B5E0-BDA4A6A1B8B0}.Release|x86.ActiveCfg = Release|Any CPU
		{F6B127C7-763E-4FBB-B5E0-BDA4A6A1B8B0}.ToolBarRemoverDebug|Any CPU.ActiveCfg = ToolBarRemoverDebug|Any CPU
		{F6B127C7-763E-4FBB-B5E0-BDA4A6A1B8B0}.ToolBarRemoverDebug|Any CPU.Build.0 = ToolBarRemoverDebug|Any CPU
		{F6B127C7-763E-4FBB-B5E0-BDA4A6A1B8B0}.ToolBarRemoverDebug|Mixed Platforms.ActiveCfg = Debug|Any CPU
		{F6B127C7-763E-4FBB-B5E0-BDA4A6A1B8B0}.ToolBarRemoverDebug|Mixed Platforms.Build.0 = Debug|Any CPU
		{F6B127C7-763E-4FBB-B5E0-BDA4A6A1B8B0}.ToolBarRemoverDebug|x64.ActiveCfg = Debug|Any CPU
		{F6B127C7-763E-4FBB-B5E0-BDA4A6A1B8B0}.ToolBarRemoverDebug|x86.ActiveCfg = Debug|Any CPU
		{F6B127C7-763E-4FBB-B5E0-BDA4A6A1B8B0}.ToolBarRemoverRelease|Any CPU.ActiveCfg = Release|Any CPU
		{F6B127C7-763E-4FBB-B5E0-BDA4A6A1B8B0}.ToolBarRemoverRelease|Any CPU.Build.0 = Release|Any CPU
		{F6B127C7-763E-4FBB-B5E0-BDA4A6A1B8B0}.ToolBarRemoverRelease|Mixed Platforms.ActiveCfg = Release|Any CPU
		{F6B127C7-763E-4FBB-B5E0-BDA4A6A1B8B0}.ToolBarRemoverRelease|Mixed Platforms.Build.0 = Release|Any CPU
		{F6B127C7-763E-4FBB-B5E0-BDA4A6A1B8B0}.ToolBarRemoverRelease|x64.ActiveCfg = Release|Any CPU
		{F6B127C7-763E-4FBB-B5E0-BDA4A6A1B8B0}.ToolBarRemoverRelease|x86.ActiveCfg = Release|Any CPU
		{AE26C37C-32AE-4C7B-AE5D-73AA5C0959CF}.Debug|Any CPU.ActiveCfg = Debug|Any CPU
		{AE26C37C-32AE-4C7B-AE5D-73AA5C0959CF}.Debug|Any CPU.Build.0 = Debug|Any CPU
		{AE26C37C-32AE-4C7B-AE5D-73AA5C0959CF}.Debug|Mixed Platforms.ActiveCfg = Debug|Any CPU
		{AE26C37C-32AE-4C7B-AE5D-73AA5C0959CF}.Debug|Mixed Platforms.Build.0 = Debug|Any CPU
		{AE26C37C-32AE-4C7B-AE5D-73AA5C0959CF}.Debug|x64.ActiveCfg = Debug|Any CPU
		{AE26C37C-32AE-4C7B-AE5D-73AA5C0959CF}.Debug|x86.ActiveCfg = Debug|Any CPU
		{AE26C37C-32AE-4C7B-AE5D-73AA5C0959CF}.GamingBoosterDebug|Any CPU.ActiveCfg = Debug|Any CPU
		{AE26C37C-32AE-4C7B-AE5D-73AA5C0959CF}.GamingBoosterDebug|Any CPU.Build.0 = Debug|Any CPU
		{AE26C37C-32AE-4C7B-AE5D-73AA5C0959CF}.GamingBoosterDebug|Mixed Platforms.ActiveCfg = Debug|Any CPU
		{AE26C37C-32AE-4C7B-AE5D-73AA5C0959CF}.GamingBoosterDebug|Mixed Platforms.Build.0 = Debug|Any CPU
		{AE26C37C-32AE-4C7B-AE5D-73AA5C0959CF}.GamingBoosterDebug|x64.ActiveCfg = Debug|Any CPU
		{AE26C37C-32AE-4C7B-AE5D-73AA5C0959CF}.GamingBoosterDebug|x86.ActiveCfg = Debug|Any CPU
		{AE26C37C-32AE-4C7B-AE5D-73AA5C0959CF}.GamingBoosterRelease|Any CPU.ActiveCfg = Release|Any CPU
		{AE26C37C-32AE-4C7B-AE5D-73AA5C0959CF}.GamingBoosterRelease|Any CPU.Build.0 = Release|Any CPU
		{AE26C37C-32AE-4C7B-AE5D-73AA5C0959CF}.GamingBoosterRelease|Mixed Platforms.ActiveCfg = Release|Any CPU
		{AE26C37C-32AE-4C7B-AE5D-73AA5C0959CF}.GamingBoosterRelease|Mixed Platforms.Build.0 = Release|Any CPU
		{AE26C37C-32AE-4C7B-AE5D-73AA5C0959CF}.GamingBoosterRelease|x64.ActiveCfg = Release|Any CPU
		{AE26C37C-32AE-4C7B-AE5D-73AA5C0959CF}.GamingBoosterRelease|x86.ActiveCfg = Release|Any CPU
		{AE26C37C-32AE-4C7B-AE5D-73AA5C0959CF}.PCCleanerDebug|Any CPU.ActiveCfg = Debug|Any CPU
		{AE26C37C-32AE-4C7B-AE5D-73AA5C0959CF}.PCCleanerDebug|Any CPU.Build.0 = Debug|Any CPU
		{AE26C37C-32AE-4C7B-AE5D-73AA5C0959CF}.PCCleanerDebug|Mixed Platforms.ActiveCfg = Debug|Any CPU
		{AE26C37C-32AE-4C7B-AE5D-73AA5C0959CF}.PCCleanerDebug|Mixed Platforms.Build.0 = Debug|Any CPU
		{AE26C37C-32AE-4C7B-AE5D-73AA5C0959CF}.PCCleanerDebug|x64.ActiveCfg = Debug|Any CPU
		{AE26C37C-32AE-4C7B-AE5D-73AA5C0959CF}.PCCleanerDebug|x86.ActiveCfg = Debug|Any CPU
		{AE26C37C-32AE-4C7B-AE5D-73AA5C0959CF}.PCCleanerRelease|Any CPU.ActiveCfg = Release|Any CPU
		{AE26C37C-32AE-4C7B-AE5D-73AA5C0959CF}.PCCleanerRelease|Any CPU.Build.0 = Release|Any CPU
		{AE26C37C-32AE-4C7B-AE5D-73AA5C0959CF}.PCCleanerRelease|Mixed Platforms.ActiveCfg = Release|Any CPU
		{AE26C37C-32AE-4C7B-AE5D-73AA5C0959CF}.PCCleanerRelease|Mixed Platforms.Build.0 = Release|Any CPU
		{AE26C37C-32AE-4C7B-AE5D-73AA5C0959CF}.PCCleanerRelease|x64.ActiveCfg = Release|Any CPU
		{AE26C37C-32AE-4C7B-AE5D-73AA5C0959CF}.PCCleanerRelease|x86.ActiveCfg = Release|Any CPU
		{AE26C37C-32AE-4C7B-AE5D-73AA5C0959CF}.Release|Any CPU.ActiveCfg = Release|Any CPU
		{AE26C37C-32AE-4C7B-AE5D-73AA5C0959CF}.Release|Any CPU.Build.0 = Release|Any CPU
		{AE26C37C-32AE-4C7B-AE5D-73AA5C0959CF}.Release|Mixed Platforms.ActiveCfg = Release|Any CPU
		{AE26C37C-32AE-4C7B-AE5D-73AA5C0959CF}.Release|Mixed Platforms.Build.0 = Release|Any CPU
		{AE26C37C-32AE-4C7B-AE5D-73AA5C0959CF}.Release|x64.ActiveCfg = Release|Any CPU
		{AE26C37C-32AE-4C7B-AE5D-73AA5C0959CF}.Release|x86.ActiveCfg = Release|Any CPU
		{AE26C37C-32AE-4C7B-AE5D-73AA5C0959CF}.ToolBarRemoverDebug|Any CPU.ActiveCfg = ToolBarRemoverDebug|x86
		{AE26C37C-32AE-4C7B-AE5D-73AA5C0959CF}.ToolBarRemoverDebug|Any CPU.Build.0 = ToolBarRemoverDebug|x86
		{AE26C37C-32AE-4C7B-AE5D-73AA5C0959CF}.ToolBarRemoverDebug|Mixed Platforms.ActiveCfg = Debug|Any CPU
		{AE26C37C-32AE-4C7B-AE5D-73AA5C0959CF}.ToolBarRemoverDebug|Mixed Platforms.Build.0 = Debug|Any CPU
		{AE26C37C-32AE-4C7B-AE5D-73AA5C0959CF}.ToolBarRemoverDebug|x64.ActiveCfg = Debug|Any CPU
		{AE26C37C-32AE-4C7B-AE5D-73AA5C0959CF}.ToolBarRemoverDebug|x86.ActiveCfg = Debug|Any CPU
		{AE26C37C-32AE-4C7B-AE5D-73AA5C0959CF}.ToolBarRemoverRelease|Any CPU.ActiveCfg = Release|Any CPU
		{AE26C37C-32AE-4C7B-AE5D-73AA5C0959CF}.ToolBarRemoverRelease|Any CPU.Build.0 = Release|Any CPU
		{AE26C37C-32AE-4C7B-AE5D-73AA5C0959CF}.ToolBarRemoverRelease|Mixed Platforms.ActiveCfg = Release|Any CPU
		{AE26C37C-32AE-4C7B-AE5D-73AA5C0959CF}.ToolBarRemoverRelease|Mixed Platforms.Build.0 = Release|Any CPU
		{AE26C37C-32AE-4C7B-AE5D-73AA5C0959CF}.ToolBarRemoverRelease|x64.ActiveCfg = Release|Any CPU
		{AE26C37C-32AE-4C7B-AE5D-73AA5C0959CF}.ToolBarRemoverRelease|x86.ActiveCfg = Release|Any CPU
		{15495697-FAB3-42CE-B6FF-C250DDCBAD2B}.Debug|Any CPU.ActiveCfg = Debug|Any CPU
		{15495697-FAB3-42CE-B6FF-C250DDCBAD2B}.Debug|Any CPU.Build.0 = Debug|Any CPU
		{15495697-FAB3-42CE-B6FF-C250DDCBAD2B}.Debug|Mixed Platforms.ActiveCfg = Debug|Any CPU
		{15495697-FAB3-42CE-B6FF-C250DDCBAD2B}.Debug|Mixed Platforms.Build.0 = Debug|Any CPU
		{15495697-FAB3-42CE-B6FF-C250DDCBAD2B}.Debug|x64.ActiveCfg = Debug|Any CPU
		{15495697-FAB3-42CE-B6FF-C250DDCBAD2B}.Debug|x86.ActiveCfg = Debug|Any CPU
		{15495697-FAB3-42CE-B6FF-C250DDCBAD2B}.GamingBoosterDebug|Any CPU.ActiveCfg = Debug|Any CPU
		{15495697-FAB3-42CE-B6FF-C250DDCBAD2B}.GamingBoosterDebug|Any CPU.Build.0 = Debug|Any CPU
		{15495697-FAB3-42CE-B6FF-C250DDCBAD2B}.GamingBoosterDebug|Mixed Platforms.ActiveCfg = Debug|Any CPU
		{15495697-FAB3-42CE-B6FF-C250DDCBAD2B}.GamingBoosterDebug|Mixed Platforms.Build.0 = Debug|Any CPU
		{15495697-FAB3-42CE-B6FF-C250DDCBAD2B}.GamingBoosterDebug|x64.ActiveCfg = Debug|Any CPU
		{15495697-FAB3-42CE-B6FF-C250DDCBAD2B}.GamingBoosterDebug|x86.ActiveCfg = Debug|Any CPU
		{15495697-FAB3-42CE-B6FF-C250DDCBAD2B}.GamingBoosterRelease|Any CPU.ActiveCfg = Release|Any CPU
		{15495697-FAB3-42CE-B6FF-C250DDCBAD2B}.GamingBoosterRelease|Any CPU.Build.0 = Release|Any CPU
		{15495697-FAB3-42CE-B6FF-C250DDCBAD2B}.GamingBoosterRelease|Mixed Platforms.ActiveCfg = Release|Any CPU
		{15495697-FAB3-42CE-B6FF-C250DDCBAD2B}.GamingBoosterRelease|Mixed Platforms.Build.0 = Release|Any CPU
		{15495697-FAB3-42CE-B6FF-C250DDCBAD2B}.GamingBoosterRelease|x64.ActiveCfg = Release|Any CPU
		{15495697-FAB3-42CE-B6FF-C250DDCBAD2B}.GamingBoosterRelease|x86.ActiveCfg = Release|Any CPU
		{15495697-FAB3-42CE-B6FF-C250DDCBAD2B}.PCCleanerDebug|Any CPU.ActiveCfg = Debug|Any CPU
		{15495697-FAB3-42CE-B6FF-C250DDCBAD2B}.PCCleanerDebug|Any CPU.Build.0 = Debug|Any CPU
		{15495697-FAB3-42CE-B6FF-C250DDCBAD2B}.PCCleanerDebug|Mixed Platforms.ActiveCfg = Debug|Any CPU
		{15495697-FAB3-42CE-B6FF-C250DDCBAD2B}.PCCleanerDebug|Mixed Platforms.Build.0 = Debug|Any CPU
		{15495697-FAB3-42CE-B6FF-C250DDCBAD2B}.PCCleanerDebug|x64.ActiveCfg = Debug|Any CPU
		{15495697-FAB3-42CE-B6FF-C250DDCBAD2B}.PCCleanerDebug|x86.ActiveCfg = Debug|Any CPU
		{15495697-FAB3-42CE-B6FF-C250DDCBAD2B}.PCCleanerRelease|Any CPU.ActiveCfg = Release|Any CPU
		{15495697-FAB3-42CE-B6FF-C250DDCBAD2B}.PCCleanerRelease|Any CPU.Build.0 = Release|Any CPU
		{15495697-FAB3-42CE-B6FF-C250DDCBAD2B}.PCCleanerRelease|Mixed Platforms.ActiveCfg = Release|Any CPU
		{15495697-FAB3-42CE-B6FF-C250DDCBAD2B}.PCCleanerRelease|Mixed Platforms.Build.0 = Release|Any CPU
		{15495697-FAB3-42CE-B6FF-C250DDCBAD2B}.PCCleanerRelease|x64.ActiveCfg = Release|Any CPU
		{15495697-FAB3-42CE-B6FF-C250DDCBAD2B}.PCCleanerRelease|x86.ActiveCfg = Release|Any CPU
		{15495697-FAB3-42CE-B6FF-C250DDCBAD2B}.Release|Any CPU.ActiveCfg = Release|Any CPU
		{15495697-FAB3-42CE-B6FF-C250DDCBAD2B}.Release|Any CPU.Build.0 = Release|Any CPU
		{15495697-FAB3-42CE-B6FF-C250DDCBAD2B}.Release|Mixed Platforms.ActiveCfg = Release|Any CPU
		{15495697-FAB3-42CE-B6FF-C250DDCBAD2B}.Release|Mixed Platforms.Build.0 = Release|Any CPU
		{15495697-FAB3-42CE-B6FF-C250DDCBAD2B}.Release|x64.ActiveCfg = Release|Any CPU
		{15495697-FAB3-42CE-B6FF-C250DDCBAD2B}.Release|x86.ActiveCfg = Release|Any CPU
		{15495697-FAB3-42CE-B6FF-C250DDCBAD2B}.ToolBarRemoverDebug|Any CPU.ActiveCfg = ToolBarRemoverDebug|Any CPU
		{15495697-FAB3-42CE-B6FF-C250DDCBAD2B}.ToolBarRemoverDebug|Any CPU.Build.0 = ToolBarRemoverDebug|Any CPU
		{15495697-FAB3-42CE-B6FF-C250DDCBAD2B}.ToolBarRemoverDebug|Mixed Platforms.ActiveCfg = Debug|Any CPU
		{15495697-FAB3-42CE-B6FF-C250DDCBAD2B}.ToolBarRemoverDebug|Mixed Platforms.Build.0 = Debug|Any CPU
		{15495697-FAB3-42CE-B6FF-C250DDCBAD2B}.ToolBarRemoverDebug|x64.ActiveCfg = Debug|Any CPU
		{15495697-FAB3-42CE-B6FF-C250DDCBAD2B}.ToolBarRemoverDebug|x86.ActiveCfg = Debug|Any CPU
		{15495697-FAB3-42CE-B6FF-C250DDCBAD2B}.ToolBarRemoverRelease|Any CPU.ActiveCfg = Release|Any CPU
		{15495697-FAB3-42CE-B6FF-C250DDCBAD2B}.ToolBarRemoverRelease|Any CPU.Build.0 = Release|Any CPU
		{15495697-FAB3-42CE-B6FF-C250DDCBAD2B}.ToolBarRemoverRelease|Mixed Platforms.ActiveCfg = Release|Any CPU
		{15495697-FAB3-42CE-B6FF-C250DDCBAD2B}.ToolBarRemoverRelease|Mixed Platforms.Build.0 = Release|Any CPU
		{15495697-FAB3-42CE-B6FF-C250DDCBAD2B}.ToolBarRemoverRelease|x64.ActiveCfg = Release|Any CPU
		{15495697-FAB3-42CE-B6FF-C250DDCBAD2B}.ToolBarRemoverRelease|x86.ActiveCfg = Release|Any CPU
		{DFFF70FD-037A-49A2-911D-CF0226D27921}.Debug|Any CPU.ActiveCfg = Debug|Any CPU
		{DFFF70FD-037A-49A2-911D-CF0226D27921}.Debug|Any CPU.Build.0 = Debug|Any CPU
		{DFFF70FD-037A-49A2-911D-CF0226D27921}.Debug|Mixed Platforms.ActiveCfg = Debug|Any CPU
		{DFFF70FD-037A-49A2-911D-CF0226D27921}.Debug|Mixed Platforms.Build.0 = Debug|Any CPU
		{DFFF70FD-037A-49A2-911D-CF0226D27921}.Debug|x64.ActiveCfg = Debug|Any CPU
		{DFFF70FD-037A-49A2-911D-CF0226D27921}.Debug|x86.ActiveCfg = Debug|Any CPU
		{DFFF70FD-037A-49A2-911D-CF0226D27921}.GamingBoosterDebug|Any CPU.ActiveCfg = Debug|Any CPU
		{DFFF70FD-037A-49A2-911D-CF0226D27921}.GamingBoosterDebug|Any CPU.Build.0 = Debug|Any CPU
		{DFFF70FD-037A-49A2-911D-CF0226D27921}.GamingBoosterDebug|Mixed Platforms.ActiveCfg = Debug|Any CPU
		{DFFF70FD-037A-49A2-911D-CF0226D27921}.GamingBoosterDebug|Mixed Platforms.Build.0 = Debug|Any CPU
		{DFFF70FD-037A-49A2-911D-CF0226D27921}.GamingBoosterDebug|x64.ActiveCfg = Debug|Any CPU
		{DFFF70FD-037A-49A2-911D-CF0226D27921}.GamingBoosterDebug|x86.ActiveCfg = Debug|Any CPU
		{DFFF70FD-037A-49A2-911D-CF0226D27921}.GamingBoosterRelease|Any CPU.ActiveCfg = Release|Any CPU
		{DFFF70FD-037A-49A2-911D-CF0226D27921}.GamingBoosterRelease|Any CPU.Build.0 = Release|Any CPU
		{DFFF70FD-037A-49A2-911D-CF0226D27921}.GamingBoosterRelease|Mixed Platforms.ActiveCfg = Release|Any CPU
		{DFFF70FD-037A-49A2-911D-CF0226D27921}.GamingBoosterRelease|Mixed Platforms.Build.0 = Release|Any CPU
		{DFFF70FD-037A-49A2-911D-CF0226D27921}.GamingBoosterRelease|x64.ActiveCfg = Release|Any CPU
		{DFFF70FD-037A-49A2-911D-CF0226D27921}.GamingBoosterRelease|x86.ActiveCfg = Release|Any CPU
		{DFFF70FD-037A-49A2-911D-CF0226D27921}.PCCleanerDebug|Any CPU.ActiveCfg = PCCleanerDebug|Any CPU
		{DFFF70FD-037A-49A2-911D-CF0226D27921}.PCCleanerDebug|Any CPU.Build.0 = PCCleanerDebug|Any CPU
		{DFFF70FD-037A-49A2-911D-CF0226D27921}.PCCleanerDebug|Mixed Platforms.ActiveCfg = PCCleanerDebug|Any CPU
		{DFFF70FD-037A-49A2-911D-CF0226D27921}.PCCleanerDebug|Mixed Platforms.Build.0 = PCCleanerDebug|Any CPU
		{DFFF70FD-037A-49A2-911D-CF0226D27921}.PCCleanerDebug|x64.ActiveCfg = PCCleanerDebug|Any CPU
		{DFFF70FD-037A-49A2-911D-CF0226D27921}.PCCleanerDebug|x86.ActiveCfg = PCCleanerDebug|Any CPU
		{DFFF70FD-037A-49A2-911D-CF0226D27921}.PCCleanerRelease|Any CPU.ActiveCfg = PCCleanerRelease|Any CPU
		{DFFF70FD-037A-49A2-911D-CF0226D27921}.PCCleanerRelease|Any CPU.Build.0 = PCCleanerRelease|Any CPU
		{DFFF70FD-037A-49A2-911D-CF0226D27921}.PCCleanerRelease|Mixed Platforms.ActiveCfg = PCCleanerRelease|Any CPU
		{DFFF70FD-037A-49A2-911D-CF0226D27921}.PCCleanerRelease|Mixed Platforms.Build.0 = PCCleanerRelease|Any CPU
		{DFFF70FD-037A-49A2-911D-CF0226D27921}.PCCleanerRelease|x64.ActiveCfg = PCCleanerRelease|Any CPU
		{DFFF70FD-037A-49A2-911D-CF0226D27921}.PCCleanerRelease|x86.ActiveCfg = PCCleanerRelease|Any CPU
		{DFFF70FD-037A-49A2-911D-CF0226D27921}.Release|Any CPU.ActiveCfg = Release|Any CPU
		{DFFF70FD-037A-49A2-911D-CF0226D27921}.Release|Any CPU.Build.0 = Release|Any CPU
		{DFFF70FD-037A-49A2-911D-CF0226D27921}.Release|Mixed Platforms.ActiveCfg = Release|Any CPU
		{DFFF70FD-037A-49A2-911D-CF0226D27921}.Release|Mixed Platforms.Build.0 = Release|Any CPU
		{DFFF70FD-037A-49A2-911D-CF0226D27921}.Release|x64.ActiveCfg = Release|Any CPU
		{DFFF70FD-037A-49A2-911D-CF0226D27921}.Release|x86.ActiveCfg = Release|Any CPU
		{DFFF70FD-037A-49A2-911D-CF0226D27921}.ToolBarRemoverDebug|Any CPU.ActiveCfg = ToolBarRemoverDebug|Any CPU
		{DFFF70FD-037A-49A2-911D-CF0226D27921}.ToolBarRemoverDebug|Any CPU.Build.0 = ToolBarRemoverDebug|Any CPU
		{DFFF70FD-037A-49A2-911D-CF0226D27921}.ToolBarRemoverDebug|Mixed Platforms.ActiveCfg = Debug|Any CPU
		{DFFF70FD-037A-49A2-911D-CF0226D27921}.ToolBarRemoverDebug|Mixed Platforms.Build.0 = Debug|Any CPU
		{DFFF70FD-037A-49A2-911D-CF0226D27921}.ToolBarRemoverDebug|x64.ActiveCfg = Debug|Any CPU
		{DFFF70FD-037A-49A2-911D-CF0226D27921}.ToolBarRemoverDebug|x86.ActiveCfg = Debug|Any CPU
		{DFFF70FD-037A-49A2-911D-CF0226D27921}.ToolBarRemoverRelease|Any CPU.ActiveCfg = Release|Any CPU
		{DFFF70FD-037A-49A2-911D-CF0226D27921}.ToolBarRemoverRelease|Any CPU.Build.0 = Release|Any CPU
		{DFFF70FD-037A-49A2-911D-CF0226D27921}.ToolBarRemoverRelease|Mixed Platforms.ActiveCfg = Release|Any CPU
		{DFFF70FD-037A-49A2-911D-CF0226D27921}.ToolBarRemoverRelease|Mixed Platforms.Build.0 = Release|Any CPU
		{DFFF70FD-037A-49A2-911D-CF0226D27921}.ToolBarRemoverRelease|x64.ActiveCfg = Release|Any CPU
		{DFFF70FD-037A-49A2-911D-CF0226D27921}.ToolBarRemoverRelease|x86.ActiveCfg = Release|Any CPU
		{946408FB-7747-4485-935E-41F193994532}.Debug|Any CPU.ActiveCfg = Debug|Any CPU
		{946408FB-7747-4485-935E-41F193994532}.Debug|Any CPU.Build.0 = Debug|Any CPU
		{946408FB-7747-4485-935E-41F193994532}.Debug|Mixed Platforms.ActiveCfg = Debug|Any CPU
		{946408FB-7747-4485-935E-41F193994532}.Debug|Mixed Platforms.Build.0 = Debug|Any CPU
		{946408FB-7747-4485-935E-41F193994532}.Debug|x64.ActiveCfg = Debug|x64
		{946408FB-7747-4485-935E-41F193994532}.Debug|x64.Build.0 = Debug|x64
		{946408FB-7747-4485-935E-41F193994532}.Debug|x86.ActiveCfg = Debug|x86
		{946408FB-7747-4485-935E-41F193994532}.Debug|x86.Build.0 = Debug|x86
		{946408FB-7747-4485-935E-41F193994532}.GamingBoosterDebug|Any CPU.ActiveCfg = Debug|Any CPU
		{946408FB-7747-4485-935E-41F193994532}.GamingBoosterDebug|Any CPU.Build.0 = Debug|Any CPU
		{946408FB-7747-4485-935E-41F193994532}.GamingBoosterDebug|Mixed Platforms.ActiveCfg = Debug|Any CPU
		{946408FB-7747-4485-935E-41F193994532}.GamingBoosterDebug|Mixed Platforms.Build.0 = Debug|Any CPU
		{946408FB-7747-4485-935E-41F193994532}.GamingBoosterDebug|x64.ActiveCfg = Debug|x64
		{946408FB-7747-4485-935E-41F193994532}.GamingBoosterDebug|x64.Build.0 = Debug|x64
		{946408FB-7747-4485-935E-41F193994532}.GamingBoosterDebug|x86.ActiveCfg = Debug|x86
		{946408FB-7747-4485-935E-41F193994532}.GamingBoosterDebug|x86.Build.0 = Debug|x86
		{946408FB-7747-4485-935E-41F193994532}.GamingBoosterRelease|Any CPU.ActiveCfg = Release|Any CPU
		{946408FB-7747-4485-935E-41F193994532}.GamingBoosterRelease|Any CPU.Build.0 = Release|Any CPU
		{946408FB-7747-4485-935E-41F193994532}.GamingBoosterRelease|Mixed Platforms.ActiveCfg = Release|Any CPU
		{946408FB-7747-4485-935E-41F193994532}.GamingBoosterRelease|Mixed Platforms.Build.0 = Release|Any CPU
		{946408FB-7747-4485-935E-41F193994532}.GamingBoosterRelease|x64.ActiveCfg = Release|x64
		{946408FB-7747-4485-935E-41F193994532}.GamingBoosterRelease|x64.Build.0 = Release|x64
		{946408FB-7747-4485-935E-41F193994532}.GamingBoosterRelease|x86.ActiveCfg = Release|x86
		{946408FB-7747-4485-935E-41F193994532}.GamingBoosterRelease|x86.Build.0 = Release|x86
		{946408FB-7747-4485-935E-41F193994532}.PCCleanerDebug|Any CPU.ActiveCfg = PCCleanerDebug|Any CPU
		{946408FB-7747-4485-935E-41F193994532}.PCCleanerDebug|Any CPU.Build.0 = PCCleanerDebug|Any CPU
		{946408FB-7747-4485-935E-41F193994532}.PCCleanerDebug|Mixed Platforms.ActiveCfg = PCCleanerDebug|Any CPU
		{946408FB-7747-4485-935E-41F193994532}.PCCleanerDebug|Mixed Platforms.Build.0 = PCCleanerDebug|Any CPU
		{946408FB-7747-4485-935E-41F193994532}.PCCleanerDebug|x64.ActiveCfg = PCCleanerDebug|x64
		{946408FB-7747-4485-935E-41F193994532}.PCCleanerDebug|x64.Build.0 = PCCleanerDebug|x64
		{946408FB-7747-4485-935E-41F193994532}.PCCleanerDebug|x86.ActiveCfg = PCCleanerDebug|x86
		{946408FB-7747-4485-935E-41F193994532}.PCCleanerDebug|x86.Build.0 = PCCleanerDebug|x86
		{946408FB-7747-4485-935E-41F193994532}.PCCleanerRelease|Any CPU.ActiveCfg = PCCleanerRelease|Any CPU
		{946408FB-7747-4485-935E-41F193994532}.PCCleanerRelease|Any CPU.Build.0 = PCCleanerRelease|Any CPU
		{946408FB-7747-4485-935E-41F193994532}.PCCleanerRelease|Mixed Platforms.ActiveCfg = PCCleanerRelease|Any CPU
		{946408FB-7747-4485-935E-41F193994532}.PCCleanerRelease|Mixed Platforms.Build.0 = PCCleanerRelease|Any CPU
		{946408FB-7747-4485-935E-41F193994532}.PCCleanerRelease|x64.ActiveCfg = PCCleanerRelease|x64
		{946408FB-7747-4485-935E-41F193994532}.PCCleanerRelease|x64.Build.0 = PCCleanerRelease|x64
		{946408FB-7747-4485-935E-41F193994532}.PCCleanerRelease|x86.ActiveCfg = PCCleanerRelease|x86
		{946408FB-7747-4485-935E-41F193994532}.PCCleanerRelease|x86.Build.0 = PCCleanerRelease|x86
		{946408FB-7747-4485-935E-41F193994532}.Release|Any CPU.ActiveCfg = Release|Any CPU
		{946408FB-7747-4485-935E-41F193994532}.Release|Any CPU.Build.0 = Release|Any CPU
		{946408FB-7747-4485-935E-41F193994532}.Release|Mixed Platforms.ActiveCfg = Release|Any CPU
		{946408FB-7747-4485-935E-41F193994532}.Release|Mixed Platforms.Build.0 = Release|Any CPU
		{946408FB-7747-4485-935E-41F193994532}.Release|x64.ActiveCfg = Release|x64
		{946408FB-7747-4485-935E-41F193994532}.Release|x64.Build.0 = Release|x64
		{946408FB-7747-4485-935E-41F193994532}.Release|x86.ActiveCfg = Release|x86
		{946408FB-7747-4485-935E-41F193994532}.Release|x86.Build.0 = Release|x86
		{946408FB-7747-4485-935E-41F193994532}.ToolBarRemoverDebug|Any CPU.ActiveCfg = ToolBarRemoverDebug|Any CPU
		{946408FB-7747-4485-935E-41F193994532}.ToolBarRemoverDebug|Any CPU.Build.0 = ToolBarRemoverDebug|Any CPU
		{946408FB-7747-4485-935E-41F193994532}.ToolBarRemoverDebug|Mixed Platforms.ActiveCfg = ToolBarRemoverDebug|Any CPU
		{946408FB-7747-4485-935E-41F193994532}.ToolBarRemoverDebug|Mixed Platforms.Build.0 = ToolBarRemoverDebug|Any CPU
		{946408FB-7747-4485-935E-41F193994532}.ToolBarRemoverDebug|x64.ActiveCfg = ToolBarRemoverDebug|x64
		{946408FB-7747-4485-935E-41F193994532}.ToolBarRemoverDebug|x64.Build.0 = ToolBarRemoverDebug|x64
		{946408FB-7747-4485-935E-41F193994532}.ToolBarRemoverDebug|x86.ActiveCfg = ToolBarRemoverDebug|x86
		{946408FB-7747-4485-935E-41F193994532}.ToolBarRemoverDebug|x86.Build.0 = ToolBarRemoverDebug|x86
		{946408FB-7747-4485-935E-41F193994532}.ToolBarRemoverRelease|Any CPU.ActiveCfg = Release|Any CPU
		{946408FB-7747-4485-935E-41F193994532}.ToolBarRemoverRelease|Any CPU.Build.0 = Release|Any CPU
		{946408FB-7747-4485-935E-41F193994532}.ToolBarRemoverRelease|Mixed Platforms.ActiveCfg = ToolBarRemoverDebug|Any CPU
		{946408FB-7747-4485-935E-41F193994532}.ToolBarRemoverRelease|Mixed Platforms.Build.0 = ToolBarRemoverDebug|Any CPU
		{946408FB-7747-4485-935E-41F193994532}.ToolBarRemoverRelease|x64.ActiveCfg = ToolBarRemoverDebug|Any CPU
		{946408FB-7747-4485-935E-41F193994532}.ToolBarRemoverRelease|x86.ActiveCfg = ToolBarRemoverDebug|Any CPU
		{BAE70997-B37E-4FC6-A605-17967A89B7F9}.Debug|Any CPU.ActiveCfg = Debug|Any CPU
		{BAE70997-B37E-4FC6-A605-17967A89B7F9}.Debug|Any CPU.Build.0 = Debug|Any CPU
		{BAE70997-B37E-4FC6-A605-17967A89B7F9}.Debug|Mixed Platforms.ActiveCfg = Debug|x86
		{BAE70997-B37E-4FC6-A605-17967A89B7F9}.Debug|Mixed Platforms.Build.0 = Debug|x86
		{BAE70997-B37E-4FC6-A605-17967A89B7F9}.Debug|x64.ActiveCfg = Debug|x64
		{BAE70997-B37E-4FC6-A605-17967A89B7F9}.Debug|x64.Build.0 = Debug|x64
		{BAE70997-B37E-4FC6-A605-17967A89B7F9}.Debug|x86.ActiveCfg = Debug|x86
		{BAE70997-B37E-4FC6-A605-17967A89B7F9}.Debug|x86.Build.0 = Debug|x86
		{BAE70997-B37E-4FC6-A605-17967A89B7F9}.GamingBoosterDebug|Any CPU.ActiveCfg = GamingBoosterDebug|Any CPU
		{BAE70997-B37E-4FC6-A605-17967A89B7F9}.GamingBoosterDebug|Any CPU.Build.0 = GamingBoosterDebug|Any CPU
		{BAE70997-B37E-4FC6-A605-17967A89B7F9}.GamingBoosterDebug|Mixed Platforms.ActiveCfg = GamingBoosterDebug|x86
		{BAE70997-B37E-4FC6-A605-17967A89B7F9}.GamingBoosterDebug|Mixed Platforms.Build.0 = GamingBoosterDebug|x86
		{BAE70997-B37E-4FC6-A605-17967A89B7F9}.GamingBoosterDebug|x64.ActiveCfg = GamingBoosterDebug|x64
		{BAE70997-B37E-4FC6-A605-17967A89B7F9}.GamingBoosterDebug|x64.Build.0 = GamingBoosterDebug|x64
		{BAE70997-B37E-4FC6-A605-17967A89B7F9}.GamingBoosterDebug|x86.ActiveCfg = GamingBoosterDebug|x86
		{BAE70997-B37E-4FC6-A605-17967A89B7F9}.GamingBoosterDebug|x86.Build.0 = GamingBoosterDebug|x86
		{BAE70997-B37E-4FC6-A605-17967A89B7F9}.GamingBoosterRelease|Any CPU.ActiveCfg = GamingBoosterRelease|Any CPU
		{BAE70997-B37E-4FC6-A605-17967A89B7F9}.GamingBoosterRelease|Any CPU.Build.0 = GamingBoosterRelease|Any CPU
		{BAE70997-B37E-4FC6-A605-17967A89B7F9}.GamingBoosterRelease|Mixed Platforms.ActiveCfg = GamingBoosterRelease|x86
		{BAE70997-B37E-4FC6-A605-17967A89B7F9}.GamingBoosterRelease|Mixed Platforms.Build.0 = GamingBoosterRelease|x86
		{BAE70997-B37E-4FC6-A605-17967A89B7F9}.GamingBoosterRelease|x64.ActiveCfg = GamingBoosterRelease|x64
		{BAE70997-B37E-4FC6-A605-17967A89B7F9}.GamingBoosterRelease|x64.Build.0 = GamingBoosterRelease|x64
		{BAE70997-B37E-4FC6-A605-17967A89B7F9}.GamingBoosterRelease|x86.ActiveCfg = GamingBoosterRelease|x86
		{BAE70997-B37E-4FC6-A605-17967A89B7F9}.GamingBoosterRelease|x86.Build.0 = GamingBoosterRelease|x86
		{BAE70997-B37E-4FC6-A605-17967A89B7F9}.PCCleanerDebug|Any CPU.ActiveCfg = PCCleanerDebug|Any CPU
		{BAE70997-B37E-4FC6-A605-17967A89B7F9}.PCCleanerDebug|Any CPU.Build.0 = PCCleanerDebug|Any CPU
		{BAE70997-B37E-4FC6-A605-17967A89B7F9}.PCCleanerDebug|Mixed Platforms.ActiveCfg = PCCleanerDebug|x86
		{BAE70997-B37E-4FC6-A605-17967A89B7F9}.PCCleanerDebug|Mixed Platforms.Build.0 = PCCleanerDebug|x86
		{BAE70997-B37E-4FC6-A605-17967A89B7F9}.PCCleanerDebug|x64.ActiveCfg = PCCleanerDebug|x64
		{BAE70997-B37E-4FC6-A605-17967A89B7F9}.PCCleanerDebug|x64.Build.0 = PCCleanerDebug|x64
		{BAE70997-B37E-4FC6-A605-17967A89B7F9}.PCCleanerDebug|x86.ActiveCfg = PCCleanerDebug|x86
		{BAE70997-B37E-4FC6-A605-17967A89B7F9}.PCCleanerDebug|x86.Build.0 = PCCleanerDebug|x86
		{BAE70997-B37E-4FC6-A605-17967A89B7F9}.PCCleanerRelease|Any CPU.ActiveCfg = PCCleanerRelease|Any CPU
		{BAE70997-B37E-4FC6-A605-17967A89B7F9}.PCCleanerRelease|Any CPU.Build.0 = PCCleanerRelease|Any CPU
		{BAE70997-B37E-4FC6-A605-17967A89B7F9}.PCCleanerRelease|Mixed Platforms.ActiveCfg = PCCleanerRelease|x86
		{BAE70997-B37E-4FC6-A605-17967A89B7F9}.PCCleanerRelease|Mixed Platforms.Build.0 = PCCleanerRelease|x86
		{BAE70997-B37E-4FC6-A605-17967A89B7F9}.PCCleanerRelease|x64.ActiveCfg = PCCleanerRelease|x64
		{BAE70997-B37E-4FC6-A605-17967A89B7F9}.PCCleanerRelease|x64.Build.0 = PCCleanerRelease|x64
		{BAE70997-B37E-4FC6-A605-17967A89B7F9}.PCCleanerRelease|x86.ActiveCfg = PCCleanerRelease|x86
		{BAE70997-B37E-4FC6-A605-17967A89B7F9}.PCCleanerRelease|x86.Build.0 = PCCleanerRelease|x86
		{BAE70997-B37E-4FC6-A605-17967A89B7F9}.Release|Any CPU.ActiveCfg = Release|Any CPU
		{BAE70997-B37E-4FC6-A605-17967A89B7F9}.Release|Any CPU.Build.0 = Release|Any CPU
		{BAE70997-B37E-4FC6-A605-17967A89B7F9}.Release|Mixed Platforms.ActiveCfg = Release|x86
		{BAE70997-B37E-4FC6-A605-17967A89B7F9}.Release|Mixed Platforms.Build.0 = Release|x86
		{BAE70997-B37E-4FC6-A605-17967A89B7F9}.Release|x64.ActiveCfg = Release|x64
		{BAE70997-B37E-4FC6-A605-17967A89B7F9}.Release|x64.Build.0 = Release|x64
		{BAE70997-B37E-4FC6-A605-17967A89B7F9}.Release|x86.ActiveCfg = Release|x86
		{BAE70997-B37E-4FC6-A605-17967A89B7F9}.Release|x86.Build.0 = Release|x86
		{BAE70997-B37E-4FC6-A605-17967A89B7F9}.ToolBarRemoverDebug|Any CPU.ActiveCfg = ToolBarRemoverDebug|Any CPU
		{BAE70997-B37E-4FC6-A605-17967A89B7F9}.ToolBarRemoverDebug|Any CPU.Build.0 = ToolBarRemoverDebug|Any CPU
		{BAE70997-B37E-4FC6-A605-17967A89B7F9}.ToolBarRemoverDebug|Mixed Platforms.ActiveCfg = ToolBarRemoverDebug|x86
		{BAE70997-B37E-4FC6-A605-17967A89B7F9}.ToolBarRemoverDebug|Mixed Platforms.Build.0 = ToolBarRemoverDebug|x86
		{BAE70997-B37E-4FC6-A605-17967A89B7F9}.ToolBarRemoverDebug|x64.ActiveCfg = ToolBarRemoverDebug|x64
		{BAE70997-B37E-4FC6-A605-17967A89B7F9}.ToolBarRemoverDebug|x64.Build.0 = ToolBarRemoverDebug|x64
		{BAE70997-B37E-4FC6-A605-17967A89B7F9}.ToolBarRemoverDebug|x86.ActiveCfg = ToolBarRemoverDebug|x86
		{BAE70997-B37E-4FC6-A605-17967A89B7F9}.ToolBarRemoverDebug|x86.Build.0 = ToolBarRemoverDebug|x86
		{BAE70997-B37E-4FC6-A605-17967A89B7F9}.ToolBarRemoverRelease|Any CPU.ActiveCfg = ToolBarRemoverRelease|Any CPU
		{BAE70997-B37E-4FC6-A605-17967A89B7F9}.ToolBarRemoverRelease|Any CPU.Build.0 = ToolBarRemoverRelease|Any CPU
		{BAE70997-B37E-4FC6-A605-17967A89B7F9}.ToolBarRemoverRelease|Mixed Platforms.ActiveCfg = ToolBarRemoverRelease|x86
		{BAE70997-B37E-4FC6-A605-17967A89B7F9}.ToolBarRemoverRelease|Mixed Platforms.Build.0 = ToolBarRemoverRelease|x86
		{BAE70997-B37E-4FC6-A605-17967A89B7F9}.ToolBarRemoverRelease|x64.ActiveCfg = ToolBarRemoverRelease|x64
		{BAE70997-B37E-4FC6-A605-17967A89B7F9}.ToolBarRemoverRelease|x64.Build.0 = ToolBarRemoverRelease|x64
		{BAE70997-B37E-4FC6-A605-17967A89B7F9}.ToolBarRemoverRelease|x86.ActiveCfg = ToolBarRemoverRelease|x86
		{BAE70997-B37E-4FC6-A605-17967A89B7F9}.ToolBarRemoverRelease|x86.Build.0 = ToolBarRemoverRelease|x86
		{A98D8752-DCD1-4EDF-B0B5-3E90351050AF}.Debug|Any CPU.ActiveCfg = Debug|Any CPU
		{A98D8752-DCD1-4EDF-B0B5-3E90351050AF}.Debug|Any CPU.Build.0 = Debug|Any CPU
		{A98D8752-DCD1-4EDF-B0B5-3E90351050AF}.Debug|Mixed Platforms.ActiveCfg = Debug|Any CPU
		{A98D8752-DCD1-4EDF-B0B5-3E90351050AF}.Debug|Mixed Platforms.Build.0 = Debug|Any CPU
		{A98D8752-DCD1-4EDF-B0B5-3E90351050AF}.Debug|x64.ActiveCfg = Debug|Any CPU
		{A98D8752-DCD1-4EDF-B0B5-3E90351050AF}.Debug|x86.ActiveCfg = Debug|Any CPU
		{A98D8752-DCD1-4EDF-B0B5-3E90351050AF}.GamingBoosterDebug|Any CPU.ActiveCfg = GamingBoosterDebug|Any CPU
		{A98D8752-DCD1-4EDF-B0B5-3E90351050AF}.GamingBoosterDebug|Any CPU.Build.0 = GamingBoosterDebug|Any CPU
		{A98D8752-DCD1-4EDF-B0B5-3E90351050AF}.GamingBoosterDebug|Mixed Platforms.ActiveCfg = GamingBoosterDebug|Any CPU
		{A98D8752-DCD1-4EDF-B0B5-3E90351050AF}.GamingBoosterDebug|Mixed Platforms.Build.0 = GamingBoosterDebug|Any CPU
		{A98D8752-DCD1-4EDF-B0B5-3E90351050AF}.GamingBoosterDebug|x64.ActiveCfg = GamingBoosterDebug|Any CPU
		{A98D8752-DCD1-4EDF-B0B5-3E90351050AF}.GamingBoosterDebug|x86.ActiveCfg = GamingBoosterDebug|Any CPU
		{A98D8752-DCD1-4EDF-B0B5-3E90351050AF}.GamingBoosterRelease|Any CPU.ActiveCfg = GamingBoosterRelease|Any CPU
		{A98D8752-DCD1-4EDF-B0B5-3E90351050AF}.GamingBoosterRelease|Any CPU.Build.0 = GamingBoosterRelease|Any CPU
		{A98D8752-DCD1-4EDF-B0B5-3E90351050AF}.GamingBoosterRelease|Mixed Platforms.ActiveCfg = GamingBoosterRelease|Any CPU
		{A98D8752-DCD1-4EDF-B0B5-3E90351050AF}.GamingBoosterRelease|Mixed Platforms.Build.0 = GamingBoosterRelease|Any CPU
		{A98D8752-DCD1-4EDF-B0B5-3E90351050AF}.GamingBoosterRelease|x64.ActiveCfg = GamingBoosterRelease|Any CPU
		{A98D8752-DCD1-4EDF-B0B5-3E90351050AF}.GamingBoosterRelease|x86.ActiveCfg = GamingBoosterRelease|Any CPU
		{A98D8752-DCD1-4EDF-B0B5-3E90351050AF}.PCCleanerDebug|Any CPU.ActiveCfg = PCCleanerDebug|Any CPU
		{A98D8752-DCD1-4EDF-B0B5-3E90351050AF}.PCCleanerDebug|Any CPU.Build.0 = PCCleanerDebug|Any CPU
		{A98D8752-DCD1-4EDF-B0B5-3E90351050AF}.PCCleanerDebug|Mixed Platforms.ActiveCfg = PCCleanerDebug|Any CPU
		{A98D8752-DCD1-4EDF-B0B5-3E90351050AF}.PCCleanerDebug|Mixed Platforms.Build.0 = PCCleanerDebug|Any CPU
		{A98D8752-DCD1-4EDF-B0B5-3E90351050AF}.PCCleanerDebug|x64.ActiveCfg = PCCleanerDebug|Any CPU
		{A98D8752-DCD1-4EDF-B0B5-3E90351050AF}.PCCleanerDebug|x86.ActiveCfg = PCCleanerDebug|Any CPU
		{A98D8752-DCD1-4EDF-B0B5-3E90351050AF}.PCCleanerRelease|Any CPU.ActiveCfg = PCCleanerRelease|Any CPU
		{A98D8752-DCD1-4EDF-B0B5-3E90351050AF}.PCCleanerRelease|Any CPU.Build.0 = PCCleanerRelease|Any CPU
		{A98D8752-DCD1-4EDF-B0B5-3E90351050AF}.PCCleanerRelease|Mixed Platforms.ActiveCfg = PCCleanerRelease|Any CPU
		{A98D8752-DCD1-4EDF-B0B5-3E90351050AF}.PCCleanerRelease|Mixed Platforms.Build.0 = PCCleanerRelease|Any CPU
		{A98D8752-DCD1-4EDF-B0B5-3E90351050AF}.PCCleanerRelease|x64.ActiveCfg = PCCleanerRelease|Any CPU
		{A98D8752-DCD1-4EDF-B0B5-3E90351050AF}.PCCleanerRelease|x86.ActiveCfg = PCCleanerRelease|Any CPU
		{A98D8752-DCD1-4EDF-B0B5-3E90351050AF}.Release|Any CPU.ActiveCfg = Release|Any CPU
		{A98D8752-DCD1-4EDF-B0B5-3E90351050AF}.Release|Any CPU.Build.0 = Release|Any CPU
		{A98D8752-DCD1-4EDF-B0B5-3E90351050AF}.Release|Mixed Platforms.ActiveCfg = Release|Any CPU
		{A98D8752-DCD1-4EDF-B0B5-3E90351050AF}.Release|Mixed Platforms.Build.0 = Release|Any CPU
		{A98D8752-DCD1-4EDF-B0B5-3E90351050AF}.Release|x64.ActiveCfg = Release|Any CPU
		{A98D8752-DCD1-4EDF-B0B5-3E90351050AF}.Release|x86.ActiveCfg = Release|Any CPU
		{A98D8752-DCD1-4EDF-B0B5-3E90351050AF}.ToolBarRemoverDebug|Any CPU.ActiveCfg = ToolBarRemoverDebug|Any CPU
		{A98D8752-DCD1-4EDF-B0B5-3E90351050AF}.ToolBarRemoverDebug|Any CPU.Build.0 = ToolBarRemoverDebug|Any CPU
		{A98D8752-DCD1-4EDF-B0B5-3E90351050AF}.ToolBarRemoverDebug|Mixed Platforms.ActiveCfg = ToolBarRemoverDebug|Any CPU
		{A98D8752-DCD1-4EDF-B0B5-3E90351050AF}.ToolBarRemoverDebug|Mixed Platforms.Build.0 = ToolBarRemoverDebug|Any CPU
		{A98D8752-DCD1-4EDF-B0B5-3E90351050AF}.ToolBarRemoverDebug|x64.ActiveCfg = ToolBarRemoverDebug|Any CPU
		{A98D8752-DCD1-4EDF-B0B5-3E90351050AF}.ToolBarRemoverDebug|x86.ActiveCfg = ToolBarRemoverDebug|Any CPU
		{A98D8752-DCD1-4EDF-B0B5-3E90351050AF}.ToolBarRemoverRelease|Any CPU.ActiveCfg = ToolBarRemoverRelease|Any CPU
		{A98D8752-DCD1-4EDF-B0B5-3E90351050AF}.ToolBarRemoverRelease|Any CPU.Build.0 = ToolBarRemoverRelease|Any CPU
		{A98D8752-DCD1-4EDF-B0B5-3E90351050AF}.ToolBarRemoverRelease|Mixed Platforms.ActiveCfg = ToolBarRemoverRelease|Any CPU
		{A98D8752-DCD1-4EDF-B0B5-3E90351050AF}.ToolBarRemoverRelease|Mixed Platforms.Build.0 = ToolBarRemoverRelease|Any CPU
		{A98D8752-DCD1-4EDF-B0B5-3E90351050AF}.ToolBarRemoverRelease|x64.ActiveCfg = ToolBarRemoverRelease|Any CPU
		{A98D8752-DCD1-4EDF-B0B5-3E90351050AF}.ToolBarRemoverRelease|x86.ActiveCfg = ToolBarRemoverRelease|Any CPU
	EndGlobalSection
	GlobalSection(SolutionProperties) = preSolution
		HideSolutionNode = FALSE
	EndGlobalSection
	GlobalSection(SubversionScc) = preSolution
		Svn-Managed = True
		Manager = AnkhSVN - Subversion Support for Visual Studio
	EndGlobalSection
EndGlobal
