
Microsoft Visual Studio Solution File, Format Version 11.00
# Visual Studio 2010
Project("{FAE04EC0-301F-11D3-BF4B-00C04F79EFBC}") = "FreemiumUtilities.Infrastructure", "FreemiumUtilities.Infrastructure\FreemiumUtilities.Infrastructure.csproj", "{A98D8752-DCD1-4EDF-B0B5-3E90351050AF}"
EndProject
Project("{FAE04EC0-301F-11D3-BF4B-00C04F79EFBC}") = "FreemiumUtilities.StartupManager", "FreemiumUtilities.StartupManager\FreemiumUtilities.StartupManager.csproj", "{375A58EF-E2A8-41A1-94DD-4FE644219FD1}"
EndProject
Project("{FAE04EC0-301F-11D3-BF4B-00C04F79EFBC}") = "FreemiumUtilities.TempCleaner", "FreemiumUtilities.TempCleaner\FreemiumUtilities.TempCleaner.csproj", "{E4885A39-64CE-4952-AFD5-0C72240AB27C}"
EndProject
Project("{FAE04EC0-301F-11D3-BF4B-00C04F79EFBC}") = "FreemiumUtilities.RegCleaner", "FreemiumUtilities.RegCleaner\FreemiumUtilities.RegCleaner.csproj", "{5CAA16A7-B9D5-41D1-AD1F-4DA4704176A2}"
EndProject
Project("{FAE04EC0-301F-11D3-BF4B-00C04F79EFBC}") = "Knots.CleanUp.DiskCleaner", "Knots\Clean Up And Manage\Disk Cleaner\Knots.CleanUp.DiskCleaner.csproj", "{C0E8BAA1-FD36-493A-AB3B-6C4C42A2E066}"
EndProject
Project("{FAE04EC0-301F-11D3-BF4B-00C04F79EFBC}") = "Knots.Performance.StartupManager", "Knots\Improve Performance\Startup Manager\Knots.Performance.StartupManager.csproj", "{D70269D0-DC20-43D5-86D1-A87894523337}"
EndProject
Project("{FAE04EC0-301F-11D3-BF4B-00C04F79EFBC}") = "Knots.CleanUp.EmptyFolderFinder", "Knots\Clean Up And Manage\Empty Folder Finder\Knots.CleanUp.EmptyFolderFinder.csproj", "{1C87765E-1E49-4AA8-9DE4-56B7A8663438}"
EndProject
Project("{FAE04EC0-301F-11D3-BF4B-00C04F79EFBC}") = "Knots.Performance.RegistryCleaner", "Knots\Improve Performance\Registry Cleaner\Knots.Performance.RegistryCleaner.csproj", "{E9C048F5-8E21-4721-9B55-E6FF332B6C51}"
EndProject
Project("{FAE04EC0-301F-11D3-BF4B-00C04F79EFBC}") = "Knots.CleanUp.ShortcutsFixer", "Knots\Clean Up And Manage\Shortcuts Fixer\Knots.CleanUp.ShortcutsFixer.csproj", "{EA1A64F1-E9AE-4FDC-8F26-E588CFF7F98D}"
EndProject
Project("{FAE04EC0-301F-11D3-BF4B-00C04F79EFBC}") = "Knots.CleanUp.UninstallManager", "Knots\Clean Up And Manage\Uninstall Manager\Knots.CleanUp.UninstallManager.csproj", "{DD49C6EC-005A-4C9E-85C5-E747269133B3}"
EndProject
Project("{FAE04EC0-301F-11D3-BF4B-00C04F79EFBC}") = "FreemiumUtil", "FreemiumUtil\FreemiumUtil.csproj", "{BAE70997-B37E-4FC6-A605-17967A89B7F9}"
EndProject
Project("{FAE04EC0-301F-11D3-BF4B-00C04F79EFBC}") = "Knots.Performance.RegistryCompactor", "Knots\Improve Performance\Registry Compactor\Knots.Performance.RegistryCompactor.csproj", "{3292A9F4-72EE-4BA9-B1B5-81F5928EE327}"
EndProject
Project("{FAE04EC0-301F-11D3-BF4B-00C04F79EFBC}") = "Knots.Performance.RegistryCleanerCore", "Knots\Improve Performance\Registry Cleaner Core\Knots.Performance.RegistryCleanerCore.csproj", "{FF431EF5-47E4-43A2-B7A9-FF0939C688E5}"
EndProject
Project("{FAE04EC0-301F-11D3-BF4B-00C04F79EFBC}") = "FreemiumUtilities.Context", "FreemiumUtilities.Context\FreemiumUtilities.Context.csproj", "{2AF3F14E-A183-44D4-A994-C8795A33E874}"
EndProject
Project("{FAE04EC0-301F-11D3-BF4B-00C04F79EFBC}") = "PCCleaner", "PCCleaner\PCCleaner.csproj", "{0D9542F5-0E0D-4F7E-BB6C-6803DAC2D838}"
EndProject
Project("{FAE04EC0-301F-11D3-BF4B-00C04F79EFBC}") = "FreemiumUtilities.ShortcutFixer", "FreemiumUtilities.ShortcutFixer\FreemiumUtilities.ShortcutFixer.csproj", "{0F910AD6-D904-454C-AF1D-441723CA3F6C}"
EndProject
Project("{FAE04EC0-301F-11D3-BF4B-00C04F79EFBC}") = "Knots.SystemInformation", "Knots\System Information\Knots.SystemInformation.csproj", "{D21BFE21-20EB-48B8-BA66-9B7F639DFF95}"
EndProject
Global
	GlobalSection(SolutionConfigurationPlatforms) = preSolution
		PCCleanerDebug|Any CPU = PCCleanerDebug|Any CPU
		PCCleanerDebug|Mixed Platforms = PCCleanerDebug|Mixed Platforms
		PCCleanerDebug|x64 = PCCleanerDebug|x64
		PCCleanerDebug|x86 = PCCleanerDebug|x86
		PCCleanerRelease|Any CPU = PCCleanerRelease|Any CPU
		PCCleanerRelease|Mixed Platforms = PCCleanerRelease|Mixed Platforms
		PCCleanerRelease|x64 = PCCleanerRelease|x64
		PCCleanerRelease|x86 = PCCleanerRelease|x86
	EndGlobalSection
	GlobalSection(ProjectConfigurationPlatforms) = postSolution
		{A98D8752-DCD1-4EDF-B0B5-3E90351050AF}.PCCleanerDebug|Any CPU.ActiveCfg = PCCleanerDebug|Any CPU
		{A98D8752-DCD1-4EDF-B0B5-3E90351050AF}.PCCleanerDebug|Any CPU.Build.0 = PCCleanerDebug|Any CPU
		{A98D8752-DCD1-4EDF-B0B5-3E90351050AF}.PCCleanerDebug|Mixed Platforms.ActiveCfg = PCCleanerDebug|Any CPU
		{A98D8752-DCD1-4EDF-B0B5-3E90351050AF}.PCCleanerDebug|Mixed Platforms.Build.0 = PCCleanerDebug|Any CPU
		{A98D8752-DCD1-4EDF-B0B5-3E90351050AF}.PCCleanerDebug|x64.ActiveCfg = PCCleanerDebug|Any CPU
		{A98D8752-DCD1-4EDF-B0B5-3E90351050AF}.PCCleanerDebug|x86.ActiveCfg = PCCleanerDebug|Any CPU
		{A98D8752-DCD1-4EDF-B0B5-3E90351050AF}.PCCleanerRelease|Any CPU.ActiveCfg = PCCleanerRelease|Any CPU
		{A98D8752-DCD1-4EDF-B0B5-3E90351050AF}.PCCleanerRelease|Any CPU.Build.0 = PCCleanerRelease|Any CPU
		{A98D8752-DCD1-4EDF-B0B5-3E90351050AF}.PCCleanerRelease|Mixed Platforms.ActiveCfg = PCCleanerRelease|Any CPU
		{A98D8752-DCD1-4EDF-B0B5-3E90351050AF}.PCCleanerRelease|Mixed Platforms.Build.0 = PCCleanerRelease|Any CPU
		{A98D8752-DCD1-4EDF-B0B5-3E90351050AF}.PCCleanerRelease|x64.ActiveCfg = PCCleanerRelease|Any CPU
		{A98D8752-DCD1-4EDF-B0B5-3E90351050AF}.PCCleanerRelease|x86.ActiveCfg = PCCleanerRelease|Any CPU
		{375A58EF-E2A8-41A1-94DD-4FE644219FD1}.PCCleanerDebug|Any CPU.ActiveCfg = PCCleanerDebug|Any CPU
		{375A58EF-E2A8-41A1-94DD-4FE644219FD1}.PCCleanerDebug|Any CPU.Build.0 = PCCleanerDebug|Any CPU
		{375A58EF-E2A8-41A1-94DD-4FE644219FD1}.PCCleanerDebug|Mixed Platforms.ActiveCfg = PCCleanerDebug|Any CPU
		{375A58EF-E2A8-41A1-94DD-4FE644219FD1}.PCCleanerDebug|Mixed Platforms.Build.0 = PCCleanerDebug|Any CPU
		{375A58EF-E2A8-41A1-94DD-4FE644219FD1}.PCCleanerDebug|x64.ActiveCfg = PCCleanerDebug|Any CPU
		{375A58EF-E2A8-41A1-94DD-4FE644219FD1}.PCCleanerDebug|x86.ActiveCfg = PCCleanerDebug|Any CPU
		{375A58EF-E2A8-41A1-94DD-4FE644219FD1}.PCCleanerRelease|Any CPU.ActiveCfg = PCCleanerRelease|Any CPU
		{375A58EF-E2A8-41A1-94DD-4FE644219FD1}.PCCleanerRelease|Any CPU.Build.0 = PCCleanerRelease|Any CPU
		{375A58EF-E2A8-41A1-94DD-4FE644219FD1}.PCCleanerRelease|Mixed Platforms.ActiveCfg = PCCleanerRelease|Any CPU
		{375A58EF-E2A8-41A1-94DD-4FE644219FD1}.PCCleanerRelease|Mixed Platforms.Build.0 = PCCleanerRelease|Any CPU
		{375A58EF-E2A8-41A1-94DD-4FE644219FD1}.PCCleanerRelease|x64.ActiveCfg = PCCleanerRelease|Any CPU
		{375A58EF-E2A8-41A1-94DD-4FE644219FD1}.PCCleanerRelease|x86.ActiveCfg = PCCleanerRelease|Any CPU
		{E4885A39-64CE-4952-AFD5-0C72240AB27C}.PCCleanerDebug|Any CPU.ActiveCfg = PCCleanerDebug|Any CPU
		{E4885A39-64CE-4952-AFD5-0C72240AB27C}.PCCleanerDebug|Any CPU.Build.0 = PCCleanerDebug|Any CPU
		{E4885A39-64CE-4952-AFD5-0C72240AB27C}.PCCleanerDebug|Mixed Platforms.ActiveCfg = PCCleanerDebug|Any CPU
		{E4885A39-64CE-4952-AFD5-0C72240AB27C}.PCCleanerDebug|Mixed Platforms.Build.0 = PCCleanerDebug|Any CPU
		{E4885A39-64CE-4952-AFD5-0C72240AB27C}.PCCleanerDebug|x64.ActiveCfg = PCCleanerDebug|Any CPU
		{E4885A39-64CE-4952-AFD5-0C72240AB27C}.PCCleanerDebug|x86.ActiveCfg = PCCleanerDebug|Any CPU
		{E4885A39-64CE-4952-AFD5-0C72240AB27C}.PCCleanerRelease|Any CPU.ActiveCfg = PCCleanerRelease|Any CPU
		{E4885A39-64CE-4952-AFD5-0C72240AB27C}.PCCleanerRelease|Any CPU.Build.0 = PCCleanerRelease|Any CPU
		{E4885A39-64CE-4952-AFD5-0C72240AB27C}.PCCleanerRelease|Mixed Platforms.ActiveCfg = PCCleanerRelease|Any CPU
		{E4885A39-64CE-4952-AFD5-0C72240AB27C}.PCCleanerRelease|Mixed Platforms.Build.0 = PCCleanerRelease|Any CPU
		{E4885A39-64CE-4952-AFD5-0C72240AB27C}.PCCleanerRelease|x64.ActiveCfg = PCCleanerRelease|Any CPU
		{E4885A39-64CE-4952-AFD5-0C72240AB27C}.PCCleanerRelease|x86.ActiveCfg = PCCleanerRelease|Any CPU
		{5CAA16A7-B9D5-41D1-AD1F-4DA4704176A2}.PCCleanerDebug|Any CPU.ActiveCfg = PCCleanerDebug|Any CPU
		{5CAA16A7-B9D5-41D1-AD1F-4DA4704176A2}.PCCleanerDebug|Any CPU.Build.0 = PCCleanerDebug|Any CPU
		{5CAA16A7-B9D5-41D1-AD1F-4DA4704176A2}.PCCleanerDebug|Mixed Platforms.ActiveCfg = PCCleanerDebug|Any CPU
		{5CAA16A7-B9D5-41D1-AD1F-4DA4704176A2}.PCCleanerDebug|Mixed Platforms.Build.0 = PCCleanerDebug|Any CPU
		{5CAA16A7-B9D5-41D1-AD1F-4DA4704176A2}.PCCleanerDebug|x64.ActiveCfg = PCCleanerDebug|Any CPU
		{5CAA16A7-B9D5-41D1-AD1F-4DA4704176A2}.PCCleanerDebug|x86.ActiveCfg = PCCleanerDebug|Any CPU
		{5CAA16A7-B9D5-41D1-AD1F-4DA4704176A2}.PCCleanerRelease|Any CPU.ActiveCfg = PCCleanerRelease|Any CPU
		{5CAA16A7-B9D5-41D1-AD1F-4DA4704176A2}.PCCleanerRelease|Any CPU.Build.0 = PCCleanerRelease|Any CPU
		{5CAA16A7-B9D5-41D1-AD1F-4DA4704176A2}.PCCleanerRelease|Mixed Platforms.ActiveCfg = PCCleanerRelease|Any CPU
		{5CAA16A7-B9D5-41D1-AD1F-4DA4704176A2}.PCCleanerRelease|Mixed Platforms.Build.0 = PCCleanerRelease|Any CPU
		{5CAA16A7-B9D5-41D1-AD1F-4DA4704176A2}.PCCleanerRelease|x64.ActiveCfg = PCCleanerRelease|Any CPU
		{5CAA16A7-B9D5-41D1-AD1F-4DA4704176A2}.PCCleanerRelease|x86.ActiveCfg = PCCleanerRelease|Any CPU
		{C0E8BAA1-FD36-493A-AB3B-6C4C42A2E066}.PCCleanerDebug|Any CPU.ActiveCfg = PCCleanerDebug|Any CPU
		{C0E8BAA1-FD36-493A-AB3B-6C4C42A2E066}.PCCleanerDebug|Any CPU.Build.0 = PCCleanerDebug|Any CPU
		{C0E8BAA1-FD36-493A-AB3B-6C4C42A2E066}.PCCleanerDebug|Mixed Platforms.ActiveCfg = PCCleanerDebug|Any CPU
		{C0E8BAA1-FD36-493A-AB3B-6C4C42A2E066}.PCCleanerDebug|Mixed Platforms.Build.0 = PCCleanerDebug|Any CPU
		{C0E8BAA1-FD36-493A-AB3B-6C4C42A2E066}.PCCleanerDebug|x64.ActiveCfg = PCCleanerDebug|x86
		{C0E8BAA1-FD36-493A-AB3B-6C4C42A2E066}.PCCleanerDebug|x86.ActiveCfg = PCCleanerDebug|x86
		{C0E8BAA1-FD36-493A-AB3B-6C4C42A2E066}.PCCleanerRelease|Any CPU.ActiveCfg = PCCleanerRelease|Any CPU
		{C0E8BAA1-FD36-493A-AB3B-6C4C42A2E066}.PCCleanerRelease|Any CPU.Build.0 = PCCleanerRelease|Any CPU
		{C0E8BAA1-FD36-493A-AB3B-6C4C42A2E066}.PCCleanerRelease|Mixed Platforms.ActiveCfg = PCCleanerRelease|Any CPU
		{C0E8BAA1-FD36-493A-AB3B-6C4C42A2E066}.PCCleanerRelease|Mixed Platforms.Build.0 = PCCleanerRelease|Any CPU
		{C0E8BAA1-FD36-493A-AB3B-6C4C42A2E066}.PCCleanerRelease|x64.ActiveCfg = PCCleanerRelease|x86
		{C0E8BAA1-FD36-493A-AB3B-6C4C42A2E066}.PCCleanerRelease|x86.ActiveCfg = PCCleanerRelease|x86
		{C0E8BAA1-FD36-493A-AB3B-6C4C42A2E066}.PCCleanerRelease|x86.Build.0 = PCCleanerRelease|x86
		{D70269D0-DC20-43D5-86D1-A87894523337}.PCCleanerDebug|Any CPU.ActiveCfg = PCCleanerDebug|Any CPU
		{D70269D0-DC20-43D5-86D1-A87894523337}.PCCleanerDebug|Any CPU.Build.0 = PCCleanerDebug|Any CPU
		{D70269D0-DC20-43D5-86D1-A87894523337}.PCCleanerDebug|Mixed Platforms.ActiveCfg = PCCleanerDebug|Any CPU
		{D70269D0-DC20-43D5-86D1-A87894523337}.PCCleanerDebug|Mixed Platforms.Build.0 = PCCleanerDebug|Any CPU
		{D70269D0-DC20-43D5-86D1-A87894523337}.PCCleanerDebug|x64.ActiveCfg = PCCleanerDebug|Any CPU
		{D70269D0-DC20-43D5-86D1-A87894523337}.PCCleanerDebug|x86.ActiveCfg = PCCleanerDebug|Any CPU
		{D70269D0-DC20-43D5-86D1-A87894523337}.PCCleanerRelease|Any CPU.ActiveCfg = PCCleanerRelease|Any CPU
		{D70269D0-DC20-43D5-86D1-A87894523337}.PCCleanerRelease|Any CPU.Build.0 = PCCleanerRelease|Any CPU
		{D70269D0-DC20-43D5-86D1-A87894523337}.PCCleanerRelease|Mixed Platforms.ActiveCfg = PCCleanerRelease|Any CPU
		{D70269D0-DC20-43D5-86D1-A87894523337}.PCCleanerRelease|Mixed Platforms.Build.0 = PCCleanerRelease|Any CPU
		{D70269D0-DC20-43D5-86D1-A87894523337}.PCCleanerRelease|x64.ActiveCfg = PCCleanerRelease|Any CPU
		{D70269D0-DC20-43D5-86D1-A87894523337}.PCCleanerRelease|x86.ActiveCfg = PCCleanerRelease|Any CPU
		{1C87765E-1E49-4AA8-9DE4-56B7A8663438}.PCCleanerDebug|Any CPU.ActiveCfg = PCCleanerDebug|Any CPU
		{1C87765E-1E49-4AA8-9DE4-56B7A8663438}.PCCleanerDebug|Any CPU.Build.0 = PCCleanerDebug|Any CPU
		{1C87765E-1E49-4AA8-9DE4-56B7A8663438}.PCCleanerDebug|Mixed Platforms.ActiveCfg = PCCleanerDebug|Any CPU
		{1C87765E-1E49-4AA8-9DE4-56B7A8663438}.PCCleanerDebug|Mixed Platforms.Build.0 = PCCleanerDebug|Any CPU
		{1C87765E-1E49-4AA8-9DE4-56B7A8663438}.PCCleanerDebug|x64.ActiveCfg = PCCleanerDebug|x86
		{1C87765E-1E49-4AA8-9DE4-56B7A8663438}.PCCleanerDebug|x86.ActiveCfg = PCCleanerDebug|x86
		{1C87765E-1E49-4AA8-9DE4-56B7A8663438}.PCCleanerDebug|x86.Build.0 = PCCleanerDebug|x86
		{1C87765E-1E49-4AA8-9DE4-56B7A8663438}.PCCleanerRelease|Any CPU.ActiveCfg = PCCleanerRelease|Any CPU
		{1C87765E-1E49-4AA8-9DE4-56B7A8663438}.PCCleanerRelease|Any CPU.Build.0 = PCCleanerRelease|Any CPU
		{1C87765E-1E49-4AA8-9DE4-56B7A8663438}.PCCleanerRelease|Mixed Platforms.ActiveCfg = PCCleanerRelease|Any CPU
		{1C87765E-1E49-4AA8-9DE4-56B7A8663438}.PCCleanerRelease|Mixed Platforms.Build.0 = PCCleanerRelease|Any CPU
		{1C87765E-1E49-4AA8-9DE4-56B7A8663438}.PCCleanerRelease|x64.ActiveCfg = PCCleanerRelease|x86
		{1C87765E-1E49-4AA8-9DE4-56B7A8663438}.PCCleanerRelease|x86.ActiveCfg = PCCleanerRelease|x86
		{1C87765E-1E49-4AA8-9DE4-56B7A8663438}.PCCleanerRelease|x86.Build.0 = PCCleanerRelease|x86
		{E9C048F5-8E21-4721-9B55-E6FF332B6C51}.PCCleanerDebug|Any CPU.ActiveCfg = PCCleanerDebug|x86
		{E9C048F5-8E21-4721-9B55-E6FF332B6C51}.PCCleanerDebug|Any CPU.Build.0 = PCCleanerDebug|x86
		{E9C048F5-8E21-4721-9B55-E6FF332B6C51}.PCCleanerDebug|Mixed Platforms.ActiveCfg = PCCleanerDebug|Any CPU
		{E9C048F5-8E21-4721-9B55-E6FF332B6C51}.PCCleanerDebug|Mixed Platforms.Build.0 = PCCleanerDebug|Any CPU
		{E9C048F5-8E21-4721-9B55-E6FF332B6C51}.PCCleanerDebug|x64.ActiveCfg = PCCleanerDebug|x86
		{E9C048F5-8E21-4721-9B55-E6FF332B6C51}.PCCleanerDebug|x86.ActiveCfg = PCCleanerDebug|x86
		{E9C048F5-8E21-4721-9B55-E6FF332B6C51}.PCCleanerDebug|x86.Build.0 = PCCleanerDebug|x86
		{E9C048F5-8E21-4721-9B55-E6FF332B6C51}.PCCleanerRelease|Any CPU.ActiveCfg = PCCleanerRelease|x86
		{E9C048F5-8E21-4721-9B55-E6FF332B6C51}.PCCleanerRelease|Any CPU.Build.0 = PCCleanerRelease|x86
		{E9C048F5-8E21-4721-9B55-E6FF332B6C51}.PCCleanerRelease|Mixed Platforms.ActiveCfg = PCCleanerRelease|Any CPU
		{E9C048F5-8E21-4721-9B55-E6FF332B6C51}.PCCleanerRelease|Mixed Platforms.Build.0 = PCCleanerRelease|Any CPU
		{E9C048F5-8E21-4721-9B55-E6FF332B6C51}.PCCleanerRelease|x64.ActiveCfg = PCCleanerRelease|x86
		{E9C048F5-8E21-4721-9B55-E6FF332B6C51}.PCCleanerRelease|x86.ActiveCfg = PCCleanerRelease|x86
		{E9C048F5-8E21-4721-9B55-E6FF332B6C51}.PCCleanerRelease|x86.Build.0 = PCCleanerRelease|x86
		{EA1A64F1-E9AE-4FDC-8F26-E588CFF7F98D}.PCCleanerDebug|Any CPU.ActiveCfg = PCCleanerDebug|Any CPU
		{EA1A64F1-E9AE-4FDC-8F26-E588CFF7F98D}.PCCleanerDebug|Any CPU.Build.0 = PCCleanerDebug|Any CPU
		{EA1A64F1-E9AE-4FDC-8F26-E588CFF7F98D}.PCCleanerDebug|Mixed Platforms.ActiveCfg = PCCleanerDebug|Any CPU
		{EA1A64F1-E9AE-4FDC-8F26-E588CFF7F98D}.PCCleanerDebug|Mixed Platforms.Build.0 = PCCleanerDebug|Any CPU
		{EA1A64F1-E9AE-4FDC-8F26-E588CFF7F98D}.PCCleanerDebug|x64.ActiveCfg = PCCleanerDebug|x86
		{EA1A64F1-E9AE-4FDC-8F26-E588CFF7F98D}.PCCleanerDebug|x86.ActiveCfg = PCCleanerDebug|x86
		{EA1A64F1-E9AE-4FDC-8F26-E588CFF7F98D}.PCCleanerDebug|x86.Build.0 = PCCleanerDebug|x86
		{EA1A64F1-E9AE-4FDC-8F26-E588CFF7F98D}.PCCleanerRelease|Any CPU.ActiveCfg = PCCleanerRelease|Any CPU
		{EA1A64F1-E9AE-4FDC-8F26-E588CFF7F98D}.PCCleanerRelease|Any CPU.Build.0 = PCCleanerRelease|Any CPU
		{EA1A64F1-E9AE-4FDC-8F26-E588CFF7F98D}.PCCleanerRelease|Mixed Platforms.ActiveCfg = PCCleanerRelease|Any CPU
		{EA1A64F1-E9AE-4FDC-8F26-E588CFF7F98D}.PCCleanerRelease|Mixed Platforms.Build.0 = PCCleanerRelease|Any CPU
		{EA1A64F1-E9AE-4FDC-8F26-E588CFF7F98D}.PCCleanerRelease|x64.ActiveCfg = PCCleanerRelease|x86
		{EA1A64F1-E9AE-4FDC-8F26-E588CFF7F98D}.PCCleanerRelease|x86.ActiveCfg = PCCleanerRelease|x86
		{EA1A64F1-E9AE-4FDC-8F26-E588CFF7F98D}.PCCleanerRelease|x86.Build.0 = PCCleanerRelease|x86
		{DD49C6EC-005A-4C9E-85C5-E747269133B3}.PCCleanerDebug|Any CPU.ActiveCfg = PCCleanerDebug|Any CPU
		{DD49C6EC-005A-4C9E-85C5-E747269133B3}.PCCleanerDebug|Any CPU.Build.0 = PCCleanerDebug|Any CPU
		{DD49C6EC-005A-4C9E-85C5-E747269133B3}.PCCleanerDebug|Mixed Platforms.ActiveCfg = PCCleanerDebug|Any CPU
		{DD49C6EC-005A-4C9E-85C5-E747269133B3}.PCCleanerDebug|Mixed Platforms.Build.0 = PCCleanerDebug|Any CPU
		{DD49C6EC-005A-4C9E-85C5-E747269133B3}.PCCleanerDebug|x64.ActiveCfg = PCCleanerDebug|x86
		{DD49C6EC-005A-4C9E-85C5-E747269133B3}.PCCleanerDebug|x86.ActiveCfg = PCCleanerDebug|x86
		{DD49C6EC-005A-4C9E-85C5-E747269133B3}.PCCleanerDebug|x86.Build.0 = PCCleanerDebug|x86
		{DD49C6EC-005A-4C9E-85C5-E747269133B3}.PCCleanerRelease|Any CPU.ActiveCfg = PCCleanerRelease|Any CPU
		{DD49C6EC-005A-4C9E-85C5-E747269133B3}.PCCleanerRelease|Any CPU.Build.0 = PCCleanerRelease|Any CPU
		{DD49C6EC-005A-4C9E-85C5-E747269133B3}.PCCleanerRelease|Mixed Platforms.ActiveCfg = PCCleanerRelease|Any CPU
		{DD49C6EC-005A-4C9E-85C5-E747269133B3}.PCCleanerRelease|Mixed Platforms.Build.0 = PCCleanerRelease|Any CPU
		{DD49C6EC-005A-4C9E-85C5-E747269133B3}.PCCleanerRelease|x64.ActiveCfg = PCCleanerRelease|x86
		{DD49C6EC-005A-4C9E-85C5-E747269133B3}.PCCleanerRelease|x86.ActiveCfg = PCCleanerRelease|x86
		{DD49C6EC-005A-4C9E-85C5-E747269133B3}.PCCleanerRelease|x86.Build.0 = PCCleanerRelease|x86
		{BAE70997-B37E-4FC6-A605-17967A89B7F9}.PCCleanerDebug|Any CPU.ActiveCfg = PCCleanerDebug|Any CPU
		{BAE70997-B37E-4FC6-A605-17967A89B7F9}.PCCleanerDebug|Any CPU.Build.0 = PCCleanerDebug|Any CPU
		{BAE70997-B37E-4FC6-A605-17967A89B7F9}.PCCleanerDebug|Mixed Platforms.ActiveCfg = PCCleanerDebug|Any CPU
		{BAE70997-B37E-4FC6-A605-17967A89B7F9}.PCCleanerDebug|Mixed Platforms.Build.0 = PCCleanerDebug|Any CPU
		{BAE70997-B37E-4FC6-A605-17967A89B7F9}.PCCleanerDebug|x64.ActiveCfg = PCCleanerDebug|x64
		{BAE70997-B37E-4FC6-A605-17967A89B7F9}.PCCleanerDebug|x64.Build.0 = PCCleanerDebug|x64
		{BAE70997-B37E-4FC6-A605-17967A89B7F9}.PCCleanerDebug|x86.ActiveCfg = PCCleanerDebug|x86
		{BAE70997-B37E-4FC6-A605-17967A89B7F9}.PCCleanerDebug|x86.Build.0 = PCCleanerDebug|x86
		{BAE70997-B37E-4FC6-A605-17967A89B7F9}.PCCleanerRelease|Any CPU.ActiveCfg = PCCleanerRelease|Any CPU
		{BAE70997-B37E-4FC6-A605-17967A89B7F9}.PCCleanerRelease|Any CPU.Build.0 = PCCleanerRelease|Any CPU
		{BAE70997-B37E-4FC6-A605-17967A89B7F9}.PCCleanerRelease|Mixed Platforms.ActiveCfg = PCCleanerRelease|Any CPU
		{BAE70997-B37E-4FC6-A605-17967A89B7F9}.PCCleanerRelease|Mixed Platforms.Build.0 = PCCleanerRelease|Any CPU
		{BAE70997-B37E-4FC6-A605-17967A89B7F9}.PCCleanerRelease|x64.ActiveCfg = PCCleanerRelease|x64
		{BAE70997-B37E-4FC6-A605-17967A89B7F9}.PCCleanerRelease|x64.Build.0 = PCCleanerRelease|x64
		{BAE70997-B37E-4FC6-A605-17967A89B7F9}.PCCleanerRelease|x86.ActiveCfg = PCCleanerRelease|x86
		{BAE70997-B37E-4FC6-A605-17967A89B7F9}.PCCleanerRelease|x86.Build.0 = PCCleanerRelease|x86
		{3292A9F4-72EE-4BA9-B1B5-81F5928EE327}.PCCleanerDebug|Any CPU.ActiveCfg = PCCleanerDebug|Any CPU
		{3292A9F4-72EE-4BA9-B1B5-81F5928EE327}.PCCleanerDebug|Any CPU.Build.0 = PCCleanerDebug|Any CPU
		{3292A9F4-72EE-4BA9-B1B5-81F5928EE327}.PCCleanerDebug|Mixed Platforms.ActiveCfg = PCCleanerDebug|Any CPU
		{3292A9F4-72EE-4BA9-B1B5-81F5928EE327}.PCCleanerDebug|Mixed Platforms.Build.0 = PCCleanerDebug|Any CPU
		{3292A9F4-72EE-4BA9-B1B5-81F5928EE327}.PCCleanerDebug|x64.ActiveCfg = PCCleanerDebug|x86
		{3292A9F4-72EE-4BA9-B1B5-81F5928EE327}.PCCleanerDebug|x86.ActiveCfg = PCCleanerDebug|x86
		{3292A9F4-72EE-4BA9-B1B5-81F5928EE327}.PCCleanerDebug|x86.Build.0 = PCCleanerDebug|x86
		{3292A9F4-72EE-4BA9-B1B5-81F5928EE327}.PCCleanerRelease|Any CPU.ActiveCfg = PCCleanerRelease|Any CPU
		{3292A9F4-72EE-4BA9-B1B5-81F5928EE327}.PCCleanerRelease|Any CPU.Build.0 = PCCleanerRelease|Any CPU
		{3292A9F4-72EE-4BA9-B1B5-81F5928EE327}.PCCleanerRelease|Mixed Platforms.ActiveCfg = PCCleanerRelease|Any CPU
		{3292A9F4-72EE-4BA9-B1B5-81F5928EE327}.PCCleanerRelease|Mixed Platforms.Build.0 = PCCleanerRelease|Any CPU
		{3292A9F4-72EE-4BA9-B1B5-81F5928EE327}.PCCleanerRelease|x64.ActiveCfg = PCCleanerRelease|x86
		{3292A9F4-72EE-4BA9-B1B5-81F5928EE327}.PCCleanerRelease|x86.ActiveCfg = PCCleanerRelease|x86
		{3292A9F4-72EE-4BA9-B1B5-81F5928EE327}.PCCleanerRelease|x86.Build.0 = PCCleanerRelease|x86
		{FF431EF5-47E4-43A2-B7A9-FF0939C688E5}.PCCleanerDebug|Any CPU.ActiveCfg = PCCleanerDebug|Any CPU
		{FF431EF5-47E4-43A2-B7A9-FF0939C688E5}.PCCleanerDebug|Any CPU.Build.0 = PCCleanerDebug|Any CPU
		{FF431EF5-47E4-43A2-B7A9-FF0939C688E5}.PCCleanerDebug|Mixed Platforms.ActiveCfg = PCCleanerDebug|Any CPU
		{FF431EF5-47E4-43A2-B7A9-FF0939C688E5}.PCCleanerDebug|Mixed Platforms.Build.0 = PCCleanerDebug|Any CPU
		{FF431EF5-47E4-43A2-B7A9-FF0939C688E5}.PCCleanerDebug|x64.ActiveCfg = PCCleanerDebug|Any CPU
		{FF431EF5-47E4-43A2-B7A9-FF0939C688E5}.PCCleanerDebug|x86.ActiveCfg = PCCleanerDebug|Any CPU
		{FF431EF5-47E4-43A2-B7A9-FF0939C688E5}.PCCleanerRelease|Any CPU.ActiveCfg = PCCleanerRelease|Any CPU
		{FF431EF5-47E4-43A2-B7A9-FF0939C688E5}.PCCleanerRelease|Any CPU.Build.0 = PCCleanerRelease|Any CPU
		{FF431EF5-47E4-43A2-B7A9-FF0939C688E5}.PCCleanerRelease|Mixed Platforms.ActiveCfg = PCCleanerRelease|Any CPU
		{FF431EF5-47E4-43A2-B7A9-FF0939C688E5}.PCCleanerRelease|Mixed Platforms.Build.0 = PCCleanerRelease|Any CPU
		{FF431EF5-47E4-43A2-B7A9-FF0939C688E5}.PCCleanerRelease|x64.ActiveCfg = PCCleanerRelease|Any CPU
		{FF431EF5-47E4-43A2-B7A9-FF0939C688E5}.PCCleanerRelease|x86.ActiveCfg = PCCleanerRelease|Any CPU
		{2AF3F14E-A183-44D4-A994-C8795A33E874}.PCCleanerDebug|Any CPU.ActiveCfg = PCCleanerDebug|Any CPU
		{2AF3F14E-A183-44D4-A994-C8795A33E874}.PCCleanerDebug|Any CPU.Build.0 = PCCleanerDebug|Any CPU
		{2AF3F14E-A183-44D4-A994-C8795A33E874}.PCCleanerDebug|Mixed Platforms.ActiveCfg = PCCleanerDebug|Any CPU
		{2AF3F14E-A183-44D4-A994-C8795A33E874}.PCCleanerDebug|Mixed Platforms.Build.0 = PCCleanerDebug|Any CPU
		{2AF3F14E-A183-44D4-A994-C8795A33E874}.PCCleanerDebug|x64.ActiveCfg = PCCleanerDebug|x86
		{2AF3F14E-A183-44D4-A994-C8795A33E874}.PCCleanerDebug|x86.ActiveCfg = PCCleanerDebug|x86
		{2AF3F14E-A183-44D4-A994-C8795A33E874}.PCCleanerRelease|Any CPU.ActiveCfg = PCCleanerRelease|Any CPU
		{2AF3F14E-A183-44D4-A994-C8795A33E874}.PCCleanerRelease|Any CPU.Build.0 = PCCleanerRelease|Any CPU
		{2AF3F14E-A183-44D4-A994-C8795A33E874}.PCCleanerRelease|Mixed Platforms.ActiveCfg = PCCleanerRelease|Any CPU
		{2AF3F14E-A183-44D4-A994-C8795A33E874}.PCCleanerRelease|Mixed Platforms.Build.0 = PCCleanerRelease|Any CPU
		{2AF3F14E-A183-44D4-A994-C8795A33E874}.PCCleanerRelease|x64.ActiveCfg = PCCleanerRelease|x86
		{2AF3F14E-A183-44D4-A994-C8795A33E874}.PCCleanerRelease|x86.ActiveCfg = PCCleanerRelease|x86
		{2AF3F14E-A183-44D4-A994-C8795A33E874}.PCCleanerRelease|x86.Build.0 = PCCleanerRelease|x86
		{0D9542F5-0E0D-4F7E-BB6C-6803DAC2D838}.PCCleanerDebug|Any CPU.ActiveCfg = PCCleanerDebug|x86
		{0D9542F5-0E0D-4F7E-BB6C-6803DAC2D838}.PCCleanerDebug|Any CPU.Build.0 = PCCleanerDebug|x86
		{0D9542F5-0E0D-4F7E-BB6C-6803DAC2D838}.PCCleanerDebug|Mixed Platforms.ActiveCfg = PCCleanerDebug|Any CPU
		{0D9542F5-0E0D-4F7E-BB6C-6803DAC2D838}.PCCleanerDebug|Mixed Platforms.Build.0 = PCCleanerDebug|Any CPU
		{0D9542F5-0E0D-4F7E-BB6C-6803DAC2D838}.PCCleanerDebug|x64.ActiveCfg = PCCleanerDebug|x86
		{0D9542F5-0E0D-4F7E-BB6C-6803DAC2D838}.PCCleanerDebug|x86.ActiveCfg = PCCleanerDebug|x86
		{0D9542F5-0E0D-4F7E-BB6C-6803DAC2D838}.PCCleanerDebug|x86.Build.0 = PCCleanerDebug|x86
		{0D9542F5-0E0D-4F7E-BB6C-6803DAC2D838}.PCCleanerRelease|Any CPU.ActiveCfg = PCCleanerRelease|x86
		{0D9542F5-0E0D-4F7E-BB6C-6803DAC2D838}.PCCleanerRelease|Any CPU.Build.0 = PCCleanerRelease|x86
		{0D9542F5-0E0D-4F7E-BB6C-6803DAC2D838}.PCCleanerRelease|Mixed Platforms.ActiveCfg = PCCleanerRelease|Any CPU
		{0D9542F5-0E0D-4F7E-BB6C-6803DAC2D838}.PCCleanerRelease|Mixed Platforms.Build.0 = PCCleanerRelease|Any CPU
		{0D9542F5-0E0D-4F7E-BB6C-6803DAC2D838}.PCCleanerRelease|x64.ActiveCfg = PCCleanerRelease|x86
		{0D9542F5-0E0D-4F7E-BB6C-6803DAC2D838}.PCCleanerRelease|x86.ActiveCfg = PCCleanerRelease|x86
		{0D9542F5-0E0D-4F7E-BB6C-6803DAC2D838}.PCCleanerRelease|x86.Build.0 = PCCleanerRelease|x86
		{0F910AD6-D904-454C-AF1D-441723CA3F6C}.PCCleanerDebug|Any CPU.ActiveCfg = PCCleanerDebug|Any CPU
		{0F910AD6-D904-454C-AF1D-441723CA3F6C}.PCCleanerDebug|Any CPU.Build.0 = PCCleanerDebug|Any CPU
		{0F910AD6-D904-454C-AF1D-441723CA3F6C}.PCCleanerDebug|Mixed Platforms.ActiveCfg = PCCleanerDebug|Any CPU
		{0F910AD6-D904-454C-AF1D-441723CA3F6C}.PCCleanerDebug|Mixed Platforms.Build.0 = PCCleanerDebug|Any CPU
		{0F910AD6-D904-454C-AF1D-441723CA3F6C}.PCCleanerDebug|x64.ActiveCfg = PCCleanerDebug|Any CPU
		{0F910AD6-D904-454C-AF1D-441723CA3F6C}.PCCleanerDebug|x86.ActiveCfg = PCCleanerDebug|Any CPU
		{0F910AD6-D904-454C-AF1D-441723CA3F6C}.PCCleanerRelease|Any CPU.ActiveCfg = PCCleanerRelease|Any CPU
		{0F910AD6-D904-454C-AF1D-441723CA3F6C}.PCCleanerRelease|Any CPU.Build.0 = PCCleanerRelease|Any CPU
		{0F910AD6-D904-454C-AF1D-441723CA3F6C}.PCCleanerRelease|Mixed Platforms.ActiveCfg = PCCleanerRelease|Any CPU
		{0F910AD6-D904-454C-AF1D-441723CA3F6C}.PCCleanerRelease|Mixed Platforms.Build.0 = PCCleanerRelease|Any CPU
		{0F910AD6-D904-454C-AF1D-441723CA3F6C}.PCCleanerRelease|x64.ActiveCfg = PCCleanerRelease|Any CPU
		{0F910AD6-D904-454C-AF1D-441723CA3F6C}.PCCleanerRelease|x86.ActiveCfg = PCCleanerRelease|Any CPU
		{D21BFE21-20EB-48B8-BA66-9B7F639DFF95}.PCCleanerDebug|Any CPU.ActiveCfg = PCCleanerDebug|Any CPU
		{D21BFE21-20EB-48B8-BA66-9B7F639DFF95}.PCCleanerDebug|Any CPU.Build.0 = PCCleanerDebug|Any CPU
		{D21BFE21-20EB-48B8-BA66-9B7F639DFF95}.PCCleanerDebug|Mixed Platforms.ActiveCfg = PCCleanerDebug|Any CPU
		{D21BFE21-20EB-48B8-BA66-9B7F639DFF95}.PCCleanerDebug|x64.ActiveCfg = PCCleanerDebug|Any CPU
		{D21BFE21-20EB-48B8-BA66-9B7F639DFF95}.PCCleanerDebug|x86.ActiveCfg = PCCleanerDebug|Any CPU
		{D21BFE21-20EB-48B8-BA66-9B7F639DFF95}.PCCleanerRelease|Any CPU.ActiveCfg = PCCleanerRelease|Any CPU
		{D21BFE21-20EB-48B8-BA66-9B7F639DFF95}.PCCleanerRelease|Any CPU.Build.0 = PCCleanerRelease|Any CPU
		{D21BFE21-20EB-48B8-BA66-9B7F639DFF95}.PCCleanerRelease|Mixed Platforms.ActiveCfg = PCCleanerRelease|Any CPU
		{D21BFE21-20EB-48B8-BA66-9B7F639DFF95}.PCCleanerRelease|Mixed Platforms.Build.0 = PCCleanerRelease|Any CPU
		{D21BFE21-20EB-48B8-BA66-9B7F639DFF95}.PCCleanerRelease|x64.ActiveCfg = PCCleanerRelease|Any CPU
		{D21BFE21-20EB-48B8-BA66-9B7F639DFF95}.PCCleanerRelease|x86.ActiveCfg = PCCleanerRelease|Any CPU
	EndGlobalSection
	GlobalSection(SolutionProperties) = preSolution
		HideSolutionNode = FALSE
	EndGlobalSection
	GlobalSection(SubversionScc) = preSolution
		Svn-Managed = True
		Manager = AnkhSVN - Subversion Support for Visual Studio
	EndGlobalSection
EndGlobal
