
Microsoft Visual Studio Solution File, Format Version 11.00
# Visual Studio 2010
Project("{FAE04EC0-301F-11D3-BF4B-00C04F79EFBC}") = "FreemiumUtilities", "FreemiumUtilities\FreemiumUtilities.csproj", "{4C08966C-3E47-478A-8DCA-231910305743}"
	ProjectSection(ProjectDependencies) = postProject
		{021ADA2C-1283-449B-BAF1-7D2864E4EF7C} = {021ADA2C-1283-449B-BAF1-7D2864E4EF7C}
		{E4885A39-64CE-4952-AFD5-0C72240AB27C} = {E4885A39-64CE-4952-AFD5-0C72240AB27C}
		{0E5F0D45-A3AE-4732-AB75-93DE36A9C4C7} = {0E5F0D45-A3AE-4732-AB75-93DE36A9C4C7}
		{A98D8752-DCD1-4EDF-B0B5-3E90351050AF} = {A98D8752-DCD1-4EDF-B0B5-3E90351050AF}
		{BAE70997-B37E-4FC6-A605-17967A89B7F9} = {BAE70997-B37E-4FC6-A605-17967A89B7F9}
		{5CAA16A7-B9D5-41D1-AD1F-4DA4704176A2} = {5CAA16A7-B9D5-41D1-AD1F-4DA4704176A2}
		{0F910AD6-D904-454C-AF1D-441723CA3F6C} = {0F910AD6-D904-454C-AF1D-441723CA3F6C}
		{DFFF70FD-037A-49A2-911D-CF0226D27921} = {DFFF70FD-037A-49A2-911D-CF0226D27921}
	EndProjectSection
EndProject
Project("{FAE04EC0-301F-11D3-BF4B-00C04F79EFBC}") = "FreemiumUtilities.Spyware", "FreemiumUtilities.Spyware\FreemiumUtilities.Spyware.csproj", "{DFFF70FD-037A-49A2-911D-CF0226D27921}"
EndProject
Project("{FAE04EC0-301F-11D3-BF4B-00C04F79EFBC}") = "FreemiumUtilities.Infrastructure", "FreemiumUtilities.Infrastructure\FreemiumUtilities.Infrastructure.csproj", "{A98D8752-DCD1-4EDF-B0B5-3E90351050AF}"
EndProject
Project("{FAE04EC0-301F-11D3-BF4B-00C04F79EFBC}") = "FreemiumUtilities.ShortcutFixer", "FreemiumUtilities.ShortcutFixer\FreemiumUtilities.ShortcutFixer.csproj", "{0F910AD6-D904-454C-AF1D-441723CA3F6C}"
EndProject
Project("{FAE04EC0-301F-11D3-BF4B-00C04F79EFBC}") = "FreemiumUtilities.StartupManager", "FreemiumUtilities.StartupManager\FreemiumUtilities.StartupManager.csproj", "{375A58EF-E2A8-41A1-94DD-4FE644219FD1}"
EndProject
Project("{FAE04EC0-301F-11D3-BF4B-00C04F79EFBC}") = "FreemiumUtilities.TempCleaner", "FreemiumUtilities.TempCleaner\FreemiumUtilities.TempCleaner.csproj", "{E4885A39-64CE-4952-AFD5-0C72240AB27C}"
EndProject
Project("{FAE04EC0-301F-11D3-BF4B-00C04F79EFBC}") = "FreemiumUtilities.RegCleaner", "FreemiumUtilities.RegCleaner\FreemiumUtilities.RegCleaner.csproj", "{5CAA16A7-B9D5-41D1-AD1F-4DA4704176A2}"
EndProject
Project("{FAE04EC0-301F-11D3-BF4B-00C04F79EFBC}") = "FreemiumUtilities.TracksEraser", "FreemiumUtilities.TracksEraser\FreemiumUtilities.TracksEraser.csproj", "{021ADA2C-1283-449B-BAF1-7D2864E4EF7C}"
EndProject
Project("{FAE04EC0-301F-11D3-BF4B-00C04F79EFBC}") = "1ClickMessageSender", "1ClickMessageSender\1ClickMessageSender.csproj", "{0E5F0D45-A3AE-4732-AB75-93DE36A9C4C7}"
EndProject
Project("{FAE04EC0-301F-11D3-BF4B-00C04F79EFBC}") = "Knots.CleanUp.DiskCleaner", "Knots\Clean Up And Manage\Disk Cleaner\Knots.CleanUp.DiskCleaner.csproj", "{C0E8BAA1-FD36-493A-AB3B-6C4C42A2E066}"
EndProject
Project("{FAE04EC0-301F-11D3-BF4B-00C04F79EFBC}") = "Knots.CleanUp.DiskAnalysis", "Knots\Clean Up And Manage\Disk Analysis\Knots.CleanUp.DiskAnalysis.csproj", "{5B121977-C8A1-4ED2-AE74-87A33945ED6D}"
EndProject
Project("{FAE04EC0-301F-11D3-BF4B-00C04F79EFBC}") = "Knots.Security.TracksEraser", "Knots\Security And Privacy\TracksEraser\Knots.Security.TracksEraser.csproj", "{F17BE6EB-8179-4E10-853A-BFD78608E57F}"
EndProject
Project("{FAE04EC0-301F-11D3-BF4B-00C04F79EFBC}") = "Knots.SystemInformation", "Knots\System Information\Knots.SystemInformation.csproj", "{D21BFE21-20EB-48B8-BA66-9B7F639DFF95}"
EndProject
Project("{FAE04EC0-301F-11D3-BF4B-00C04F79EFBC}") = "Knots.Performance.WindowsStandardTools", "Knots\Improve Performance\Windows Standard Tools\Knots.Performance.WindowsStandardTools.csproj", "{DD71F98A-B510-4A5E-A77A-377CB0DE840F}"
EndProject
Project("{FAE04EC0-301F-11D3-BF4B-00C04F79EFBC}") = "Knots.Security.BrowserAssistant", "Knots\Security And Privacy\BrowserAssistant\Knots.Security.BrowserAssistant.csproj", "{946408FB-7747-4485-935E-41F193994532}"
EndProject
Project("{FAE04EC0-301F-11D3-BF4B-00C04F79EFBC}") = "Knots.Performance.ProcessManager", "Knots\Improve Performance\Process Manager\Knots.Performance.ProcessManager.csproj", "{8C4BCD19-B00A-4C79-84F5-E474E7204FB7}"
EndProject
Project("{FAE04EC0-301F-11D3-BF4B-00C04F79EFBC}") = "Knots.Performance.StartupManager", "Knots\Improve Performance\Startup Manager\Knots.Performance.StartupManager.csproj", "{D70269D0-DC20-43D5-86D1-A87894523337}"
EndProject
Project("{FAE04EC0-301F-11D3-BF4B-00C04F79EFBC}") = "Knots.CleanUp.ContextMenuManager", "Knots\Clean Up And Manage\Context Menu Manager\Knots.CleanUp.ContextMenuManager.csproj", "{55E788E9-EA8A-4491-8D2A-D0888A0F77D1}"
EndProject
Project("{FAE04EC0-301F-11D3-BF4B-00C04F79EFBC}") = "Knots.CleanUp.EmptyFolderFinder", "Knots\Clean Up And Manage\Empty Folder Finder\Knots.CleanUp.EmptyFolderFinder.csproj", "{1C87765E-1E49-4AA8-9DE4-56B7A8663438}"
EndProject
Project("{FAE04EC0-301F-11D3-BF4B-00C04F79EFBC}") = "Knots.Security.FileSplitterAndJoiner", "Knots\Security And Privacy\File Splitter and Joiner\Knots.Security.FileSplitterAndJoiner.csproj", "{E5DA9556-C783-45A2-A4E9-3C1A7628AF90}"
EndProject
Project("{FAE04EC0-301F-11D3-BF4B-00C04F79EFBC}") = "Knots.Performance.MemoryOptimizer", "Knots\Improve Performance\Memory Optimizer\Knots.Performance.MemoryOptimizer.csproj", "{DCCEEBA8-B0DE-4401-A8EC-54178C505B68}"
EndProject
Project("{FAE04EC0-301F-11D3-BF4B-00C04F79EFBC}") = "Knots.Performance.RegistryCleaner", "Knots\Improve Performance\Registry Cleaner\Knots.Performance.RegistryCleaner.csproj", "{E9C048F5-8E21-4721-9B55-E6FF332B6C51}"
EndProject
Project("{FAE04EC0-301F-11D3-BF4B-00C04F79EFBC}") = "Knots.CleanUp.ShortcutsFixer", "Knots\Clean Up And Manage\Shortcuts Fixer\Knots.CleanUp.ShortcutsFixer.csproj", "{EA1A64F1-E9AE-4FDC-8F26-E588CFF7F98D}"
EndProject
Project("{FAE04EC0-301F-11D3-BF4B-00C04F79EFBC}") = "Knots.CleanUp.UninstallManager", "Knots\Clean Up And Manage\Uninstall Manager\Knots.CleanUp.UninstallManager.csproj", "{DD49C6EC-005A-4C9E-85C5-E747269133B3}"
EndProject
Project("{FAE04EC0-301F-11D3-BF4B-00C04F79EFBC}") = "Knots.Security.FileEraser", "Knots\Security And Privacy\File Eraser\Knots.Security.FileEraser.csproj", "{4FA434E7-951E-4948-8FE5-22D186E4B3EE}"
EndProject
Project("{FAE04EC0-301F-11D3-BF4B-00C04F79EFBC}") = "Knots.Security.FileUndelete", "Knots\Security And Privacy\File Undelete\Knots.Security.FileUndelete.csproj", "{169C8887-958B-4F05-A916-ABBBF543687C}"
EndProject
Project("{FAE04EC0-301F-11D3-BF4B-00C04F79EFBC}") = "Knots.Security.EncryptDecrypt", "Knots\Security And Privacy\EncryptDecrypt\Knots.Security.EncryptDecrypt.csproj", "{8F4BAA01-D250-409E-9B11-8828972167D8}"
EndProject
Project("{FAE04EC0-301F-11D3-BF4B-00C04F79EFBC}") = "FreemiumUtil", "FreemiumUtil\FreemiumUtil.csproj", "{BAE70997-B37E-4FC6-A605-17967A89B7F9}"
EndProject
Project("{FAE04EC0-301F-11D3-BF4B-00C04F79EFBC}") = "Knots.Security.Decrypter", "Knots\Security And Privacy\File Decrypter\Knots.Security.Decrypter.csproj", "{C7CEB59F-B041-40E3-B169-35A2EAAB40E6}"
EndProject
Project("{FAE04EC0-301F-11D3-BF4B-00C04F79EFBC}") = "Knots.Security.Joiner", "Knots\Security And Privacy\File Joiner\Knots.Security.Joiner.csproj", "{69DB3B13-AD84-47DE-9FE8-500C1E1934E9}"
EndProject
Project("{FAE04EC0-301F-11D3-BF4B-00C04F79EFBC}") = "Knots.Performance.RegistryCompactor", "Knots\Improve Performance\Registry Compactor\Knots.Performance.RegistryCompactor.csproj", "{3292A9F4-72EE-4BA9-B1B5-81F5928EE327}"
EndProject
Project("{FAE04EC0-301F-11D3-BF4B-00C04F79EFBC}") = "Knots.Performance.RegistryCleanerCore", "Knots\Improve Performance\Registry Cleaner Core\Knots.Performance.RegistryCleanerCore.csproj", "{FF431EF5-47E4-43A2-B7A9-FF0939C688E5}"
EndProject
Project("{FAE04EC0-301F-11D3-BF4B-00C04F79EFBC}") = "FreemiumUtilities.Context", "FreemiumUtilities.Context\FreemiumUtilities.Context.csproj", "{2AF3F14E-A183-44D4-A994-C8795A33E874}"
EndProject
Project("{FAE04EC0-301F-11D3-BF4B-00C04F79EFBC}") = "Knots.Security.TracksEraserCore", "Knots\Security And Privacy\Tracks Eraser Core\Knots.Security.TracksEraserCore.csproj", "{374F6345-4849-4379-B200-B97051E6E5D1}"
EndProject
Global
	GlobalSection(SolutionConfigurationPlatforms) = preSolution
		Debug|Any CPU = Debug|Any CPU
		Debug|Mixed Platforms = Debug|Mixed Platforms
		Debug|x64 = Debug|x64
		Debug|x86 = Debug|x86
		Release|Any CPU = Release|Any CPU
		Release|Mixed Platforms = Release|Mixed Platforms
		Release|x64 = Release|x64
		Release|x86 = Release|x86
	EndGlobalSection
	GlobalSection(ProjectConfigurationPlatforms) = postSolution
		{4C08966C-3E47-478A-8DCA-231910305743}.Debug|Any CPU.ActiveCfg = Release|x86
		{4C08966C-3E47-478A-8DCA-231910305743}.Debug|Any CPU.Build.0 = Release|x86
		{4C08966C-3E47-478A-8DCA-231910305743}.Debug|Mixed Platforms.ActiveCfg = Debug|x86
		{4C08966C-3E47-478A-8DCA-231910305743}.Debug|Mixed Platforms.Build.0 = Debug|x86
		{4C08966C-3E47-478A-8DCA-231910305743}.Debug|x64.ActiveCfg = Debug|x86
		{4C08966C-3E47-478A-8DCA-231910305743}.Debug|x86.ActiveCfg = Debug|x86
		{4C08966C-3E47-478A-8DCA-231910305743}.Release|Any CPU.ActiveCfg = Release|x86
		{4C08966C-3E47-478A-8DCA-231910305743}.Release|Any CPU.Build.0 = Release|x86
		{4C08966C-3E47-478A-8DCA-231910305743}.Release|Mixed Platforms.ActiveCfg = Release|x86
		{4C08966C-3E47-478A-8DCA-231910305743}.Release|Mixed Platforms.Build.0 = Release|x86
		{4C08966C-3E47-478A-8DCA-231910305743}.Release|x64.ActiveCfg = Release|x86
		{4C08966C-3E47-478A-8DCA-231910305743}.Release|x86.ActiveCfg = Release|x86
		{4C08966C-3E47-478A-8DCA-231910305743}.Release|x86.Build.0 = Release|x86
		{DFFF70FD-037A-49A2-911D-CF0226D27921}.Debug|Any CPU.ActiveCfg = Release|Any CPU
		{DFFF70FD-037A-49A2-911D-CF0226D27921}.Debug|Any CPU.Build.0 = Release|Any CPU
		{DFFF70FD-037A-49A2-911D-CF0226D27921}.Debug|Mixed Platforms.ActiveCfg = Debug|Any CPU
		{DFFF70FD-037A-49A2-911D-CF0226D27921}.Debug|Mixed Platforms.Build.0 = Debug|Any CPU
		{DFFF70FD-037A-49A2-911D-CF0226D27921}.Debug|x64.ActiveCfg = Debug|Any CPU
		{DFFF70FD-037A-49A2-911D-CF0226D27921}.Debug|x86.ActiveCfg = Debug|Any CPU
		{DFFF70FD-037A-49A2-911D-CF0226D27921}.Release|Any CPU.ActiveCfg = Release|Any CPU
		{DFFF70FD-037A-49A2-911D-CF0226D27921}.Release|Any CPU.Build.0 = Release|Any CPU
		{DFFF70FD-037A-49A2-911D-CF0226D27921}.Release|Mixed Platforms.ActiveCfg = Release|Any CPU
		{DFFF70FD-037A-49A2-911D-CF0226D27921}.Release|Mixed Platforms.Build.0 = Release|Any CPU
		{DFFF70FD-037A-49A2-911D-CF0226D27921}.Release|x64.ActiveCfg = Release|Any CPU
		{DFFF70FD-037A-49A2-911D-CF0226D27921}.Release|x86.ActiveCfg = Release|Any CPU
		{A98D8752-DCD1-4EDF-B0B5-3E90351050AF}.Debug|Any CPU.ActiveCfg = Release|Any CPU
		{A98D8752-DCD1-4EDF-B0B5-3E90351050AF}.Debug|Any CPU.Build.0 = Release|Any CPU
		{A98D8752-DCD1-4EDF-B0B5-3E90351050AF}.Debug|Mixed Platforms.ActiveCfg = Debug|Any CPU
		{A98D8752-DCD1-4EDF-B0B5-3E90351050AF}.Debug|Mixed Platforms.Build.0 = Debug|Any CPU
		{A98D8752-DCD1-4EDF-B0B5-3E90351050AF}.Debug|x64.ActiveCfg = Debug|Any CPU
		{A98D8752-DCD1-4EDF-B0B5-3E90351050AF}.Debug|x86.ActiveCfg = Debug|Any CPU
		{A98D8752-DCD1-4EDF-B0B5-3E90351050AF}.Release|Any CPU.ActiveCfg = Release|Any CPU
		{A98D8752-DCD1-4EDF-B0B5-3E90351050AF}.Release|Any CPU.Build.0 = Release|Any CPU
		{A98D8752-DCD1-4EDF-B0B5-3E90351050AF}.Release|Mixed Platforms.ActiveCfg = Release|Any CPU
		{A98D8752-DCD1-4EDF-B0B5-3E90351050AF}.Release|Mixed Platforms.Build.0 = Release|Any CPU
		{A98D8752-DCD1-4EDF-B0B5-3E90351050AF}.Release|x64.ActiveCfg = Release|Any CPU
		{A98D8752-DCD1-4EDF-B0B5-3E90351050AF}.Release|x86.ActiveCfg = Release|Any CPU
		{0F910AD6-D904-454C-AF1D-441723CA3F6C}.Debug|Any CPU.ActiveCfg = Release|Any CPU
		{0F910AD6-D904-454C-AF1D-441723CA3F6C}.Debug|Any CPU.Build.0 = Release|Any CPU
		{0F910AD6-D904-454C-AF1D-441723CA3F6C}.Debug|Mixed Platforms.ActiveCfg = Debug|Any CPU
		{0F910AD6-D904-454C-AF1D-441723CA3F6C}.Debug|Mixed Platforms.Build.0 = Debug|Any CPU
		{0F910AD6-D904-454C-AF1D-441723CA3F6C}.Debug|x64.ActiveCfg = Debug|Any CPU
		{0F910AD6-D904-454C-AF1D-441723CA3F6C}.Debug|x86.ActiveCfg = Debug|Any CPU
		{0F910AD6-D904-454C-AF1D-441723CA3F6C}.Release|Any CPU.ActiveCfg = Release|Any CPU
		{0F910AD6-D904-454C-AF1D-441723CA3F6C}.Release|Any CPU.Build.0 = Release|Any CPU
		{0F910AD6-D904-454C-AF1D-441723CA3F6C}.Release|Mixed Platforms.ActiveCfg = Release|Any CPU
		{0F910AD6-D904-454C-AF1D-441723CA3F6C}.Release|Mixed Platforms.Build.0 = Release|Any CPU
		{0F910AD6-D904-454C-AF1D-441723CA3F6C}.Release|x64.ActiveCfg = Release|Any CPU
		{0F910AD6-D904-454C-AF1D-441723CA3F6C}.Release|x86.ActiveCfg = Release|Any CPU
		{375A58EF-E2A8-41A1-94DD-4FE644219FD1}.Debug|Any CPU.ActiveCfg = Release|Any CPU
		{375A58EF-E2A8-41A1-94DD-4FE644219FD1}.Debug|Any CPU.Build.0 = Release|Any CPU
		{375A58EF-E2A8-41A1-94DD-4FE644219FD1}.Debug|Mixed Platforms.ActiveCfg = Debug|Any CPU
		{375A58EF-E2A8-41A1-94DD-4FE644219FD1}.Debug|Mixed Platforms.Build.0 = Debug|Any CPU
		{375A58EF-E2A8-41A1-94DD-4FE644219FD1}.Debug|x64.ActiveCfg = Debug|Any CPU
		{375A58EF-E2A8-41A1-94DD-4FE644219FD1}.Debug|x86.ActiveCfg = Debug|Any CPU
		{375A58EF-E2A8-41A1-94DD-4FE644219FD1}.Release|Any CPU.ActiveCfg = Release|Any CPU
		{375A58EF-E2A8-41A1-94DD-4FE644219FD1}.Release|Any CPU.Build.0 = Release|Any CPU
		{375A58EF-E2A8-41A1-94DD-4FE644219FD1}.Release|Mixed Platforms.ActiveCfg = Release|Any CPU
		{375A58EF-E2A8-41A1-94DD-4FE644219FD1}.Release|Mixed Platforms.Build.0 = Release|Any CPU
		{375A58EF-E2A8-41A1-94DD-4FE644219FD1}.Release|x64.ActiveCfg = Release|Any CPU
		{375A58EF-E2A8-41A1-94DD-4FE644219FD1}.Release|x86.ActiveCfg = Release|Any CPU
		{E4885A39-64CE-4952-AFD5-0C72240AB27C}.Debug|Any CPU.ActiveCfg = Release|Any CPU
		{E4885A39-64CE-4952-AFD5-0C72240AB27C}.Debug|Any CPU.Build.0 = Release|Any CPU
		{E4885A39-64CE-4952-AFD5-0C72240AB27C}.Debug|Mixed Platforms.ActiveCfg = Debug|Any CPU
		{E4885A39-64CE-4952-AFD5-0C72240AB27C}.Debug|Mixed Platforms.Build.0 = Debug|Any CPU
		{E4885A39-64CE-4952-AFD5-0C72240AB27C}.Debug|x64.ActiveCfg = Debug|Any CPU
		{E4885A39-64CE-4952-AFD5-0C72240AB27C}.Debug|x86.ActiveCfg = Debug|Any CPU
		{E4885A39-64CE-4952-AFD5-0C72240AB27C}.Release|Any CPU.ActiveCfg = Release|Any CPU
		{E4885A39-64CE-4952-AFD5-0C72240AB27C}.Release|Any CPU.Build.0 = Release|Any CPU
		{E4885A39-64CE-4952-AFD5-0C72240AB27C}.Release|Mixed Platforms.ActiveCfg = Release|Any CPU
		{E4885A39-64CE-4952-AFD5-0C72240AB27C}.Release|Mixed Platforms.Build.0 = Release|Any CPU
		{E4885A39-64CE-4952-AFD5-0C72240AB27C}.Release|x64.ActiveCfg = Release|Any CPU
		{E4885A39-64CE-4952-AFD5-0C72240AB27C}.Release|x86.ActiveCfg = Release|Any CPU
		{5CAA16A7-B9D5-41D1-AD1F-4DA4704176A2}.Debug|Any CPU.ActiveCfg = Release|Any CPU
		{5CAA16A7-B9D5-41D1-AD1F-4DA4704176A2}.Debug|Any CPU.Build.0 = Release|Any CPU
		{5CAA16A7-B9D5-41D1-AD1F-4DA4704176A2}.Debug|Mixed Platforms.ActiveCfg = Debug|Any CPU
		{5CAA16A7-B9D5-41D1-AD1F-4DA4704176A2}.Debug|Mixed Platforms.Build.0 = Debug|Any CPU
		{5CAA16A7-B9D5-41D1-AD1F-4DA4704176A2}.Debug|x64.ActiveCfg = Debug|Any CPU
		{5CAA16A7-B9D5-41D1-AD1F-4DA4704176A2}.Debug|x86.ActiveCfg = Debug|Any CPU
		{5CAA16A7-B9D5-41D1-AD1F-4DA4704176A2}.Release|Any CPU.ActiveCfg = Release|Any CPU
		{5CAA16A7-B9D5-41D1-AD1F-4DA4704176A2}.Release|Any CPU.Build.0 = Release|Any CPU
		{5CAA16A7-B9D5-41D1-AD1F-4DA4704176A2}.Release|Mixed Platforms.ActiveCfg = Release|Any CPU
		{5CAA16A7-B9D5-41D1-AD1F-4DA4704176A2}.Release|Mixed Platforms.Build.0 = Release|Any CPU
		{5CAA16A7-B9D5-41D1-AD1F-4DA4704176A2}.Release|x64.ActiveCfg = Release|Any CPU
		{5CAA16A7-B9D5-41D1-AD1F-4DA4704176A2}.Release|x86.ActiveCfg = Release|Any CPU
		{021ADA2C-1283-449B-BAF1-7D2864E4EF7C}.Debug|Any CPU.ActiveCfg = Release|x86
		{021ADA2C-1283-449B-BAF1-7D2864E4EF7C}.Debug|Any CPU.Build.0 = Release|x86
		{021ADA2C-1283-449B-BAF1-7D2864E4EF7C}.Debug|Mixed Platforms.ActiveCfg = Debug|x86
		{021ADA2C-1283-449B-BAF1-7D2864E4EF7C}.Debug|Mixed Platforms.Build.0 = Debug|x86
		{021ADA2C-1283-449B-BAF1-7D2864E4EF7C}.Debug|x64.ActiveCfg = Debug|x64
		{021ADA2C-1283-449B-BAF1-7D2864E4EF7C}.Debug|x86.ActiveCfg = Debug|x86
		{021ADA2C-1283-449B-BAF1-7D2864E4EF7C}.Release|Any CPU.ActiveCfg = Release|x86
		{021ADA2C-1283-449B-BAF1-7D2864E4EF7C}.Release|Any CPU.Build.0 = Release|x86
		{021ADA2C-1283-449B-BAF1-7D2864E4EF7C}.Release|Mixed Platforms.ActiveCfg = Release|x86
		{021ADA2C-1283-449B-BAF1-7D2864E4EF7C}.Release|Mixed Platforms.Build.0 = Release|x86
		{021ADA2C-1283-449B-BAF1-7D2864E4EF7C}.Release|x64.ActiveCfg = Release|x64
		{021ADA2C-1283-449B-BAF1-7D2864E4EF7C}.Release|x64.Build.0 = Release|x64
		{021ADA2C-1283-449B-BAF1-7D2864E4EF7C}.Release|x86.ActiveCfg = Release|x86
		{021ADA2C-1283-449B-BAF1-7D2864E4EF7C}.Release|x86.Build.0 = Release|x86
		{0E5F0D45-A3AE-4732-AB75-93DE36A9C4C7}.Debug|Any CPU.ActiveCfg = Release|Any CPU
		{0E5F0D45-A3AE-4732-AB75-93DE36A9C4C7}.Debug|Any CPU.Build.0 = Release|Any CPU
		{0E5F0D45-A3AE-4732-AB75-93DE36A9C4C7}.Debug|Mixed Platforms.ActiveCfg = Debug|Any CPU
		{0E5F0D45-A3AE-4732-AB75-93DE36A9C4C7}.Debug|Mixed Platforms.Build.0 = Debug|Any CPU
		{0E5F0D45-A3AE-4732-AB75-93DE36A9C4C7}.Debug|x64.ActiveCfg = Debug|Any CPU
		{0E5F0D45-A3AE-4732-AB75-93DE36A9C4C7}.Debug|x86.ActiveCfg = Debug|Any CPU
		{0E5F0D45-A3AE-4732-AB75-93DE36A9C4C7}.Release|Any CPU.ActiveCfg = Release|Any CPU
		{0E5F0D45-A3AE-4732-AB75-93DE36A9C4C7}.Release|Any CPU.Build.0 = Release|Any CPU
		{0E5F0D45-A3AE-4732-AB75-93DE36A9C4C7}.Release|Mixed Platforms.ActiveCfg = Release|Any CPU
		{0E5F0D45-A3AE-4732-AB75-93DE36A9C4C7}.Release|Mixed Platforms.Build.0 = Release|Any CPU
		{0E5F0D45-A3AE-4732-AB75-93DE36A9C4C7}.Release|x64.ActiveCfg = Release|Any CPU
		{0E5F0D45-A3AE-4732-AB75-93DE36A9C4C7}.Release|x86.ActiveCfg = Release|Any CPU
		{C0E8BAA1-FD36-493A-AB3B-6C4C42A2E066}.Debug|Any CPU.ActiveCfg = Release|Any CPU
		{C0E8BAA1-FD36-493A-AB3B-6C4C42A2E066}.Debug|Any CPU.Build.0 = Release|Any CPU
		{C0E8BAA1-FD36-493A-AB3B-6C4C42A2E066}.Debug|Mixed Platforms.ActiveCfg = Debug|Any CPU
		{C0E8BAA1-FD36-493A-AB3B-6C4C42A2E066}.Debug|Mixed Platforms.Build.0 = Debug|Any CPU
		{C0E8BAA1-FD36-493A-AB3B-6C4C42A2E066}.Debug|x64.ActiveCfg = Debug|x86
		{C0E8BAA1-FD36-493A-AB3B-6C4C42A2E066}.Debug|x86.ActiveCfg = Debug|x86
		{C0E8BAA1-FD36-493A-AB3B-6C4C42A2E066}.Release|Any CPU.ActiveCfg = Release|Any CPU
		{C0E8BAA1-FD36-493A-AB3B-6C4C42A2E066}.Release|Any CPU.Build.0 = Release|Any CPU
		{C0E8BAA1-FD36-493A-AB3B-6C4C42A2E066}.Release|Mixed Platforms.ActiveCfg = Release|Any CPU
		{C0E8BAA1-FD36-493A-AB3B-6C4C42A2E066}.Release|Mixed Platforms.Build.0 = Release|Any CPU
		{C0E8BAA1-FD36-493A-AB3B-6C4C42A2E066}.Release|x64.ActiveCfg = Release|x86
		{C0E8BAA1-FD36-493A-AB3B-6C4C42A2E066}.Release|x86.ActiveCfg = Release|x86
		{C0E8BAA1-FD36-493A-AB3B-6C4C42A2E066}.Release|x86.Build.0 = Release|x86
		{5B121977-C8A1-4ED2-AE74-87A33945ED6D}.Debug|Any CPU.ActiveCfg = Release|Any CPU
		{5B121977-C8A1-4ED2-AE74-87A33945ED6D}.Debug|Any CPU.Build.0 = Release|Any CPU
		{5B121977-C8A1-4ED2-AE74-87A33945ED6D}.Debug|Mixed Platforms.ActiveCfg = Debug|Any CPU
		{5B121977-C8A1-4ED2-AE74-87A33945ED6D}.Debug|Mixed Platforms.Build.0 = Debug|Any CPU
		{5B121977-C8A1-4ED2-AE74-87A33945ED6D}.Debug|x64.ActiveCfg = Debug|x86
		{5B121977-C8A1-4ED2-AE74-87A33945ED6D}.Debug|x64.Build.0 = Debug|x86
		{5B121977-C8A1-4ED2-AE74-87A33945ED6D}.Debug|x86.ActiveCfg = Debug|x86
		{5B121977-C8A1-4ED2-AE74-87A33945ED6D}.Release|Any CPU.ActiveCfg = Release|Any CPU
		{5B121977-C8A1-4ED2-AE74-87A33945ED6D}.Release|Any CPU.Build.0 = Release|Any CPU
		{5B121977-C8A1-4ED2-AE74-87A33945ED6D}.Release|Mixed Platforms.ActiveCfg = Release|Any CPU
		{5B121977-C8A1-4ED2-AE74-87A33945ED6D}.Release|Mixed Platforms.Build.0 = Release|Any CPU
		{5B121977-C8A1-4ED2-AE74-87A33945ED6D}.Release|x64.ActiveCfg = Release|x86
		{5B121977-C8A1-4ED2-AE74-87A33945ED6D}.Release|x86.ActiveCfg = Release|x86
		{5B121977-C8A1-4ED2-AE74-87A33945ED6D}.Release|x86.Build.0 = Release|x86
		{F17BE6EB-8179-4E10-853A-BFD78608E57F}.Debug|Any CPU.ActiveCfg = Release|x86
		{F17BE6EB-8179-4E10-853A-BFD78608E57F}.Debug|Any CPU.Build.0 = Release|x86
		{F17BE6EB-8179-4E10-853A-BFD78608E57F}.Debug|Mixed Platforms.ActiveCfg = Debug|x86
		{F17BE6EB-8179-4E10-853A-BFD78608E57F}.Debug|Mixed Platforms.Build.0 = Debug|x86
		{F17BE6EB-8179-4E10-853A-BFD78608E57F}.Debug|x64.ActiveCfg = Debug|x64
		{F17BE6EB-8179-4E10-853A-BFD78608E57F}.Debug|x64.Build.0 = Debug|x64
		{F17BE6EB-8179-4E10-853A-BFD78608E57F}.Debug|x86.ActiveCfg = Debug|x86
		{F17BE6EB-8179-4E10-853A-BFD78608E57F}.Release|Any CPU.ActiveCfg = Release|x86
		{F17BE6EB-8179-4E10-853A-BFD78608E57F}.Release|Any CPU.Build.0 = Release|x86
		{F17BE6EB-8179-4E10-853A-BFD78608E57F}.Release|Mixed Platforms.ActiveCfg = Release|x86
		{F17BE6EB-8179-4E10-853A-BFD78608E57F}.Release|Mixed Platforms.Build.0 = Release|x86
		{F17BE6EB-8179-4E10-853A-BFD78608E57F}.Release|x64.ActiveCfg = Release|x64
		{F17BE6EB-8179-4E10-853A-BFD78608E57F}.Release|x64.Build.0 = Release|x64
		{F17BE6EB-8179-4E10-853A-BFD78608E57F}.Release|x86.ActiveCfg = Release|x86
		{F17BE6EB-8179-4E10-853A-BFD78608E57F}.Release|x86.Build.0 = Release|x86
		{D21BFE21-20EB-48B8-BA66-9B7F639DFF95}.Debug|Any CPU.ActiveCfg = Release|Any CPU
		{D21BFE21-20EB-48B8-BA66-9B7F639DFF95}.Debug|Any CPU.Build.0 = Release|Any CPU
		{D21BFE21-20EB-48B8-BA66-9B7F639DFF95}.Debug|Mixed Platforms.ActiveCfg = Debug|x86
		{D21BFE21-20EB-48B8-BA66-9B7F639DFF95}.Debug|Mixed Platforms.Build.0 = Debug|x86
		{D21BFE21-20EB-48B8-BA66-9B7F639DFF95}.Debug|x64.ActiveCfg = Debug|x86
		{D21BFE21-20EB-48B8-BA66-9B7F639DFF95}.Debug|x86.ActiveCfg = Debug|x86
		{D21BFE21-20EB-48B8-BA66-9B7F639DFF95}.Release|Any CPU.ActiveCfg = Release|Any CPU
		{D21BFE21-20EB-48B8-BA66-9B7F639DFF95}.Release|Any CPU.Build.0 = Release|Any CPU
		{D21BFE21-20EB-48B8-BA66-9B7F639DFF95}.Release|Mixed Platforms.ActiveCfg = Release|x86
		{D21BFE21-20EB-48B8-BA66-9B7F639DFF95}.Release|Mixed Platforms.Build.0 = Release|x86
		{D21BFE21-20EB-48B8-BA66-9B7F639DFF95}.Release|x64.ActiveCfg = Release|x86
		{D21BFE21-20EB-48B8-BA66-9B7F639DFF95}.Release|x86.ActiveCfg = Release|x86
		{D21BFE21-20EB-48B8-BA66-9B7F639DFF95}.Release|x86.Build.0 = Release|x86
		{DD71F98A-B510-4A5E-A77A-377CB0DE840F}.Debug|Any CPU.ActiveCfg = Release|x86
		{DD71F98A-B510-4A5E-A77A-377CB0DE840F}.Debug|Any CPU.Build.0 = Release|x86
		{DD71F98A-B510-4A5E-A77A-377CB0DE840F}.Debug|Mixed Platforms.ActiveCfg = Debug|Any CPU
		{DD71F98A-B510-4A5E-A77A-377CB0DE840F}.Debug|Mixed Platforms.Build.0 = Debug|Any CPU
		{DD71F98A-B510-4A5E-A77A-377CB0DE840F}.Debug|x64.ActiveCfg = Debug|x86
		{DD71F98A-B510-4A5E-A77A-377CB0DE840F}.Debug|x86.ActiveCfg = Debug|x86
		{DD71F98A-B510-4A5E-A77A-377CB0DE840F}.Release|Any CPU.ActiveCfg = Release|x86
		{DD71F98A-B510-4A5E-A77A-377CB0DE840F}.Release|Any CPU.Build.0 = Release|x86
		{DD71F98A-B510-4A5E-A77A-377CB0DE840F}.Release|Mixed Platforms.ActiveCfg = Release|x86
		{DD71F98A-B510-4A5E-A77A-377CB0DE840F}.Release|Mixed Platforms.Build.0 = Release|x86
		{DD71F98A-B510-4A5E-A77A-377CB0DE840F}.Release|x64.ActiveCfg = Release|x86
		{DD71F98A-B510-4A5E-A77A-377CB0DE840F}.Release|x86.ActiveCfg = Release|x86
		{DD71F98A-B510-4A5E-A77A-377CB0DE840F}.Release|x86.Build.0 = Release|x86
		{946408FB-7747-4485-935E-41F193994532}.Debug|Any CPU.ActiveCfg = Release|x86
		{946408FB-7747-4485-935E-41F193994532}.Debug|Any CPU.Build.0 = Release|x86
		{946408FB-7747-4485-935E-41F193994532}.Debug|Mixed Platforms.ActiveCfg = Debug|x86
		{946408FB-7747-4485-935E-41F193994532}.Debug|Mixed Platforms.Build.0 = Debug|x86
		{946408FB-7747-4485-935E-41F193994532}.Debug|x64.ActiveCfg = Debug|x64
		{946408FB-7747-4485-935E-41F193994532}.Debug|x64.Build.0 = Debug|x64
		{946408FB-7747-4485-935E-41F193994532}.Debug|x86.ActiveCfg = Debug|x86
		{946408FB-7747-4485-935E-41F193994532}.Release|Any CPU.ActiveCfg = Release|x86
		{946408FB-7747-4485-935E-41F193994532}.Release|Any CPU.Build.0 = Release|x86
		{946408FB-7747-4485-935E-41F193994532}.Release|Mixed Platforms.ActiveCfg = Release|x86
		{946408FB-7747-4485-935E-41F193994532}.Release|Mixed Platforms.Build.0 = Release|x86
		{946408FB-7747-4485-935E-41F193994532}.Release|x64.ActiveCfg = Release|x64
		{946408FB-7747-4485-935E-41F193994532}.Release|x64.Build.0 = Release|x64
		{946408FB-7747-4485-935E-41F193994532}.Release|x86.ActiveCfg = Release|x86
		{946408FB-7747-4485-935E-41F193994532}.Release|x86.Build.0 = Release|x86
		{8C4BCD19-B00A-4C79-84F5-E474E7204FB7}.Debug|Any CPU.ActiveCfg = Release|x86
		{8C4BCD19-B00A-4C79-84F5-E474E7204FB7}.Debug|Any CPU.Build.0 = Release|x86
		{8C4BCD19-B00A-4C79-84F5-E474E7204FB7}.Debug|Mixed Platforms.ActiveCfg = Debug|x86
		{8C4BCD19-B00A-4C79-84F5-E474E7204FB7}.Debug|Mixed Platforms.Build.0 = Debug|x86
		{8C4BCD19-B00A-4C79-84F5-E474E7204FB7}.Debug|x64.ActiveCfg = Debug|x64
		{8C4BCD19-B00A-4C79-84F5-E474E7204FB7}.Debug|x64.Build.0 = Debug|x64
		{8C4BCD19-B00A-4C79-84F5-E474E7204FB7}.Debug|x86.ActiveCfg = Debug|x86
		{8C4BCD19-B00A-4C79-84F5-E474E7204FB7}.Release|Any CPU.ActiveCfg = Release|x86
		{8C4BCD19-B00A-4C79-84F5-E474E7204FB7}.Release|Any CPU.Build.0 = Release|x86
		{8C4BCD19-B00A-4C79-84F5-E474E7204FB7}.Release|Mixed Platforms.ActiveCfg = Release|x86
		{8C4BCD19-B00A-4C79-84F5-E474E7204FB7}.Release|Mixed Platforms.Build.0 = Release|x86
		{8C4BCD19-B00A-4C79-84F5-E474E7204FB7}.Release|x64.ActiveCfg = Release|x64
		{8C4BCD19-B00A-4C79-84F5-E474E7204FB7}.Release|x64.Build.0 = Release|x64
		{8C4BCD19-B00A-4C79-84F5-E474E7204FB7}.Release|x86.ActiveCfg = Release|x86
		{8C4BCD19-B00A-4C79-84F5-E474E7204FB7}.Release|x86.Build.0 = Release|x86
		{D70269D0-DC20-43D5-86D1-A87894523337}.Debug|Any CPU.ActiveCfg = Release|Any CPU
		{D70269D0-DC20-43D5-86D1-A87894523337}.Debug|Any CPU.Build.0 = Release|Any CPU
		{D70269D0-DC20-43D5-86D1-A87894523337}.Debug|Mixed Platforms.ActiveCfg = Debug|Any CPU
		{D70269D0-DC20-43D5-86D1-A87894523337}.Debug|Mixed Platforms.Build.0 = Debug|Any CPU
		{D70269D0-DC20-43D5-86D1-A87894523337}.Debug|x64.ActiveCfg = Debug|Any CPU
		{D70269D0-DC20-43D5-86D1-A87894523337}.Debug|x86.ActiveCfg = Debug|Any CPU
		{D70269D0-DC20-43D5-86D1-A87894523337}.Release|Any CPU.ActiveCfg = Release|Any CPU
		{D70269D0-DC20-43D5-86D1-A87894523337}.Release|Any CPU.Build.0 = Release|Any CPU
		{D70269D0-DC20-43D5-86D1-A87894523337}.Release|Mixed Platforms.ActiveCfg = Release|Any CPU
		{D70269D0-DC20-43D5-86D1-A87894523337}.Release|Mixed Platforms.Build.0 = Release|Any CPU
		{D70269D0-DC20-43D5-86D1-A87894523337}.Release|x64.ActiveCfg = Release|Any CPU
		{D70269D0-DC20-43D5-86D1-A87894523337}.Release|x86.ActiveCfg = Release|Any CPU
		{55E788E9-EA8A-4491-8D2A-D0888A0F77D1}.Debug|Any CPU.ActiveCfg = Release|x86
		{55E788E9-EA8A-4491-8D2A-D0888A0F77D1}.Debug|Any CPU.Build.0 = Release|x86
		{55E788E9-EA8A-4491-8D2A-D0888A0F77D1}.Debug|Mixed Platforms.ActiveCfg = Debug|Any CPU
		{55E788E9-EA8A-4491-8D2A-D0888A0F77D1}.Debug|Mixed Platforms.Build.0 = Debug|Any CPU
		{55E788E9-EA8A-4491-8D2A-D0888A0F77D1}.Debug|x64.ActiveCfg = Debug|x86
		{55E788E9-EA8A-4491-8D2A-D0888A0F77D1}.Debug|x86.ActiveCfg = Debug|x86
		{55E788E9-EA8A-4491-8D2A-D0888A0F77D1}.Release|Any CPU.ActiveCfg = Release|x86
		{55E788E9-EA8A-4491-8D2A-D0888A0F77D1}.Release|Any CPU.Build.0 = Release|x86
		{55E788E9-EA8A-4491-8D2A-D0888A0F77D1}.Release|Mixed Platforms.ActiveCfg = Release|Any CPU
		{55E788E9-EA8A-4491-8D2A-D0888A0F77D1}.Release|Mixed Platforms.Build.0 = Release|Any CPU
		{55E788E9-EA8A-4491-8D2A-D0888A0F77D1}.Release|x64.ActiveCfg = Release|x86
		{55E788E9-EA8A-4491-8D2A-D0888A0F77D1}.Release|x86.ActiveCfg = Release|x86
		{55E788E9-EA8A-4491-8D2A-D0888A0F77D1}.Release|x86.Build.0 = Release|x86
		{1C87765E-1E49-4AA8-9DE4-56B7A8663438}.Debug|Any CPU.ActiveCfg = Release|x86
		{1C87765E-1E49-4AA8-9DE4-56B7A8663438}.Debug|Any CPU.Build.0 = Release|x86
		{1C87765E-1E49-4AA8-9DE4-56B7A8663438}.Debug|Mixed Platforms.ActiveCfg = Debug|Any CPU
		{1C87765E-1E49-4AA8-9DE4-56B7A8663438}.Debug|Mixed Platforms.Build.0 = Debug|Any CPU
		{1C87765E-1E49-4AA8-9DE4-56B7A8663438}.Debug|x64.ActiveCfg = Debug|x86
		{1C87765E-1E49-4AA8-9DE4-56B7A8663438}.Debug|x86.ActiveCfg = Debug|x86
		{1C87765E-1E49-4AA8-9DE4-56B7A8663438}.Release|Any CPU.ActiveCfg = Release|x86
		{1C87765E-1E49-4AA8-9DE4-56B7A8663438}.Release|Any CPU.Build.0 = Release|x86
		{1C87765E-1E49-4AA8-9DE4-56B7A8663438}.Release|Mixed Platforms.ActiveCfg = Release|Any CPU
		{1C87765E-1E49-4AA8-9DE4-56B7A8663438}.Release|Mixed Platforms.Build.0 = Release|Any CPU
		{1C87765E-1E49-4AA8-9DE4-56B7A8663438}.Release|x64.ActiveCfg = Release|x86
		{1C87765E-1E49-4AA8-9DE4-56B7A8663438}.Release|x86.ActiveCfg = Release|x86
		{1C87765E-1E49-4AA8-9DE4-56B7A8663438}.Release|x86.Build.0 = Release|x86
		{E5DA9556-C783-45A2-A4E9-3C1A7628AF90}.Debug|Any CPU.ActiveCfg = Release|Any CPU
		{E5DA9556-C783-45A2-A4E9-3C1A7628AF90}.Debug|Any CPU.Build.0 = Release|Any CPU
		{E5DA9556-C783-45A2-A4E9-3C1A7628AF90}.Debug|Mixed Platforms.ActiveCfg = Debug|Any CPU
		{E5DA9556-C783-45A2-A4E9-3C1A7628AF90}.Debug|Mixed Platforms.Build.0 = Debug|Any CPU
		{E5DA9556-C783-45A2-A4E9-3C1A7628AF90}.Debug|x64.ActiveCfg = Debug|Any CPU
		{E5DA9556-C783-45A2-A4E9-3C1A7628AF90}.Debug|x86.ActiveCfg = Debug|Any CPU
		{E5DA9556-C783-45A2-A4E9-3C1A7628AF90}.Release|Any CPU.ActiveCfg = Release|Any CPU
		{E5DA9556-C783-45A2-A4E9-3C1A7628AF90}.Release|Any CPU.Build.0 = Release|Any CPU
		{E5DA9556-C783-45A2-A4E9-3C1A7628AF90}.Release|Mixed Platforms.ActiveCfg = Release|Any CPU
		{E5DA9556-C783-45A2-A4E9-3C1A7628AF90}.Release|Mixed Platforms.Build.0 = Release|Any CPU
		{E5DA9556-C783-45A2-A4E9-3C1A7628AF90}.Release|x64.ActiveCfg = Release|Any CPU
		{E5DA9556-C783-45A2-A4E9-3C1A7628AF90}.Release|x86.ActiveCfg = Release|Any CPU
		{DCCEEBA8-B0DE-4401-A8EC-54178C505B68}.Debug|Any CPU.ActiveCfg = Release|Any CPU
		{DCCEEBA8-B0DE-4401-A8EC-54178C505B68}.Debug|Any CPU.Build.0 = Release|Any CPU
		{DCCEEBA8-B0DE-4401-A8EC-54178C505B68}.Debug|Mixed Platforms.ActiveCfg = Debug|Any CPU
		{DCCEEBA8-B0DE-4401-A8EC-54178C505B68}.Debug|Mixed Platforms.Build.0 = Debug|Any CPU
		{DCCEEBA8-B0DE-4401-A8EC-54178C505B68}.Debug|x64.ActiveCfg = Debug|Any CPU
		{DCCEEBA8-B0DE-4401-A8EC-54178C505B68}.Debug|x86.ActiveCfg = Debug|Any CPU
		{DCCEEBA8-B0DE-4401-A8EC-54178C505B68}.Release|Any CPU.ActiveCfg = Release|Any CPU
		{DCCEEBA8-B0DE-4401-A8EC-54178C505B68}.Release|Any CPU.Build.0 = Release|Any CPU
		{DCCEEBA8-B0DE-4401-A8EC-54178C505B68}.Release|Mixed Platforms.ActiveCfg = Release|Any CPU
		{DCCEEBA8-B0DE-4401-A8EC-54178C505B68}.Release|Mixed Platforms.Build.0 = Release|Any CPU
		{DCCEEBA8-B0DE-4401-A8EC-54178C505B68}.Release|x64.ActiveCfg = Release|Any CPU
		{DCCEEBA8-B0DE-4401-A8EC-54178C505B68}.Release|x86.ActiveCfg = Release|Any CPU
		{E9C048F5-8E21-4721-9B55-E6FF332B6C51}.Debug|Any CPU.ActiveCfg = Debug|x86
		{E9C048F5-8E21-4721-9B55-E6FF332B6C51}.Debug|Any CPU.Build.0 = Debug|x86
		{E9C048F5-8E21-4721-9B55-E6FF332B6C51}.Debug|Mixed Platforms.ActiveCfg = Debug|x86
		{E9C048F5-8E21-4721-9B55-E6FF332B6C51}.Debug|Mixed Platforms.Build.0 = Debug|x86
		{E9C048F5-8E21-4721-9B55-E6FF332B6C51}.Debug|x64.ActiveCfg = Debug|x86
		{E9C048F5-8E21-4721-9B55-E6FF332B6C51}.Debug|x86.ActiveCfg = Debug|x86
		{E9C048F5-8E21-4721-9B55-E6FF332B6C51}.Release|Any CPU.ActiveCfg = Release|x86
		{E9C048F5-8E21-4721-9B55-E6FF332B6C51}.Release|Any CPU.Build.0 = Release|x86
		{E9C048F5-8E21-4721-9B55-E6FF332B6C51}.Release|Mixed Platforms.ActiveCfg = Release|x86
		{E9C048F5-8E21-4721-9B55-E6FF332B6C51}.Release|Mixed Platforms.Build.0 = Release|x86
		{E9C048F5-8E21-4721-9B55-E6FF332B6C51}.Release|x64.ActiveCfg = Release|x86
		{E9C048F5-8E21-4721-9B55-E6FF332B6C51}.Release|x86.ActiveCfg = Release|x86
		{E9C048F5-8E21-4721-9B55-E6FF332B6C51}.Release|x86.Build.0 = Release|x86
		{EA1A64F1-E9AE-4FDC-8F26-E588CFF7F98D}.Debug|Any CPU.ActiveCfg = Release|Any CPU
		{EA1A64F1-E9AE-4FDC-8F26-E588CFF7F98D}.Debug|Any CPU.Build.0 = Release|Any CPU
		{EA1A64F1-E9AE-4FDC-8F26-E588CFF7F98D}.Debug|Mixed Platforms.ActiveCfg = Debug|x86
		{EA1A64F1-E9AE-4FDC-8F26-E588CFF7F98D}.Debug|Mixed Platforms.Build.0 = Debug|x86
		{EA1A64F1-E9AE-4FDC-8F26-E588CFF7F98D}.Debug|x64.ActiveCfg = Debug|x86
		{EA1A64F1-E9AE-4FDC-8F26-E588CFF7F98D}.Debug|x86.ActiveCfg = Debug|x86
		{EA1A64F1-E9AE-4FDC-8F26-E588CFF7F98D}.Release|Any CPU.ActiveCfg = Release|Any CPU
		{EA1A64F1-E9AE-4FDC-8F26-E588CFF7F98D}.Release|Any CPU.Build.0 = Release|Any CPU
		{EA1A64F1-E9AE-4FDC-8F26-E588CFF7F98D}.Release|Mixed Platforms.ActiveCfg = Release|x86
		{EA1A64F1-E9AE-4FDC-8F26-E588CFF7F98D}.Release|Mixed Platforms.Build.0 = Release|x86
		{EA1A64F1-E9AE-4FDC-8F26-E588CFF7F98D}.Release|x64.ActiveCfg = Release|x86
		{EA1A64F1-E9AE-4FDC-8F26-E588CFF7F98D}.Release|x86.ActiveCfg = Release|x86
		{EA1A64F1-E9AE-4FDC-8F26-E588CFF7F98D}.Release|x86.Build.0 = Release|x86
		{DD49C6EC-005A-4C9E-85C5-E747269133B3}.Debug|Any CPU.ActiveCfg = Release|Any CPU
		{DD49C6EC-005A-4C9E-85C5-E747269133B3}.Debug|Any CPU.Build.0 = Release|Any CPU
		{DD49C6EC-005A-4C9E-85C5-E747269133B3}.Debug|Mixed Platforms.ActiveCfg = Debug|Any CPU
		{DD49C6EC-005A-4C9E-85C5-E747269133B3}.Debug|Mixed Platforms.Build.0 = Debug|Any CPU
		{DD49C6EC-005A-4C9E-85C5-E747269133B3}.Debug|x64.ActiveCfg = Debug|x86
		{DD49C6EC-005A-4C9E-85C5-E747269133B3}.Debug|x86.ActiveCfg = Debug|x86
		{DD49C6EC-005A-4C9E-85C5-E747269133B3}.Release|Any CPU.ActiveCfg = Release|Any CPU
		{DD49C6EC-005A-4C9E-85C5-E747269133B3}.Release|Any CPU.Build.0 = Release|Any CPU
		{DD49C6EC-005A-4C9E-85C5-E747269133B3}.Release|Mixed Platforms.ActiveCfg = Release|Any CPU
		{DD49C6EC-005A-4C9E-85C5-E747269133B3}.Release|Mixed Platforms.Build.0 = Release|Any CPU
		{DD49C6EC-005A-4C9E-85C5-E747269133B3}.Release|x64.ActiveCfg = Release|x86
		{DD49C6EC-005A-4C9E-85C5-E747269133B3}.Release|x86.ActiveCfg = Release|x86
		{DD49C6EC-005A-4C9E-85C5-E747269133B3}.Release|x86.Build.0 = Release|x86
		{4FA434E7-951E-4948-8FE5-22D186E4B3EE}.Debug|Any CPU.ActiveCfg = Release|Any CPU
		{4FA434E7-951E-4948-8FE5-22D186E4B3EE}.Debug|Any CPU.Build.0 = Release|Any CPU
		{4FA434E7-951E-4948-8FE5-22D186E4B3EE}.Debug|Mixed Platforms.ActiveCfg = Debug|Any CPU
		{4FA434E7-951E-4948-8FE5-22D186E4B3EE}.Debug|Mixed Platforms.Build.0 = Debug|Any CPU
		{4FA434E7-951E-4948-8FE5-22D186E4B3EE}.Debug|x64.ActiveCfg = Debug|Any CPU
		{4FA434E7-951E-4948-8FE5-22D186E4B3EE}.Debug|x86.ActiveCfg = Debug|Any CPU
		{4FA434E7-951E-4948-8FE5-22D186E4B3EE}.Release|Any CPU.ActiveCfg = Release|Any CPU
		{4FA434E7-951E-4948-8FE5-22D186E4B3EE}.Release|Any CPU.Build.0 = Release|Any CPU
		{4FA434E7-951E-4948-8FE5-22D186E4B3EE}.Release|Mixed Platforms.ActiveCfg = Release|Any CPU
		{4FA434E7-951E-4948-8FE5-22D186E4B3EE}.Release|Mixed Platforms.Build.0 = Release|Any CPU
		{4FA434E7-951E-4948-8FE5-22D186E4B3EE}.Release|x64.ActiveCfg = Release|Any CPU
		{4FA434E7-951E-4948-8FE5-22D186E4B3EE}.Release|x86.ActiveCfg = Release|Any CPU
		{169C8887-958B-4F05-A916-ABBBF543687C}.Debug|Any CPU.ActiveCfg = Release|Any CPU
		{169C8887-958B-4F05-A916-ABBBF543687C}.Debug|Any CPU.Build.0 = Release|Any CPU
		{169C8887-958B-4F05-A916-ABBBF543687C}.Debug|Mixed Platforms.ActiveCfg = Debug|Any CPU
		{169C8887-958B-4F05-A916-ABBBF543687C}.Debug|Mixed Platforms.Build.0 = Debug|Any CPU
		{169C8887-958B-4F05-A916-ABBBF543687C}.Debug|x64.ActiveCfg = Debug|Any CPU
		{169C8887-958B-4F05-A916-ABBBF543687C}.Debug|x86.ActiveCfg = Debug|Any CPU
		{169C8887-958B-4F05-A916-ABBBF543687C}.Release|Any CPU.ActiveCfg = Release|Any CPU
		{169C8887-958B-4F05-A916-ABBBF543687C}.Release|Any CPU.Build.0 = Release|Any CPU
		{169C8887-958B-4F05-A916-ABBBF543687C}.Release|Mixed Platforms.ActiveCfg = Release|Any CPU
		{169C8887-958B-4F05-A916-ABBBF543687C}.Release|Mixed Platforms.Build.0 = Release|Any CPU
		{169C8887-958B-4F05-A916-ABBBF543687C}.Release|x64.ActiveCfg = Release|Any CPU
		{169C8887-958B-4F05-A916-ABBBF543687C}.Release|x86.ActiveCfg = Release|Any CPU
		{8F4BAA01-D250-409E-9B11-8828972167D8}.Debug|Any CPU.ActiveCfg = Release|Any CPU
		{8F4BAA01-D250-409E-9B11-8828972167D8}.Debug|Any CPU.Build.0 = Release|Any CPU
		{8F4BAA01-D250-409E-9B11-8828972167D8}.Debug|Mixed Platforms.ActiveCfg = Debug|x86
		{8F4BAA01-D250-409E-9B11-8828972167D8}.Debug|Mixed Platforms.Build.0 = Debug|x86
		{8F4BAA01-D250-409E-9B11-8828972167D8}.Debug|x64.ActiveCfg = Debug|x86
		{8F4BAA01-D250-409E-9B11-8828972167D8}.Debug|x86.ActiveCfg = Debug|x86
		{8F4BAA01-D250-409E-9B11-8828972167D8}.Release|Any CPU.ActiveCfg = Release|Any CPU
		{8F4BAA01-D250-409E-9B11-8828972167D8}.Release|Any CPU.Build.0 = Release|Any CPU
		{8F4BAA01-D250-409E-9B11-8828972167D8}.Release|Mixed Platforms.ActiveCfg = Release|x86
		{8F4BAA01-D250-409E-9B11-8828972167D8}.Release|Mixed Platforms.Build.0 = Release|x86
		{8F4BAA01-D250-409E-9B11-8828972167D8}.Release|x64.ActiveCfg = Release|x86
		{8F4BAA01-D250-409E-9B11-8828972167D8}.Release|x86.ActiveCfg = Release|x86
		{8F4BAA01-D250-409E-9B11-8828972167D8}.Release|x86.Build.0 = Release|x86
		{BAE70997-B37E-4FC6-A605-17967A89B7F9}.Debug|Any CPU.ActiveCfg = Release|x86
		{BAE70997-B37E-4FC6-A605-17967A89B7F9}.Debug|Any CPU.Build.0 = Release|x86
		{BAE70997-B37E-4FC6-A605-17967A89B7F9}.Debug|Mixed Platforms.ActiveCfg = Debug|Any CPU
		{BAE70997-B37E-4FC6-A605-17967A89B7F9}.Debug|Mixed Platforms.Build.0 = Debug|Any CPU
		{BAE70997-B37E-4FC6-A605-17967A89B7F9}.Debug|x64.ActiveCfg = Debug|x64
		{BAE70997-B37E-4FC6-A605-17967A89B7F9}.Debug|x64.Build.0 = Debug|x64
		{BAE70997-B37E-4FC6-A605-17967A89B7F9}.Debug|x86.ActiveCfg = Debug|x86
		{BAE70997-B37E-4FC6-A605-17967A89B7F9}.Release|Any CPU.ActiveCfg = Release|Any CPU
		{BAE70997-B37E-4FC6-A605-17967A89B7F9}.Release|Any CPU.Build.0 = Release|Any CPU
		{BAE70997-B37E-4FC6-A605-17967A89B7F9}.Release|Mixed Platforms.ActiveCfg = Release|Any CPU
		{BAE70997-B37E-4FC6-A605-17967A89B7F9}.Release|Mixed Platforms.Build.0 = Release|Any CPU
		{BAE70997-B37E-4FC6-A605-17967A89B7F9}.Release|x64.ActiveCfg = Release|x64
		{BAE70997-B37E-4FC6-A605-17967A89B7F9}.Release|x64.Build.0 = Release|x64
		{BAE70997-B37E-4FC6-A605-17967A89B7F9}.Release|x86.ActiveCfg = Release|x86
		{BAE70997-B37E-4FC6-A605-17967A89B7F9}.Release|x86.Build.0 = Release|x86
		{C7CEB59F-B041-40E3-B169-35A2EAAB40E6}.Debug|Any CPU.ActiveCfg = Debug|x86
		{C7CEB59F-B041-40E3-B169-35A2EAAB40E6}.Debug|Any CPU.Build.0 = Debug|x86
		{C7CEB59F-B041-40E3-B169-35A2EAAB40E6}.Debug|Mixed Platforms.ActiveCfg = Debug|x86
		{C7CEB59F-B041-40E3-B169-35A2EAAB40E6}.Debug|Mixed Platforms.Build.0 = Debug|x86
		{C7CEB59F-B041-40E3-B169-35A2EAAB40E6}.Debug|x64.ActiveCfg = Debug|x86
		{C7CEB59F-B041-40E3-B169-35A2EAAB40E6}.Debug|x86.ActiveCfg = Debug|x86
		{C7CEB59F-B041-40E3-B169-35A2EAAB40E6}.Release|Any CPU.ActiveCfg = Release|x86
		{C7CEB59F-B041-40E3-B169-35A2EAAB40E6}.Release|Any CPU.Build.0 = Release|x86
		{C7CEB59F-B041-40E3-B169-35A2EAAB40E6}.Release|Mixed Platforms.ActiveCfg = Release|x86
		{C7CEB59F-B041-40E3-B169-35A2EAAB40E6}.Release|Mixed Platforms.Build.0 = Release|x86
		{C7CEB59F-B041-40E3-B169-35A2EAAB40E6}.Release|x64.ActiveCfg = Release|x86
		{C7CEB59F-B041-40E3-B169-35A2EAAB40E6}.Release|x86.ActiveCfg = Release|x86
		{C7CEB59F-B041-40E3-B169-35A2EAAB40E6}.Release|x86.Build.0 = Release|x86
		{69DB3B13-AD84-47DE-9FE8-500C1E1934E9}.Debug|Any CPU.ActiveCfg = Debug|x86
		{69DB3B13-AD84-47DE-9FE8-500C1E1934E9}.Debug|Any CPU.Build.0 = Debug|x86
		{69DB3B13-AD84-47DE-9FE8-500C1E1934E9}.Debug|Mixed Platforms.ActiveCfg = Debug|x86
		{69DB3B13-AD84-47DE-9FE8-500C1E1934E9}.Debug|Mixed Platforms.Build.0 = Debug|x86
		{69DB3B13-AD84-47DE-9FE8-500C1E1934E9}.Debug|x64.ActiveCfg = Debug|x86
		{69DB3B13-AD84-47DE-9FE8-500C1E1934E9}.Debug|x86.ActiveCfg = Debug|x86
		{69DB3B13-AD84-47DE-9FE8-500C1E1934E9}.Debug|x86.Build.0 = Debug|x86
		{69DB3B13-AD84-47DE-9FE8-500C1E1934E9}.Release|Any CPU.ActiveCfg = Release|x86
		{69DB3B13-AD84-47DE-9FE8-500C1E1934E9}.Release|Any CPU.Build.0 = Release|x86
		{69DB3B13-AD84-47DE-9FE8-500C1E1934E9}.Release|Mixed Platforms.ActiveCfg = Release|x86
		{69DB3B13-AD84-47DE-9FE8-500C1E1934E9}.Release|Mixed Platforms.Build.0 = Release|x86
		{69DB3B13-AD84-47DE-9FE8-500C1E1934E9}.Release|x64.ActiveCfg = Release|x86
		{69DB3B13-AD84-47DE-9FE8-500C1E1934E9}.Release|x86.ActiveCfg = Release|x86
		{69DB3B13-AD84-47DE-9FE8-500C1E1934E9}.Release|x86.Build.0 = Release|x86
		{3292A9F4-72EE-4BA9-B1B5-81F5928EE327}.Debug|Any CPU.ActiveCfg = Debug|x86
		{3292A9F4-72EE-4BA9-B1B5-81F5928EE327}.Debug|Any CPU.Build.0 = Debug|x86
		{3292A9F4-72EE-4BA9-B1B5-81F5928EE327}.Debug|Mixed Platforms.ActiveCfg = Debug|Any CPU
		{3292A9F4-72EE-4BA9-B1B5-81F5928EE327}.Debug|Mixed Platforms.Build.0 = Debug|Any CPU
		{3292A9F4-72EE-4BA9-B1B5-81F5928EE327}.Debug|x64.ActiveCfg = Debug|x86
		{3292A9F4-72EE-4BA9-B1B5-81F5928EE327}.Debug|x86.ActiveCfg = Debug|x86
		{3292A9F4-72EE-4BA9-B1B5-81F5928EE327}.Release|Any CPU.ActiveCfg = Release|x86
		{3292A9F4-72EE-4BA9-B1B5-81F5928EE327}.Release|Any CPU.Build.0 = Release|x86
		{3292A9F4-72EE-4BA9-B1B5-81F5928EE327}.Release|Mixed Platforms.ActiveCfg = Release|Any CPU
		{3292A9F4-72EE-4BA9-B1B5-81F5928EE327}.Release|Mixed Platforms.Build.0 = Release|Any CPU
		{3292A9F4-72EE-4BA9-B1B5-81F5928EE327}.Release|x64.ActiveCfg = Release|x86
		{3292A9F4-72EE-4BA9-B1B5-81F5928EE327}.Release|x86.ActiveCfg = Release|x86
		{3292A9F4-72EE-4BA9-B1B5-81F5928EE327}.Release|x86.Build.0 = Release|x86
		{FF431EF5-47E4-43A2-B7A9-FF0939C688E5}.Debug|Any CPU.ActiveCfg = Debug|Any CPU
		{FF431EF5-47E4-43A2-B7A9-FF0939C688E5}.Debug|Any CPU.Build.0 = Debug|Any CPU
		{FF431EF5-47E4-43A2-B7A9-FF0939C688E5}.Debug|Mixed Platforms.ActiveCfg = Debug|Any CPU
		{FF431EF5-47E4-43A2-B7A9-FF0939C688E5}.Debug|Mixed Platforms.Build.0 = Debug|Any CPU
		{FF431EF5-47E4-43A2-B7A9-FF0939C688E5}.Debug|x64.ActiveCfg = Debug|Any CPU
		{FF431EF5-47E4-43A2-B7A9-FF0939C688E5}.Debug|x86.ActiveCfg = Debug|Any CPU
		{FF431EF5-47E4-43A2-B7A9-FF0939C688E5}.Release|Any CPU.ActiveCfg = Release|Any CPU
		{FF431EF5-47E4-43A2-B7A9-FF0939C688E5}.Release|Any CPU.Build.0 = Release|Any CPU
		{FF431EF5-47E4-43A2-B7A9-FF0939C688E5}.Release|Mixed Platforms.ActiveCfg = Release|Any CPU
		{FF431EF5-47E4-43A2-B7A9-FF0939C688E5}.Release|Mixed Platforms.Build.0 = Release|Any CPU
		{FF431EF5-47E4-43A2-B7A9-FF0939C688E5}.Release|x64.ActiveCfg = Release|Any CPU
		{FF431EF5-47E4-43A2-B7A9-FF0939C688E5}.Release|x86.ActiveCfg = Release|Any CPU
		{2AF3F14E-A183-44D4-A994-C8795A33E874}.Debug|Any CPU.ActiveCfg = Debug|x86
		{2AF3F14E-A183-44D4-A994-C8795A33E874}.Debug|Any CPU.Build.0 = Debug|x86
		{2AF3F14E-A183-44D4-A994-C8795A33E874}.Debug|Mixed Platforms.ActiveCfg = Debug|x86
		{2AF3F14E-A183-44D4-A994-C8795A33E874}.Debug|Mixed Platforms.Build.0 = Debug|x86
		{2AF3F14E-A183-44D4-A994-C8795A33E874}.Debug|x64.ActiveCfg = Debug|x86
		{2AF3F14E-A183-44D4-A994-C8795A33E874}.Debug|x86.ActiveCfg = Debug|x86
		{2AF3F14E-A183-44D4-A994-C8795A33E874}.Release|Any CPU.ActiveCfg = Release|x86
		{2AF3F14E-A183-44D4-A994-C8795A33E874}.Release|Any CPU.Build.0 = Release|x86
		{2AF3F14E-A183-44D4-A994-C8795A33E874}.Release|Mixed Platforms.ActiveCfg = Release|x86
		{2AF3F14E-A183-44D4-A994-C8795A33E874}.Release|Mixed Platforms.Build.0 = Release|x86
		{2AF3F14E-A183-44D4-A994-C8795A33E874}.Release|x64.ActiveCfg = Release|x86
		{2AF3F14E-A183-44D4-A994-C8795A33E874}.Release|x86.ActiveCfg = Release|x86
		{2AF3F14E-A183-44D4-A994-C8795A33E874}.Release|x86.Build.0 = Release|x86
		{374F6345-4849-4379-B200-B97051E6E5D1}.Debug|Any CPU.ActiveCfg = Debug|x86
		{374F6345-4849-4379-B200-B97051E6E5D1}.Debug|Any CPU.Build.0 = Debug|x86
		{374F6345-4849-4379-B200-B97051E6E5D1}.Debug|Mixed Platforms.ActiveCfg = Debug|x86
		{374F6345-4849-4379-B200-B97051E6E5D1}.Debug|Mixed Platforms.Build.0 = Debug|x86
		{374F6345-4849-4379-B200-B97051E6E5D1}.Debug|x64.ActiveCfg = Debug|x86
		{374F6345-4849-4379-B200-B97051E6E5D1}.Debug|x86.ActiveCfg = Debug|x86
		{374F6345-4849-4379-B200-B97051E6E5D1}.Debug|x86.Build.0 = Debug|x86
		{374F6345-4849-4379-B200-B97051E6E5D1}.Release|Any CPU.ActiveCfg = Release|x86
		{374F6345-4849-4379-B200-B97051E6E5D1}.Release|Any CPU.Build.0 = Release|x86
		{374F6345-4849-4379-B200-B97051E6E5D1}.Release|Mixed Platforms.ActiveCfg = Release|x86
		{374F6345-4849-4379-B200-B97051E6E5D1}.Release|Mixed Platforms.Build.0 = Release|x86
		{374F6345-4849-4379-B200-B97051E6E5D1}.Release|x64.ActiveCfg = Release|x86
		{374F6345-4849-4379-B200-B97051E6E5D1}.Release|x86.ActiveCfg = Release|x86
		{374F6345-4849-4379-B200-B97051E6E5D1}.Release|x86.Build.0 = Release|x86
	EndGlobalSection
	GlobalSection(SolutionProperties) = preSolution
		HideSolutionNode = FALSE
	EndGlobalSection
	GlobalSection(SubversionScc) = preSolution
		Svn-Managed = True
		Manager = AnkhSVN - Subversion Support for Visual Studio
	EndGlobalSection
EndGlobal
