
Microsoft Visual Studio Solution File, Format Version 11.00
# Visual Studio 2010
Project("{FAE04EC0-301F-11D3-BF4B-00C04F79EFBC}") = "FreemiumUtilites", "FreemiumUtilites.csproj", "{4C08966C-3E47-478A-8DCA-231910305743}"
EndProject
Project("{FAE04EC0-301F-11D3-BF4B-00C04F79EFBC}") = "FreemiumUtilites.Spyware", "..\FreemiumUtilites.Spyware\FreemiumUtilites.Spyware.csproj", "{DFFF70FD-037A-49A2-911D-CF0226D27921}"
EndProject
Global
	GlobalSection(SolutionConfigurationPlatforms) = preSolution
		Debug|Any CPU = Debug|Any CPU
		Debug|Mixed Platforms = Debug|Mixed Platforms
		Debug|x86 = Debug|x86
		Release|Any CPU = Release|Any CPU
		Release|Mixed Platforms = Release|Mixed Platforms
		Release|x86 = Release|x86
	EndGlobalSection
	GlobalSection(ProjectConfigurationPlatforms) = postSolution
		{4C08966C-3E47-478A-8DCA-231910305743}.Debug|Any CPU.ActiveCfg = Debug|x86
		{4C08966C-3E47-478A-8DCA-231910305743}.Debug|Mixed Platforms.ActiveCfg = Debug|x86
		{4C08966C-3E47-478A-8DCA-231910305743}.Debug|Mixed Platforms.Build.0 = Debug|x86
		{4C08966C-3E47-478A-8DCA-231910305743}.Debug|x86.ActiveCfg = Debug|x86
		{4C08966C-3E47-478A-8DCA-231910305743}.Debug|x86.Build.0 = Debug|x86
		{4C08966C-3E47-478A-8DCA-231910305743}.Release|Any CPU.ActiveCfg = Release|x86
		{4C08966C-3E47-478A-8DCA-231910305743}.Release|Mixed Platforms.ActiveCfg = Release|x86
		{4C08966C-3E47-478A-8DCA-231910305743}.Release|Mixed Platforms.Build.0 = Release|x86
		{4C08966C-3E47-478A-8DCA-231910305743}.Release|x86.ActiveCfg = Release|x86
		{4C08966C-3E47-478A-8DCA-231910305743}.Release|x86.Build.0 = Release|x86
		{DFFF70FD-037A-49A2-911D-CF0226D27921}.Debug|Any CPU.ActiveCfg = Debug|Any CPU
		{DFFF70FD-037A-49A2-911D-CF0226D27921}.Debug|Any CPU.Build.0 = Debug|Any CPU
		{DFFF70FD-037A-49A2-911D-CF0226D27921}.Debug|Mixed Platforms.ActiveCfg = Debug|Any CPU
		{DFFF70FD-037A-49A2-911D-CF0226D27921}.Debug|Mixed Platforms.Build.0 = Debug|Any CPU
		{DFFF70FD-037A-49A2-911D-CF0226D27921}.Debug|x86.ActiveCfg = Debug|Any CPU
		{DFFF70FD-037A-49A2-911D-CF0226D27921}.Release|Any CPU.ActiveCfg = Release|Any CPU
		{DFFF70FD-037A-49A2-911D-CF0226D27921}.Release|Any CPU.Build.0 = Release|Any CPU
		{DFFF70FD-037A-49A2-911D-CF0226D27921}.Release|Mixed Platforms.ActiveCfg = Release|Any CPU
		{DFFF70FD-037A-49A2-911D-CF0226D27921}.Release|Mixed Platforms.Build.0 = Release|Any CPU
		{DFFF70FD-037A-49A2-911D-CF0226D27921}.Release|x86.ActiveCfg = Release|Any CPU
	EndGlobalSection
	GlobalSection(SolutionProperties) = preSolution
		HideSolutionNode = FALSE
	EndGlobalSection
EndGlobal
